// !$*UTF8*$!
{
	archiveVersion = 1;
	classes = {
	};
	objectVersion = 77;
	objects = {

/* Begin PBXBuildFile section */
		089C22BB4A3D9F9B62E7ADC7 /* MediaPlayer.framework in Frameworks */ = {isa = PBXBuildFile; fileRef = 80E5861D18CA56AA2AD9FC21 /* MediaPlayer.framework */; };
		0D0D08BDA2C5959024DEF090 /* CarPlay.framework in Frameworks */ = {isa = PBXBuildFile; fileRef = BDA53866164FE87F59B27A2D /* CarPlay.framework */; };
		10A6A4A2FD59778AC73503B0 /* RootView.swift in Sources */ = {isa = PBXBuildFile; fileRef = 54A19CE35BAFC21D027EED34 /* RootView.swift */; };
		122D306D12B4C977190D2C17 /* CarPlayActionDispatcher.swift in Sources */ = {isa = PBXBuildFile; fileRef = 989BB4966DCB31F74FB5E7B3 /* CarPlayActionDispatcher.swift */; };
		134B624097E3351CD2CBA06A /* SkipSymbol.swift in Sources */ = {isa = PBXBuildFile; fileRef = 93ECD54380A215C3A3831A60 /* SkipSymbol.swift */; };
		146A11873D483EDE4293F89F /* VoxglassApp.swift in Sources */ = {isa = PBXBuildFile; fileRef = A6AA015D08BC5D3D56CA570C /* VoxglassApp.swift */; };
		1B52422CCE8FEB8DD8971758 /* VoxglassCarPlaySmokeTests.swift in Sources */ = {isa = PBXBuildFile; fileRef = 06228DB87BFF9FF85FD09465 /* VoxglassCarPlaySmokeTests.swift */; };
		1BD9B7B8488C805FBD59A0B2 /* VoxglassCore in Frameworks */ = {isa = PBXBuildFile; productRef = 2CAA5CA27C7FB6ED43B55A2A /* VoxglassCore */; };
		293A63007EB15E38F0842E29 /* BookArtworkView.swift in Sources */ = {isa = PBXBuildFile; fileRef = CB2DBA8A509FFB154473301D /* BookArtworkView.swift */; };
		307531D63A9AD0EB05D94E43 /* PlaylistsView.swift in Sources */ = {isa = PBXBuildFile; fileRef = 78FC81862BCB58FA50870112 /* PlaylistsView.swift */; };
		3D1FDC4720D46F3585E91D38 /* Assets.xcassets in Resources */ = {isa = PBXBuildFile; fileRef = 1BBA5A2E92771EE1379D897D /* Assets.xcassets */; };
		40C82A08A418FC46B5922DD6 /* BookmarksView.swift in Sources */ = {isa = PBXBuildFile; fileRef = 28210879609150716CCE1C62 /* BookmarksView.swift */; };
		4E85D43B3AC0834F16B06791 /* ListeningStatsView.swift in Sources */ = {isa = PBXBuildFile; fileRef = 9C7281A4BB54139B5008C6D6 /* ListeningStatsView.swift */; };
		5133DE23448FC0452273DBB3 /* CarPlayInterfaceController.swift in Sources */ = {isa = PBXBuildFile; fileRef = CC17411DDC89002281222ACC /* CarPlayInterfaceController.swift */; };
		5E3A2634A58DF800FBC119D0 /* AVPlayerAudioEngine.swift in Sources */ = {isa = PBXBuildFile; fileRef = 407C1274451E832DF8086039 /* AVPlayerAudioEngine.swift */; };
		5F0DF26D3A418D5EA6C2BEB9 /* SearchView.swift in Sources */ = {isa = PBXBuildFile; fileRef = 4008972DE2117B1781A316A6 /* SearchView.swift */; };
		68712C04A349BE64077A817A /* MiniPlayerView.swift in Sources */ = {isa = PBXBuildFile; fileRef = 63E0138B81F7532946A478D9 /* MiniPlayerView.swift */; };
		6B402D9D8F9CCEE8C4E7B22F /* Pro.storekit in Resources */ = {isa = PBXBuildFile; fileRef = 9D332E6309846362FD6D4EDA /* Pro.storekit */; };
		6CDE07AD83D42675CA6333C4 /* EQView.swift in Sources */ = {isa = PBXBuildFile; fileRef = 40F8ACEE07BAD813F34C6DBE /* EQView.swift */; };
		6D1F2947C9F08205C5A4C991 /* ArtworkService.swift in Sources */ = {isa = PBXBuildFile; fileRef = 1F75882B51F22C8D3A3EEAAD /* ArtworkService.swift */; };
		713811C821F808FF77A38F59 /* VoxglassTheme.swift in Sources */ = {isa = PBXBuildFile; fileRef = E6263EDA39C0F570D2A4A685 /* VoxglassTheme.swift */; };
		754A7A41F77C785EFA367369 /* FolderWatchView.swift in Sources */ = {isa = PBXBuildFile; fileRef = 5FE9C1DD357179B18F33DD7C /* FolderWatchView.swift */; };
		79935A2261A23D4B387A6083 /* CarPlaySceneDelegate.swift in Sources */ = {isa = PBXBuildFile; fileRef = 336F165C2E66C5C32ABDD2CA /* CarPlaySceneDelegate.swift */; };
		7D9C2E22E6DF8072E4EA774F /* AdaptiveGlass.swift in Sources */ = {isa = PBXBuildFile; fileRef = F2C0CC7564136E84756F685C /* AdaptiveGlass.swift */; };
		7EDA8C0947120EFD4B3F116B /* TimeFormatting.swift in Sources */ = {isa = PBXBuildFile; fileRef = 1E8ACE29C6DA4A589D92AFF3 /* TimeFormatting.swift */; };
		8A1CD38DD828054566ABEF1C /* GlassDock.swift in Sources */ = {isa = PBXBuildFile; fileRef = 420E11400AB1535B94D3D0B5 /* GlassDock.swift */; };
		8C6B21C9D4DCE4D3AAFB642E /* AudioToolbox.framework in Frameworks */ = {isa = PBXBuildFile; fileRef = 49FA6D58EC651570824B18FE /* AudioToolbox.framework */; };
		917FC5B3C23CF26B23C9B79F /* CatalogDiscoveryView.swift in Sources */ = {isa = PBXBuildFile; fileRef = CE26F9079A1C12E2BAD8E865 /* CatalogDiscoveryView.swift */; };
		9A64C2D2E69FD9609615B505 /* VoxglassUITests.swift in Sources */ = {isa = PBXBuildFile; fileRef = CF19A4F59CA3110F4B87D5B4 /* VoxglassUITests.swift */; };
		A1A49A4770F9A81018DA901C /* ListenView.swift in Sources */ = {isa = PBXBuildFile; fileRef = 739CF70CFD45FD09DC69EB64 /* ListenView.swift */; };
		A2EA425AAC92703C91129FF2 /* SystemPlaybackBridge.swift in Sources */ = {isa = PBXBuildFile; fileRef = 347795F23ED3EA940FB4D8BE /* SystemPlaybackBridge.swift */; };
		A720762200E37ED3E6C1B405 /* SettingsView.swift in Sources */ = {isa = PBXBuildFile; fileRef = F701EDCDE2BB625656606A03 /* SettingsView.swift */; };
		A787A01E2BC926D7A17297CA /* UniformTypeIdentifiers.framework in Frameworks */ = {isa = PBXBuildFile; fileRef = 401A6A7A2EAF21C7B1B57B98 /* UniformTypeIdentifiers.framework */; };
		B5E791446899B8C99A4B3FF4 /* ProPaywallView.swift in Sources */ = {isa = PBXBuildFile; fileRef = 92F20DA9A56A7ADC31849724 /* ProPaywallView.swift */; };
		BB92423FB45EE5D963ED7BAA /* AVFoundation.framework in Frameworks */ = {isa = PBXBuildFile; fileRef = BF296A86B135507051DFBBD2 /* AVFoundation.framework */; };
		CA61D150C3E12F06FB56A257 /* OnboardingPreferencesView.swift in Sources */ = {isa = PBXBuildFile; fileRef = 06CDA895FD619425E8633059 /* OnboardingPreferencesView.swift */; };
		D0F69ED260C9A1B0D138789B /* NowPlayingView.swift in Sources */ = {isa = PBXBuildFile; fileRef = AD30019A34C9E1F714333796 /* NowPlayingView.swift */; };
		D1DB078A196600B28D4BD877 /* DiscoverView.swift in Sources */ = {isa = PBXBuildFile; fileRef = CEC318EB68E5165403477C6D /* DiscoverView.swift */; };
		D8702B14A8C9B66FDD4A525A /* BookRowView.swift in Sources */ = {isa = PBXBuildFile; fileRef = 46BECBB89F17D12CFB910BC9 /* BookRowView.swift */; };
		DF3D0923DF3DD5A7465F7EF8 /* SplashView.swift in Sources */ = {isa = PBXBuildFile; fileRef = 6FBAB9AA5DFEAD67485D8C81 /* SplashView.swift */; };
		DF6106903BF99273FF49A92B /* BookDetailView.swift in Sources */ = {isa = PBXBuildFile; fileRef = AC7FA06FAF043F5404168367 /* BookDetailView.swift */; };
		E9377FC490F1E5406F211C28 /* libsqlite3.tbd in Frameworks */ = {isa = PBXBuildFile; fileRef = 85B1181A1D8983DA914206C2 /* libsqlite3.tbd */; };
		EB56E7CCC961186FDBB57669 /* ScaledFontModifier.swift in Sources */ = {isa = PBXBuildFile; fileRef = 2C32F38CFF851AFE807E124B /* ScaledFontModifier.swift */; };
		EFF52894E7D8920360E5F5F9 /* VoxglassComponents.swift in Sources */ = {isa = PBXBuildFile; fileRef = 0D05CDEA73075148B3331D3D /* VoxglassComponents.swift */; };
		F14C7CF0EA99F6CF748CF52A /* CarPlayTemplateRenderer.swift in Sources */ = {isa = PBXBuildFile; fileRef = A9FF2C66B604A483005DF1CF /* CarPlayTemplateRenderer.swift */; };
		F4EB3C305249C34FE7D0EE3F /* LibraryView.swift in Sources */ = {isa = PBXBuildFile; fileRef = 841534B2BAC23D46DACCD5B1 /* LibraryView.swift */; };
		F58C6B635FE4217352ADCECA /* StoreKit.framework in Frameworks */ = {isa = PBXBuildFile; fileRef = D1F526973EBB17A744B728F6 /* StoreKit.framework */; };
		F6D05FC8D3665660DD1D83B2 /* AppServices.swift in Sources */ = {isa = PBXBuildFile; fileRef = DBF0BA6B47E170D692135105 /* AppServices.swift */; };
		FEF3BF29C0D7D988199CA1E8 /* CarPlayNowPlayingConfigurator.swift in Sources */ = {isa = PBXBuildFile; fileRef = F8133D9EE165903ECF80F723 /* CarPlayNowPlayingConfigurator.swift */; };
/* End PBXBuildFile section */

/* Begin PBXContainerItemProxy section */
		01B09C050391F366D5A68F49 /* PBXContainerItemProxy */ = {
			isa = PBXContainerItemProxy;
			containerPortal = 8A93FEDC260681E1ACBD4811 /* Project object */;
			proxyType = 1;
			remoteGlobalIDString = 66284DBA90AC39B124263951;
			remoteInfo = Voxglass;
		};
		5D44F3BB7C258632BECB468F /* PBXContainerItemProxy */ = {
			isa = PBXContainerItemProxy;
			containerPortal = 8A93FEDC260681E1ACBD4811 /* Project object */;
			proxyType = 1;
			remoteGlobalIDString = 66284DBA90AC39B124263951;
			remoteInfo = Voxglass;
		};
/* End PBXContainerItemProxy section */

/* Begin PBXFileReference section */
		06228DB87BFF9FF85FD09465 /* VoxglassCarPlaySmokeTests.swift */ = {isa = PBXFileReference; lastKnownFileType = sourcecode.swift; path = VoxglassCarPlaySmokeTests.swift; sourceTree = "<group>"; };
		06CDA895FD619425E8633059 /* OnboardingPreferencesView.swift */ = {isa = PBXFileReference; lastKnownFileType = sourcecode.swift; path = OnboardingPreferencesView.swift; sourceTree = "<group>"; };
		0D05CDEA73075148B3331D3D /* VoxglassComponents.swift */ = {isa = PBXFileReference; lastKnownFileType = sourcecode.swift; path = VoxglassComponents.swift; sourceTree = "<group>"; };
		1BBA5A2E92771EE1379D897D /* Assets.xcassets */ = {isa = PBXFileReference; lastKnownFileType = folder.assetcatalog; path = Assets.xcassets; sourceTree = "<group>"; };
		1E8ACE29C6DA4A589D92AFF3 /* TimeFormatting.swift */ = {isa = PBXFileReference; lastKnownFileType = sourcecode.swift; path = TimeFormatting.swift; sourceTree = "<group>"; };
		1F75882B51F22C8D3A3EEAAD /* ArtworkService.swift */ = {isa = PBXFileReference; lastKnownFileType = sourcecode.swift; path = ArtworkService.swift; sourceTree = "<group>"; };
		28210879609150716CCE1C62 /* BookmarksView.swift */ = {isa = PBXFileReference; lastKnownFileType = sourcecode.swift; path = BookmarksView.swift; sourceTree = "<group>"; };
		2C32F38CFF851AFE807E124B /* ScaledFontModifier.swift */ = {isa = PBXFileReference; lastKnownFileType = sourcecode.swift; path = ScaledFontModifier.swift; sourceTree = "<group>"; };
		336F165C2E66C5C32ABDD2CA /* CarPlaySceneDelegate.swift */ = {isa = PBXFileReference; lastKnownFileType = sourcecode.swift; path = CarPlaySceneDelegate.swift; sourceTree = "<group>"; };
		347795F23ED3EA940FB4D8BE /* SystemPlaybackBridge.swift */ = {isa = PBXFileReference; lastKnownFileType = sourcecode.swift; path = SystemPlaybackBridge.swift; sourceTree = "<group>"; };
		4008972DE2117B1781A316A6 /* SearchView.swift */ = {isa = PBXFileReference; lastKnownFileType = sourcecode.swift; path = SearchView.swift; sourceTree = "<group>"; };
		401A6A7A2EAF21C7B1B57B98 /* UniformTypeIdentifiers.framework */ = {isa = PBXFileReference; lastKnownFileType = wrapper.framework; name = UniformTypeIdentifiers.framework; path = System/Library/Frameworks/UniformTypeIdentifiers.framework; sourceTree = SDKROOT; };
		407C1274451E832DF8086039 /* AVPlayerAudioEngine.swift */ = {isa = PBXFileReference; lastKnownFileType = sourcecode.swift; path = AVPlayerAudioEngine.swift; sourceTree = "<group>"; };
		40F8ACEE07BAD813F34C6DBE /* EQView.swift */ = {isa = PBXFileReference; lastKnownFileType = sourcecode.swift; path = EQView.swift; sourceTree = "<group>"; };
		420E11400AB1535B94D3D0B5 /* GlassDock.swift */ = {isa = PBXFileReference; lastKnownFileType = sourcecode.swift; path = GlassDock.swift; sourceTree = "<group>"; };
		46BECBB89F17D12CFB910BC9 /* BookRowView.swift */ = {isa = PBXFileReference; lastKnownFileType = sourcecode.swift; path = BookRowView.swift; sourceTree = "<group>"; };
		49FA6D58EC651570824B18FE /* AudioToolbox.framework */ = {isa = PBXFileReference; lastKnownFileType = wrapper.framework; name = AudioToolbox.framework; path = System/Library/Frameworks/AudioToolbox.framework; sourceTree = SDKROOT; };
		502C6F0D6AB044871EE800C9 /* VoxglassUITests.xctest */ = {isa = PBXFileReference; includeInIndex = 0; lastKnownFileType = wrapper.cfbundle; path = VoxglassUITests.xctest; sourceTree = BUILT_PRODUCTS_DIR; };
		54A19CE35BAFC21D027EED34 /* RootView.swift */ = {isa = PBXFileReference; lastKnownFileType = sourcecode.swift; path = RootView.swift; sourceTree = "<group>"; };
		5FE9C1DD357179B18F33DD7C /* FolderWatchView.swift */ = {isa = PBXFileReference; lastKnownFileType = sourcecode.swift; path = FolderWatchView.swift; sourceTree = "<group>"; };
		63E0138B81F7532946A478D9 /* MiniPlayerView.swift */ = {isa = PBXFileReference; lastKnownFileType = sourcecode.swift; path = MiniPlayerView.swift; sourceTree = "<group>"; };
		6FBAB9AA5DFEAD67485D8C81 /* SplashView.swift */ = {isa = PBXFileReference; lastKnownFileType = sourcecode.swift; path = SplashView.swift; sourceTree = "<group>"; };
		739CF70CFD45FD09DC69EB64 /* ListenView.swift */ = {isa = PBXFileReference; lastKnownFileType = sourcecode.swift; path = ListenView.swift; sourceTree = "<group>"; };
		78FC81862BCB58FA50870112 /* PlaylistsView.swift */ = {isa = PBXFileReference; lastKnownFileType = sourcecode.swift; path = PlaylistsView.swift; sourceTree = "<group>"; };
		80E5861D18CA56AA2AD9FC21 /* MediaPlayer.framework */ = {isa = PBXFileReference; lastKnownFileType = wrapper.framework; name = MediaPlayer.framework; path = System/Library/Frameworks/MediaPlayer.framework; sourceTree = SDKROOT; };
		841534B2BAC23D46DACCD5B1 /* LibraryView.swift */ = {isa = PBXFileReference; lastKnownFileType = sourcecode.swift; path = LibraryView.swift; sourceTree = "<group>"; };
		85B1181A1D8983DA914206C2 /* libsqlite3.tbd */ = {isa = PBXFileReference; lastKnownFileType = "sourcecode.text-based-dylib-definition"; name = libsqlite3.tbd; path = usr/lib/libsqlite3.tbd; sourceTree = SDKROOT; };
		92F20DA9A56A7ADC31849724 /* ProPaywallView.swift */ = {isa = PBXFileReference; lastKnownFileType = sourcecode.swift; path = ProPaywallView.swift; sourceTree = "<group>"; };
		93ECD54380A215C3A3831A60 /* SkipSymbol.swift */ = {isa = PBXFileReference; lastKnownFileType = sourcecode.swift; path = SkipSymbol.swift; sourceTree = "<group>"; };
		989BB4966DCB31F74FB5E7B3 /* CarPlayActionDispatcher.swift */ = {isa = PBXFileReference; lastKnownFileType = sourcecode.swift; path = CarPlayActionDispatcher.swift; sourceTree = "<group>"; };
		9C7281A4BB54139B5008C6D6 /* ListeningStatsView.swift */ = {isa = PBXFileReference; lastKnownFileType = sourcecode.swift; path = ListeningStatsView.swift; sourceTree = "<group>"; };
		9D332E6309846362FD6D4EDA /* Pro.storekit */ = {isa = PBXFileReference; path = Pro.storekit; sourceTree = "<group>"; };
		A6AA015D08BC5D3D56CA570C /* VoxglassApp.swift */ = {isa = PBXFileReference; lastKnownFileType = sourcecode.swift; path = VoxglassApp.swift; sourceTree = "<group>"; };
		A9FF2C66B604A483005DF1CF /* CarPlayTemplateRenderer.swift */ = {isa = PBXFileReference; lastKnownFileType = sourcecode.swift; path = CarPlayTemplateRenderer.swift; sourceTree = "<group>"; };
		AC7FA06FAF043F5404168367 /* BookDetailView.swift */ = {isa = PBXFileReference; lastKnownFileType = sourcecode.swift; path = BookDetailView.swift; sourceTree = "<group>"; };
		AD30019A34C9E1F714333796 /* NowPlayingView.swift */ = {isa = PBXFileReference; lastKnownFileType = sourcecode.swift; path = NowPlayingView.swift; sourceTree = "<group>"; };
		B5D32B1ADBD5E2A825589454 /* Voxglass.app */ = {isa = PBXFileReference; includeInIndex = 0; lastKnownFileType = wrapper.application; path = Voxglass.app; sourceTree = BUILT_PRODUCTS_DIR; };
		BDA53866164FE87F59B27A2D /* CarPlay.framework */ = {isa = PBXFileReference; lastKnownFileType = wrapper.framework; name = CarPlay.framework; path = System/Library/Frameworks/CarPlay.framework; sourceTree = SDKROOT; };
		BF296A86B135507051DFBBD2 /* AVFoundation.framework */ = {isa = PBXFileReference; lastKnownFileType = wrapper.framework; name = AVFoundation.framework; path = System/Library/Frameworks/AVFoundation.framework; sourceTree = SDKROOT; };
		CB2DBA8A509FFB154473301D /* BookArtworkView.swift */ = {isa = PBXFileReference; lastKnownFileType = sourcecode.swift; path = BookArtworkView.swift; sourceTree = "<group>"; };
		CC17411DDC89002281222ACC /* CarPlayInterfaceController.swift */ = {isa = PBXFileReference; lastKnownFileType = sourcecode.swift; path = CarPlayInterfaceController.swift; sourceTree = "<group>"; };
		CE26F9079A1C12E2BAD8E865 /* CatalogDiscoveryView.swift */ = {isa = PBXFileReference; lastKnownFileType = sourcecode.swift; path = CatalogDiscoveryView.swift; sourceTree = "<group>"; };
		CEC318EB68E5165403477C6D /* DiscoverView.swift */ = {isa = PBXFileReference; lastKnownFileType = sourcecode.swift; path = DiscoverView.swift; sourceTree = "<group>"; };
		CF19A4F59CA3110F4B87D5B4 /* VoxglassUITests.swift */ = {isa = PBXFileReference; lastKnownFileType = sourcecode.swift; path = VoxglassUITests.swift; sourceTree = "<group>"; };
		D1F526973EBB17A744B728F6 /* StoreKit.framework */ = {isa = PBXFileReference; lastKnownFileType = wrapper.framework; name = StoreKit.framework; path = System/Library/Frameworks/StoreKit.framework; sourceTree = SDKROOT; };
		D78C6344FCDC530F80FCD2DE /* parso-voxglass */ = {isa = PBXFileReference; lastKnownFileType = folder; name = "parso-voxglass"; path = .; sourceTree = SOURCE_ROOT; };
		DBF0BA6B47E170D692135105 /* AppServices.swift */ = {isa = PBXFileReference; lastKnownFileType = sourcecode.swift; path = AppServices.swift; sourceTree = "<group>"; };
		E6263EDA39C0F570D2A4A685 /* VoxglassTheme.swift */ = {isa = PBXFileReference; lastKnownFileType = sourcecode.swift; path = VoxglassTheme.swift; sourceTree = "<group>"; };
		F2C0CC7564136E84756F685C /* AdaptiveGlass.swift */ = {isa = PBXFileReference; lastKnownFileType = sourcecode.swift; path = AdaptiveGlass.swift; sourceTree = "<group>"; };
		F701EDCDE2BB625656606A03 /* SettingsView.swift */ = {isa = PBXFileReference; lastKnownFileType = sourcecode.swift; path = SettingsView.swift; sourceTree = "<group>"; };
		F8133D9EE165903ECF80F723 /* CarPlayNowPlayingConfigurator.swift */ = {isa = PBXFileReference; lastKnownFileType = sourcecode.swift; path = CarPlayNowPlayingConfigurator.swift; sourceTree = "<group>"; };
		F9C1AC88D4122B2F6085A567 /* VoxglassCarPlaySmokeTests.xctest */ = {isa = PBXFileReference; includeInIndex = 0; lastKnownFileType = wrapper.cfbundle; path = VoxglassCarPlaySmokeTests.xctest; sourceTree = BUILT_PRODUCTS_DIR; };
/* End PBXFileReference section */

/* Begin PBXFrameworksBuildPhase section */
		BF91174CF3CF8623979C3588 /* Frameworks */ = {
			isa = PBXFrameworksBuildPhase;
			buildActionMask = 2147483647;
			files = (
				1BD9B7B8488C805FBD59A0B2 /* VoxglassCore in Frameworks */,
				8C6B21C9D4DCE4D3AAFB642E /* AudioToolbox.framework in Frameworks */,
				BB92423FB45EE5D963ED7BAA /* AVFoundation.framework in Frameworks */,
				0D0D08BDA2C5959024DEF090 /* CarPlay.framework in Frameworks */,
				089C22BB4A3D9F9B62E7ADC7 /* MediaPlayer.framework in Frameworks */,
				F58C6B635FE4217352ADCECA /* StoreKit.framework in Frameworks */,
				A787A01E2BC926D7A17297CA /* UniformTypeIdentifiers.framework in Frameworks */,
				E9377FC490F1E5406F211C28 /* libsqlite3.tbd in Frameworks */,
			);
			runOnlyForDeploymentPostprocessing = 0;
		};
/* End PBXFrameworksBuildPhase section */

/* Begin PBXGroup section */
		14120B8711EC104FE616E7D7 /* Frameworks */ = {
			isa = PBXGroup;
			children = (
				49FA6D58EC651570824B18FE /* AudioToolbox.framework */,
				BF296A86B135507051DFBBD2 /* AVFoundation.framework */,
				BDA53866164FE87F59B27A2D /* CarPlay.framework */,
				85B1181A1D8983DA914206C2 /* libsqlite3.tbd */,
				80E5861D18CA56AA2AD9FC21 /* MediaPlayer.framework */,
				D1F526973EBB17A744B728F6 /* StoreKit.framework */,
				401A6A7A2EAF21C7B1B57B98 /* UniformTypeIdentifiers.framework */,
			);
			name = Frameworks;
			sourceTree = "<group>";
		};
		2FD1F66FADFA63C33D73FE19 /* Listen */ = {
			isa = PBXGroup;
			children = (
				739CF70CFD45FD09DC69EB64 /* ListenView.swift */,
			);
			path = Listen;
			sourceTree = "<group>";
		};
		4FF87AFE93B4D9DF1F64B844 /* Library */ = {
			isa = PBXGroup;
			children = (
				AC7FA06FAF043F5404168367 /* BookDetailView.swift */,
				46BECBB89F17D12CFB910BC9 /* BookRowView.swift */,
				841534B2BAC23D46DACCD5B1 /* LibraryView.swift */,
				78FC81862BCB58FA50870112 /* PlaylistsView.swift */,
			);
			path = Library;
			sourceTree = "<group>";
		};
		558B88315E87649350BF1F1A /* Chrome */ = {
			isa = PBXGroup;
			children = (
				420E11400AB1535B94D3D0B5 /* GlassDock.swift */,
			);
			path = Chrome;
			sourceTree = "<group>";
		};
		5B7931E9F13221B79BA0FBA4 /* Player */ = {
			isa = PBXGroup;
			children = (
				28210879609150716CCE1C62 /* BookmarksView.swift */,
				CE26F9079A1C12E2BAD8E865 /* CatalogDiscoveryView.swift */,
				40F8ACEE07BAD813F34C6DBE /* EQView.swift */,
				63E0138B81F7532946A478D9 /* MiniPlayerView.swift */,
				AD30019A34C9E1F714333796 /* NowPlayingView.swift */,
			);
			path = Player;
			sourceTree = "<group>";
		};
		64929FA504B1795D8AA944D4 /* CarPlay */ = {
			isa = PBXGroup;
			children = (
				989BB4966DCB31F74FB5E7B3 /* CarPlayActionDispatcher.swift */,
				CC17411DDC89002281222ACC /* CarPlayInterfaceController.swift */,
				F8133D9EE165903ECF80F723 /* CarPlayNowPlayingConfigurator.swift */,
				336F165C2E66C5C32ABDD2CA /* CarPlaySceneDelegate.swift */,
				A9FF2C66B604A483005DF1CF /* CarPlayTemplateRenderer.swift */,
			);
			path = CarPlay;
			sourceTree = "<group>";
		};
		64C3F8F8FCD8175BB6BA6CB7 /* DesignSystem */ = {
			isa = PBXGroup;
			children = (
				F2C0CC7564136E84756F685C /* AdaptiveGlass.swift */,
				1F75882B51F22C8D3A3EEAAD /* ArtworkService.swift */,
				CB2DBA8A509FFB154473301D /* BookArtworkView.swift */,
				2C32F38CFF851AFE807E124B /* ScaledFontModifier.swift */,
				1E8ACE29C6DA4A589D92AFF3 /* TimeFormatting.swift */,
				0D05CDEA73075148B3331D3D /* VoxglassComponents.swift */,
				E6263EDA39C0F570D2A4A685 /* VoxglassTheme.swift */,
			);
			path = DesignSystem;
			sourceTree = "<group>";
		};
		70B91E13A8CC39B4EE6D6CBE /* Onboarding */ = {
			isa = PBXGroup;
			children = (
				06CDA895FD619425E8633059 /* OnboardingPreferencesView.swift */,
				6FBAB9AA5DFEAD67485D8C81 /* SplashView.swift */,
			);
			path = Onboarding;
			sourceTree = "<group>";
		};
		74DA67EFC0C916E05E5F0633 /* Stats */ = {
			isa = PBXGroup;
			children = (
				9C7281A4BB54139B5008C6D6 /* ListeningStatsView.swift */,
			);
			path = Stats;
			sourceTree = "<group>";
		};
		796B34DD940E8756362344DD /* Products */ = {
			isa = PBXGroup;
			children = (
				B5D32B1ADBD5E2A825589454 /* Voxglass.app */,
				F9C1AC88D4122B2F6085A567 /* VoxglassCarPlaySmokeTests.xctest */,
				502C6F0D6AB044871EE800C9 /* VoxglassUITests.xctest */,
			);
			name = Products;
			sourceTree = "<group>";
		};
		97D8E1CF44DA8E5536673DBB /* Discover */ = {
			isa = PBXGroup;
			children = (
				CEC318EB68E5165403477C6D /* DiscoverView.swift */,
			);
			path = Discover;
			sourceTree = "<group>";
		};
		A8CDFF63283253FCE1DB2B33 = {
			isa = PBXGroup;
			children = (
				EBC1B200DDF902108E6154DD /* Packages */,
				F7EF5EDAB0E5DBEA3523BBFE /* Voxglass */,
				B98F8FCFE82D1AD01DA42197 /* VoxglassCarPlaySmokeTests */,
				F1BE95C159C6821B95663D5C /* VoxglassUITests */,
				14120B8711EC104FE616E7D7 /* Frameworks */,
				796B34DD940E8756362344DD /* Products */,
			);
			sourceTree = "<group>";
		};
		B98F8FCFE82D1AD01DA42197 /* VoxglassCarPlaySmokeTests */ = {
			isa = PBXGroup;
			children = (
				06228DB87BFF9FF85FD09465 /* VoxglassCarPlaySmokeTests.swift */,
			);
			path = VoxglassCarPlaySmokeTests;
			sourceTree = "<group>";
		};
		BEF7A9B354634A76C29CF7BD /* App */ = {
			isa = PBXGroup;
			children = (
				DBF0BA6B47E170D692135105 /* AppServices.swift */,
				407C1274451E832DF8086039 /* AVPlayerAudioEngine.swift */,
				54A19CE35BAFC21D027EED34 /* RootView.swift */,
				93ECD54380A215C3A3831A60 /* SkipSymbol.swift */,
				347795F23ED3EA940FB4D8BE /* SystemPlaybackBridge.swift */,
				A6AA015D08BC5D3D56CA570C /* VoxglassApp.swift */,
				64929FA504B1795D8AA944D4 /* CarPlay */,
			);
			path = App;
			sourceTree = "<group>";
		};
		CDF941A7C9627F312E5FBE96 /* Search */ = {
			isa = PBXGroup;
			children = (
				4008972DE2117B1781A316A6 /* SearchView.swift */,
			);
			path = Search;
			sourceTree = "<group>";
		};
		D76B64495A1ADA48FF3A1394 /* Resources */ = {
			isa = PBXGroup;
			children = (
				1BBA5A2E92771EE1379D897D /* Assets.xcassets */,
				9D332E6309846362FD6D4EDA /* Pro.storekit */,
			);
			path = Resources;
			sourceTree = "<group>";
		};
		EBC1B200DDF902108E6154DD /* Packages */ = {
			isa = PBXGroup;
			children = (
				D78C6344FCDC530F80FCD2DE /* parso-voxglass */,
			);
			name = Packages;
			sourceTree = "<group>";
		};
		EF682B4AD94F2E2E912091D4 /* Settings */ = {
			isa = PBXGroup;
			children = (
				5FE9C1DD357179B18F33DD7C /* FolderWatchView.swift */,
				92F20DA9A56A7ADC31849724 /* ProPaywallView.swift */,
				F701EDCDE2BB625656606A03 /* SettingsView.swift */,
			);
			path = Settings;
			sourceTree = "<group>";
		};
		F1BE95C159C6821B95663D5C /* VoxglassUITests */ = {
			isa = PBXGroup;
			children = (
				CF19A4F59CA3110F4B87D5B4 /* VoxglassUITests.swift */,
			);
			path = VoxglassUITests;
			sourceTree = "<group>";
		};
		F7EF5EDAB0E5DBEA3523BBFE /* Voxglass */ = {
			isa = PBXGroup;
			children = (
				BEF7A9B354634A76C29CF7BD /* App */,
				64C3F8F8FCD8175BB6BA6CB7 /* DesignSystem */,
				FF3D079D61486F8A56FD39FF /* Features */,
				D76B64495A1ADA48FF3A1394 /* Resources */,
			);
			path = Voxglass;
			sourceTree = "<group>";
		};
		FF3D079D61486F8A56FD39FF /* Features */ = {
			isa = PBXGroup;
			children = (
				558B88315E87649350BF1F1A /* Chrome */,
				97D8E1CF44DA8E5536673DBB /* Discover */,
				4FF87AFE93B4D9DF1F64B844 /* Library */,
				2FD1F66FADFA63C33D73FE19 /* Listen */,
				70B91E13A8CC39B4EE6D6CBE /* Onboarding */,
				5B7931E9F13221B79BA0FBA4 /* Player */,
				CDF941A7C9627F312E5FBE96 /* Search */,
				EF682B4AD94F2E2E912091D4 /* Settings */,
				74DA67EFC0C916E05E5F0633 /* Stats */,
			);
			path = Features;
			sourceTree = "<group>";
		};
/* End PBXGroup section */

/* Begin PBXNativeTarget section */
		3B8880C71EB76B457C2934CE /* VoxglassUITests */ = {
			isa = PBXNativeTarget;
			buildConfigurationList = 07ADB34AF3B7FBF0A72A444D /* Build configuration list for PBXNativeTarget "VoxglassUITests" */;
			buildPhases = (
				ACADA05FCB1AEFA97EAF768F /* Sources */,
			);
			buildRules = (
			);
			dependencies = (
				2BDEA0011411BB37D715B79C /* PBXTargetDependency */,
			);
			name = VoxglassUITests;
			packageProductDependencies = (
			);
			productName = VoxglassUITests;
			productReference = 502C6F0D6AB044871EE800C9 /* VoxglassUITests.xctest */;
			productType = "com.apple.product-type.bundle.ui-testing";
		};
		66284DBA90AC39B124263951 /* Voxglass */ = {
			isa = PBXNativeTarget;
			buildConfigurationList = 2E32793A1CF978D956C91D25 /* Build configuration list for PBXNativeTarget "Voxglass" */;
			buildPhases = (
				AE89C599189D2D3B17C840A7 /* Sources */,
				0FCE836649D97CE047B56E0B /* Resources */,
				BF91174CF3CF8623979C3588 /* Frameworks */,
			);
			buildRules = (
			);
			dependencies = (
			);
			name = Voxglass;
			packageProductDependencies = (
				2CAA5CA27C7FB6ED43B55A2A /* VoxglassCore */,
			);
			productName = Voxglass;
			productReference = B5D32B1ADBD5E2A825589454 /* Voxglass.app */;
			productType = "com.apple.product-type.application";
		};
		CA2AB979DA67E0AF8133D1BE /* VoxglassCarPlaySmokeTests */ = {
			isa = PBXNativeTarget;
			buildConfigurationList = 3AC26F685B9AD260CF53ADA4 /* Build configuration list for PBXNativeTarget "VoxglassCarPlaySmokeTests" */;
			buildPhases = (
				09EEEBCD93B24C0212F920D7 /* Sources */,
			);
			buildRules = (
			);
			dependencies = (
				54AEEB2798C5A97E482AAA09 /* PBXTargetDependency */,
			);
			name = VoxglassCarPlaySmokeTests;
			packageProductDependencies = (
			);
			productName = VoxglassCarPlaySmokeTests;
			productReference = F9C1AC88D4122B2F6085A567 /* VoxglassCarPlaySmokeTests.xctest */;
			productType = "com.apple.product-type.bundle.unit-test";
		};
/* End PBXNativeTarget section */

/* Begin PBXProject section */
		8A93FEDC260681E1ACBD4811 /* Project object */ = {
			isa = PBXProject;
			attributes = {
				BuildIndependentTargetsInParallel = YES;
				LastUpgradeCheck = 1430;
				TargetAttributes = {
					3B8880C71EB76B457C2934CE = {
						TestTargetID = 66284DBA90AC39B124263951;
					};
				};
			};
			buildConfigurationList = 3BC5B986E96CBEC15B924BDA /* Build configuration list for PBXProject "Voxglass" */;
			developmentRegion = en;
			hasScannedForEncodings = 0;
			knownRegions = (
				Base,
				en,
			);
			mainGroup = A8CDFF63283253FCE1DB2B33;
			minimizedProjectReferenceProxies = 1;
			packageReferences = (
				620520AC8F752923B71E97DA /* XCLocalSwiftPackageReference "." */,
			);
			preferredProjectObjectVersion = 77;
			productRefGroup = 796B34DD940E8756362344DD /* Products */;
			projectDirPath = "";
			projectRoot = "";
			targets = (
				66284DBA90AC39B124263951 /* Voxglass */,
				CA2AB979DA67E0AF8133D1BE /* VoxglassCarPlaySmokeTests */,
				3B8880C71EB76B457C2934CE /* VoxglassUITests */,
			);
		};
/* End PBXProject section */

/* Begin PBXResourcesBuildPhase section */
		0FCE836649D97CE047B56E0B /* Resources */ = {
			isa = PBXResourcesBuildPhase;
			buildActionMask = 2147483647;
			files = (
				3D1FDC4720D46F3585E91D38 /* Assets.xcassets in Resources */,
				6B402D9D8F9CCEE8C4E7B22F /* Pro.storekit in Resources */,
			);
			runOnlyForDeploymentPostprocessing = 0;
		};
/* End PBXResourcesBuildPhase section */

/* Begin PBXSourcesBuildPhase section */
		09EEEBCD93B24C0212F920D7 /* Sources */ = {
			isa = PBXSourcesBuildPhase;
			buildActionMask = 2147483647;
			files = (
				1B52422CCE8FEB8DD8971758 /* VoxglassCarPlaySmokeTests.swift in Sources */,
			);
			runOnlyForDeploymentPostprocessing = 0;
		};
		ACADA05FCB1AEFA97EAF768F /* Sources */ = {
			isa = PBXSourcesBuildPhase;
			buildActionMask = 2147483647;
			files = (
				9A64C2D2E69FD9609615B505 /* VoxglassUITests.swift in Sources */,
			);
			runOnlyForDeploymentPostprocessing = 0;
		};
		AE89C599189D2D3B17C840A7 /* Sources */ = {
			isa = PBXSourcesBuildPhase;
			buildActionMask = 2147483647;
			files = (
				5E3A2634A58DF800FBC119D0 /* AVPlayerAudioEngine.swift in Sources */,
				7D9C2E22E6DF8072E4EA774F /* AdaptiveGlass.swift in Sources */,
				F6D05FC8D3665660DD1D83B2 /* AppServices.swift in Sources */,
				6D1F2947C9F08205C5A4C991 /* ArtworkService.swift in Sources */,
				293A63007EB15E38F0842E29 /* BookArtworkView.swift in Sources */,
				DF6106903BF99273FF49A92B /* BookDetailView.swift in Sources */,
				D8702B14A8C9B66FDD4A525A /* BookRowView.swift in Sources */,
				40C82A08A418FC46B5922DD6 /* BookmarksView.swift in Sources */,
				122D306D12B4C977190D2C17 /* CarPlayActionDispatcher.swift in Sources */,
				5133DE23448FC0452273DBB3 /* CarPlayInterfaceController.swift in Sources */,
				FEF3BF29C0D7D988199CA1E8 /* CarPlayNowPlayingConfigurator.swift in Sources */,
				79935A2261A23D4B387A6083 /* CarPlaySceneDelegate.swift in Sources */,
				F14C7CF0EA99F6CF748CF52A /* CarPlayTemplateRenderer.swift in Sources */,
				917FC5B3C23CF26B23C9B79F /* CatalogDiscoveryView.swift in Sources */,
				D1DB078A196600B28D4BD877 /* DiscoverView.swift in Sources */,
				6CDE07AD83D42675CA6333C4 /* EQView.swift in Sources */,
				754A7A41F77C785EFA367369 /* FolderWatchView.swift in Sources */,
				8A1CD38DD828054566ABEF1C /* GlassDock.swift in Sources */,
				F4EB3C305249C34FE7D0EE3F /* LibraryView.swift in Sources */,
				A1A49A4770F9A81018DA901C /* ListenView.swift in Sources */,
				4E85D43B3AC0834F16B06791 /* ListeningStatsView.swift in Sources */,
				68712C04A349BE64077A817A /* MiniPlayerView.swift in Sources */,
				D0F69ED260C9A1B0D138789B /* NowPlayingView.swift in Sources */,
				CA61D150C3E12F06FB56A257 /* OnboardingPreferencesView.swift in Sources */,
				307531D63A9AD0EB05D94E43 /* PlaylistsView.swift in Sources */,
				B5E791446899B8C99A4B3FF4 /* ProPaywallView.swift in Sources */,
				10A6A4A2FD59778AC73503B0 /* RootView.swift in Sources */,
				EB56E7CCC961186FDBB57669 /* ScaledFontModifier.swift in Sources */,
				5F0DF26D3A418D5EA6C2BEB9 /* SearchView.swift in Sources */,
				A720762200E37ED3E6C1B405 /* SettingsView.swift in Sources */,
				134B624097E3351CD2CBA06A /* SkipSymbol.swift in Sources */,
				DF3D0923DF3DD5A7465F7EF8 /* SplashView.swift in Sources */,
				A2EA425AAC92703C91129FF2 /* SystemPlaybackBridge.swift in Sources */,
				7EDA8C0947120EFD4B3F116B /* TimeFormatting.swift in Sources */,
				146A11873D483EDE4293F89F /* VoxglassApp.swift in Sources */,
				EFF52894E7D8920360E5F5F9 /* VoxglassComponents.swift in Sources */,
				713811C821F808FF77A38F59 /* VoxglassTheme.swift in Sources */,
			);
			runOnlyForDeploymentPostprocessing = 0;
		};
/* End PBXSourcesBuildPhase section */

/* Begin PBXTargetDependency section */
		2BDEA0011411BB37D715B79C /* PBXTargetDependency */ = {
			isa = PBXTargetDependency;
			target = 66284DBA90AC39B124263951 /* Voxglass */;
			targetProxy = 01B09C050391F366D5A68F49 /* PBXContainerItemProxy */;
		};
		54AEEB2798C5A97E482AAA09 /* PBXTargetDependency */ = {
			isa = PBXTargetDependency;
			target = 66284DBA90AC39B124263951 /* Voxglass */;
			targetProxy = 5D44F3BB7C258632BECB468F /* PBXContainerItemProxy */;
		};
/* End PBXTargetDependency section */

/* Begin XCBuildConfiguration section */
		1731E3840B3EFBB7EA042112 /* Debug */ = {
			isa = XCBuildConfiguration;
			buildSettings = {
				ASSETCATALOG_COMPILER_APPICON_NAME = AppIcon;
				ASSETCATALOG_COMPILER_GLOBAL_ACCENT_COLOR_NAME = AccentColor;
				CODE_SIGN_ENTITLEMENTS = Voxglass/Resources/Voxglass.entitlements;
				CODE_SIGN_IDENTITY = "iPhone Developer";
				CODE_SIGN_STYLE = Automatic;
				INFOPLIST_FILE = Voxglass/Resources/Info.plist;
				LD_RUNPATH_SEARCH_PATHS = (
					"$(inherited)",
					"@executable_path/Frameworks",
				);
				PRODUCT_BUNDLE_IDENTIFIER = guru.parso.voxglass;
				PRODUCT_NAME = Voxglass;
				SDKROOT = iphoneos;
				TARGETED_DEVICE_FAMILY = "1,2";
			};
			name = Debug;
		};
		1FDB77CA7A6BE058F6E48AB2 /* Debug */ = {
			isa = XCBuildConfiguration;
			buildSettings = {
				BUNDLE_LOADER = "$(TEST_HOST)";
				CODE_SIGNING_ALLOWED = NO;
				LD_RUNPATH_SEARCH_PATHS = (
					"$(inherited)",
					"@executable_path/Frameworks",
					"@loader_path/Frameworks",
				);
				PRODUCT_BUNDLE_IDENTIFIER = guru.parso.voxglass.carplaysmoke;
				SDKROOT = iphoneos;
				TARGETED_DEVICE_FAMILY = "1,2";
				TEST_HOST = "$(BUILT_PRODUCTS_DIR)/Voxglass.app/Voxglass";
			};
			name = Debug;
		};
		44729A84287263FDF743B9B8 /* Debug */ = {
			isa = XCBuildConfiguration;
			buildSettings = {
				ALWAYS_SEARCH_USER_PATHS = NO;
				CLANG_ANALYZER_LOCALIZABILITY_NONLOCALIZED = YES;
				CLANG_ANALYZER_NONNULL = YES;
				CLANG_ANALYZER_NUMBER_OBJECT_CONVERSION = YES_AGGRESSIVE;
				CLANG_CXX_LANGUAGE_STANDARD = "gnu++14";
				CLANG_CXX_LIBRARY = "libc++";
				CLANG_ENABLE_MODULES = YES;
				CLANG_ENABLE_OBJC_ARC = YES;
				CLANG_ENABLE_OBJC_WEAK = YES;
				CLANG_WARN_BLOCK_CAPTURE_AUTORELEASING = YES;
				CLANG_WARN_BOOL_CONVERSION = YES;
				CLANG_WARN_COMMA = YES;
				CLANG_WARN_CONSTANT_CONVERSION = YES;
				CLANG_WARN_DEPRECATED_OBJC_IMPLEMENTATIONS = YES;
				CLANG_WARN_DIRECT_OBJC_ISA_USAGE = YES_ERROR;
				CLANG_WARN_DOCUMENTATION_COMMENTS = YES;
				CLANG_WARN_EMPTY_BODY = YES;
				CLANG_WARN_ENUM_CONVERSION = YES;
				CLANG_WARN_INFINITE_RECURSION = YES;
				CLANG_WARN_INT_CONVERSION = YES;
				CLANG_WARN_NON_LITERAL_NULL_CONVERSION = YES;
				CLANG_WARN_OBJC_IMPLICIT_RETAIN_SELF = YES;
				CLANG_WARN_OBJC_LITERAL_CONVERSION = YES;
				CLANG_WARN_OBJC_ROOT_CLASS = YES_ERROR;
				CLANG_WARN_QUOTED_INCLUDE_IN_FRAMEWORK_HEADER = YES;
				CLANG_WARN_RANGE_LOOP_ANALYSIS = YES;
				CLANG_WARN_STRICT_PROTOTYPES = YES;
				CLANG_WARN_SUSPICIOUS_MOVE = YES;
				CLANG_WARN_UNGUARDED_AVAILABILITY = YES_AGGRESSIVE;
				CLANG_WARN_UNREACHABLE_CODE = YES;
				CLANG_WARN__DUPLICATE_METHOD_MATCH = YES;
				COPY_PHASE_STRIP = NO;
				CURRENT_PROJECT_VERSION = 52;
				DEBUG_INFORMATION_FORMAT = dwarf;
				ENABLE_STRICT_OBJC_MSGSEND = YES;
				ENABLE_TESTABILITY = YES;
				ENABLE_USER_SCRIPT_SANDBOXING = YES;
				GCC_C_LANGUAGE_STANDARD = gnu11;
				GCC_DYNAMIC_NO_PIC = NO;
				GCC_NO_COMMON_BLOCKS = YES;
				GCC_OPTIMIZATION_LEVEL = 0;
				GCC_PREPROCESSOR_DEFINITIONS = (
					"$(inherited)",
					"DEBUG=1",
				);
				GCC_WARN_64_TO_32_BIT_CONVERSION = YES;
				GCC_WARN_ABOUT_RETURN_TYPE = YES_ERROR;
				GCC_WARN_UNDECLARED_SELECTOR = YES;
				GCC_WARN_UNINITIALIZED_AUTOS = YES_AGGRESSIVE;
				GCC_WARN_UNUSED_FUNCTION = YES;
				GCC_WARN_UNUSED_VARIABLE = YES;
				IPHONEOS_DEPLOYMENT_TARGET = 17.0;
				MARKETING_VERSION = 1.1;
				MTL_ENABLE_DEBUG_INFO = INCLUDE_SOURCE;
				MTL_FAST_MATH = YES;
				ONLY_ACTIVE_ARCH = YES;
				PRODUCT_NAME = "$(TARGET_NAME)";
				SDKROOT = iphoneos;
				SWIFT_ACTIVE_COMPILATION_CONDITIONS = DEBUG;
				SWIFT_OPTIMIZATION_LEVEL = "-Onone";
				SWIFT_VERSION = 5.0;
			};
			name = Debug;
		};
		7C67789B8FE29E30DBBF5FCC /* Release */ = {
			isa = XCBuildConfiguration;
			buildSettings = {
				BUNDLE_LOADER = "$(TEST_HOST)";
				CODE_SIGNING_ALLOWED = NO;
				LD_RUNPATH_SEARCH_PATHS = (
					"$(inherited)",
					"@executable_path/Frameworks",
					"@loader_path/Frameworks",
				);
				PRODUCT_BUNDLE_IDENTIFIER = guru.parso.voxglass.uitests;
				SDKROOT = iphoneos;
				TARGETED_DEVICE_FAMILY = "1,2";
				TEST_TARGET_NAME = Voxglass;
			};
			name = Release;
		};
		CDAF9B2B198BB85ACE26E23F /* Release */ = {
			isa = XCBuildConfiguration;
			buildSettings = {
				ASSETCATALOG_COMPILER_APPICON_NAME = AppIcon;
				ASSETCATALOG_COMPILER_GLOBAL_ACCENT_COLOR_NAME = AccentColor;
				CODE_SIGN_ENTITLEMENTS = Voxglass/Resources/Voxglass.entitlements;
				CODE_SIGN_IDENTITY = "Apple Distribution";
				CODE_SIGN_STYLE = Manual;
				INFOPLIST_FILE = Voxglass/Resources/Info.plist;
				LD_RUNPATH_SEARCH_PATHS = (
					"$(inherited)",
					"@executable_path/Frameworks",
				);
				PRODUCT_BUNDLE_IDENTIFIER = guru.parso.voxglass;
				PRODUCT_NAME = Voxglass;
				PROVISIONING_PROFILE_SPECIFIER = "Parso Voxglass App Store";
				SDKROOT = iphoneos;
				TARGETED_DEVICE_FAMILY = "1,2";
			};
			name = Release;
		};
		DD9F8B5614D40897FE0A47B5 /* Debug */ = {
			isa = XCBuildConfiguration;
			buildSettings = {
				BUNDLE_LOADER = "$(TEST_HOST)";
				CODE_SIGNING_ALLOWED = NO;
				LD_RUNPATH_SEARCH_PATHS = (
					"$(inherited)",
					"@executable_path/Frameworks",
					"@loader_path/Frameworks",
				);
				PRODUCT_BUNDLE_IDENTIFIER = guru.parso.voxglass.uitests;
				SDKROOT = iphoneos;
				TARGETED_DEVICE_FAMILY = "1,2";
				TEST_TARGET_NAME = Voxglass;
			};
			name = Debug;
		};
		F49664EA32372643CE3CB4F8 /* Release */ = {
			isa = XCBuildConfiguration;
			buildSettings = {
				BUNDLE_LOADER = "$(TEST_HOST)";
				CODE_SIGNING_ALLOWED = NO;
				LD_RUNPATH_SEARCH_PATHS = (
					"$(inherited)",
					"@executable_path/Frameworks",
					"@loader_path/Frameworks",
				);
				PRODUCT_BUNDLE_IDENTIFIER = guru.parso.voxglass.carplaysmoke;
				SDKROOT = iphoneos;
				TARGETED_DEVICE_FAMILY = "1,2";
				TEST_HOST = "$(BUILT_PRODUCTS_DIR)/Voxglass.app/Voxglass";
			};
			name = Release;
		};
		F9D8EA1413BA3903977FBB9F /* Release */ = {
			isa = XCBuildConfiguration;
			buildSettings = {
				ALWAYS_SEARCH_USER_PATHS = NO;
				CLANG_ANALYZER_LOCALIZABILITY_NONLOCALIZED = YES;
				CLANG_ANALYZER_NONNULL = YES;
				CLANG_ANALYZER_NUMBER_OBJECT_CONVERSION = YES_AGGRESSIVE;
				CLANG_CXX_LANGUAGE_STANDARD = "gnu++14";
				CLANG_CXX_LIBRARY = "libc++";
				CLANG_ENABLE_MODULES = YES;
				CLANG_ENABLE_OBJC_ARC = YES;
				CLANG_ENABLE_OBJC_WEAK = YES;
				CLANG_WARN_BLOCK_CAPTURE_AUTORELEASING = YES;
				CLANG_WARN_BOOL_CONVERSION = YES;
				CLANG_WARN_COMMA = YES;
				CLANG_WARN_CONSTANT_CONVERSION = YES;
				CLANG_WARN_DEPRECATED_OBJC_IMPLEMENTATIONS = YES;
				CLANG_WARN_DIRECT_OBJC_ISA_USAGE = YES_ERROR;
				CLANG_WARN_DOCUMENTATION_COMMENTS = YES;
				CLANG_WARN_EMPTY_BODY = YES;
				CLANG_WARN_ENUM_CONVERSION = YES;
				CLANG_WARN_INFINITE_RECURSION = YES;
				CLANG_WARN_INT_CONVERSION = YES;
				CLANG_WARN_NON_LITERAL_NULL_CONVERSION = YES;
				CLANG_WARN_OBJC_IMPLICIT_RETAIN_SELF = YES;
				CLANG_WARN_OBJC_LITERAL_CONVERSION = YES;
				CLANG_WARN_OBJC_ROOT_CLASS = YES_ERROR;
				CLANG_WARN_QUOTED_INCLUDE_IN_FRAMEWORK_HEADER = YES;
				CLANG_WARN_RANGE_LOOP_ANALYSIS = YES;
				CLANG_WARN_STRICT_PROTOTYPES = YES;
				CLANG_WARN_SUSPICIOUS_MOVE = YES;
				CLANG_WARN_UNGUARDED_AVAILABILITY = YES_AGGRESSIVE;
				CLANG_WARN_UNREACHABLE_CODE = YES;
				CLANG_WARN__DUPLICATE_METHOD_MATCH = YES;
				COPY_PHASE_STRIP = NO;
				CURRENT_PROJECT_VERSION = 52;
				DEBUG_INFORMATION_FORMAT = "dwarf-with-dsym";
				ENABLE_NS_ASSERTIONS = NO;
				ENABLE_STRICT_OBJC_MSGSEND = YES;
				ENABLE_USER_SCRIPT_SANDBOXING = YES;
				GCC_C_LANGUAGE_STANDARD = gnu11;
				GCC_NO_COMMON_BLOCKS = YES;
				GCC_WARN_64_TO_32_BIT_CONVERSION = YES;
				GCC_WARN_ABOUT_RETURN_TYPE = YES_ERROR;
				GCC_WARN_UNDECLARED_SELECTOR = YES;
				GCC_WARN_UNINITIALIZED_AUTOS = YES_AGGRESSIVE;
				GCC_WARN_UNUSED_FUNCTION = YES;
				GCC_WARN_UNUSED_VARIABLE = YES;
				IPHONEOS_DEPLOYMENT_TARGET = 17.0;
				MARKETING_VERSION = 1.1;
				MTL_ENABLE_DEBUG_INFO = NO;
				MTL_FAST_MATH = YES;
				PRODUCT_NAME = "$(TARGET_NAME)";
				SDKROOT = iphoneos;
				SWIFT_COMPILATION_MODE = wholemodule;
				SWIFT_OPTIMIZATION_LEVEL = "-O";
				SWIFT_VERSION = 5.0;
			};
			name = Release;
		};
/* End XCBuildConfiguration section */

/* Begin XCConfigurationList section */
		07ADB34AF3B7FBF0A72A444D /* Build configuration list for PBXNativeTarget "VoxglassUITests" */ = {
			isa = XCConfigurationList;
			buildConfigurations = (
				DD9F8B5614D40897FE0A47B5 /* Debug */,
				7C67789B8FE29E30DBBF5FCC /* Release */,
			);
			defaultConfigurationIsVisible = 0;
			defaultConfigurationName = Debug;
		};
		2E32793A1CF978D956C91D25 /* Build configuration list for PBXNativeTarget "Voxglass" */ = {
			isa = XCConfigurationList;
			buildConfigurations = (
				1731E3840B3EFBB7EA042112 /* Debug */,
				CDAF9B2B198BB85ACE26E23F /* Release */,
			);
			defaultConfigurationIsVisible = 0;
			defaultConfigurationName = Debug;
		};
		3AC26F685B9AD260CF53ADA4 /* Build configuration list for PBXNativeTarget "VoxglassCarPlaySmokeTests" */ = {
			isa = XCConfigurationList;
			buildConfigurations = (
				1FDB77CA7A6BE058F6E48AB2 /* Debug */,
				F49664EA32372643CE3CB4F8 /* Release */,
			);
			defaultConfigurationIsVisible = 0;
			defaultConfigurationName = Debug;
		};
		3BC5B986E96CBEC15B924BDA /* Build configuration list for PBXProject "Voxglass" */ = {
			isa = XCConfigurationList;
			buildConfigurations = (
				44729A84287263FDF743B9B8 /* Debug */,
				F9D8EA1413BA3903977FBB9F /* Release */,
			);
			defaultConfigurationIsVisible = 0;
			defaultConfigurationName = Debug;
		};
/* End XCConfigurationList section */

/* Begin XCLocalSwiftPackageReference section */
		620520AC8F752923B71E97DA /* XCLocalSwiftPackageReference "." */ = {
			isa = XCLocalSwiftPackageReference;
			relativePath = .;
		};
/* End XCLocalSwiftPackageReference section */

/* Begin XCSwiftPackageProductDependency section */
		2CAA5CA27C7FB6ED43B55A2A /* VoxglassCore */ = {
			isa = XCSwiftPackageProductDependency;
			productName = VoxglassCore;
		};
/* End XCSwiftPackageProductDependency section */
	};
	rootObject = 8A93FEDC260681E1ACBD4811 /* Project object */;
}
