// !$*UTF8*$!
{
	archiveVersion = 1;
	classes = {
	};
	objectVersion = 77;
	objects = {

/* Begin PBXBuildFile section */
		0580D2DDAA107B2D8766D7AA /* AppPreferencesStore.swift in Sources */ = {isa = PBXBuildFile; fileRef = F17A1A10380661E1380EBCF2 /* AppPreferencesStore.swift */; };
		089C22BB4A3D9F9B62E7ADC7 /* MediaPlayer.framework in Frameworks */ = {isa = PBXBuildFile; fileRef = 80E5861D18CA56AA2AD9FC21 /* MediaPlayer.framework */; };
		10A6A4A2FD59778AC73503B0 /* RootView.swift in Sources */ = {isa = PBXBuildFile; fileRef = 54A19CE35BAFC21D027EED34 /* RootView.swift */; };
		137F7894CD8FFB97A42ED26E /* LibriVoxTaste.swift in Sources */ = {isa = PBXBuildFile; fileRef = 5594FA62EFB2988C230BB3A3 /* LibriVoxTaste.swift */; };
		1402A1277A603F1BBB2D7A4A /* StreamCacheUnifiedTests.swift in Sources */ = {isa = PBXBuildFile; fileRef = 165895C5F9B4D9CC4CB8DEBE /* StreamCacheUnifiedTests.swift */; };
		146A11873D483EDE4293F89F /* VoxglassApp.swift in Sources */ = {isa = PBXBuildFile; fileRef = A6AA015D08BC5D3D56CA570C /* VoxglassApp.swift */; };
		19C9A2D1FAEB6534975F4850 /* LastPlaybackSnapshotStore.swift in Sources */ = {isa = PBXBuildFile; fileRef = 625CF2D580D87272EEBDE947 /* LastPlaybackSnapshotStore.swift */; };
		1BB3402E40BE25E5AE494E58 /* LocalAudioImporter.swift in Sources */ = {isa = PBXBuildFile; fileRef = E02A866C80A1AC953D2FF5F6 /* LocalAudioImporter.swift */; };
		293A63007EB15E38F0842E29 /* BookArtworkView.swift in Sources */ = {isa = PBXBuildFile; fileRef = CB2DBA8A509FFB154473301D /* BookArtworkView.swift */; };
		2CEA8FD9B9F6A505E01BF939 /* StoreManager.swift in Sources */ = {isa = PBXBuildFile; fileRef = D187D7F0D06AAA1D3E05A0EB /* StoreManager.swift */; };
		3382A26BA23175201F4C5F60 /* AVPlayerAudioEngine.swift in Sources */ = {isa = PBXBuildFile; fileRef = A6A38C40AB8319675AFAA1C2 /* AVPlayerAudioEngine.swift */; };
		3C0DE431CC692B27F1033D61 /* InternetArchiveAudioSelector.swift in Sources */ = {isa = PBXBuildFile; fileRef = 4DF1394BDF3593C56E35B9DC /* InternetArchiveAudioSelector.swift */; };
		3D1FDC4720D46F3585E91D38 /* Assets.xcassets in Resources */ = {isa = PBXBuildFile; fileRef = 1BBA5A2E92771EE1379D897D /* Assets.xcassets */; };
		3F33DA2E97223B25B08EA054 /* CacheSettingsModelTests.swift in Sources */ = {isa = PBXBuildFile; fileRef = 45C874B881FBBCD4057C0F64 /* CacheSettingsModelTests.swift */; };
		433A4DBD71894CA5974DB2E7 /* InternetArchiveClient.swift in Sources */ = {isa = PBXBuildFile; fileRef = 437EA198DF6BD31FC98AAF8A /* InternetArchiveClient.swift */; };
		436F8A568B8881A26C20C752 /* ResultRowDetailLineTests.swift in Sources */ = {isa = PBXBuildFile; fileRef = 47601209536B30FE1382B547 /* ResultRowDetailLineTests.swift */; };
		440C99473B5F61443D4B756E /* PlaybackSession.swift in Sources */ = {isa = PBXBuildFile; fileRef = 385B29245096DA5C30CACEBC /* PlaybackSession.swift */; };
		44909C568B50C6B53E64ABCE /* ProEntitlement.swift in Sources */ = {isa = PBXBuildFile; fileRef = 3A2CE8BA17550D0B0C83422C /* ProEntitlement.swift */; };
		47455BBFA799E35FCCEC3DE9 /* ArtworkServiceUnifiedTests.swift in Sources */ = {isa = PBXBuildFile; fileRef = DAC790663E3E5CDEE2A69FCA /* ArtworkServiceUnifiedTests.swift */; };
		47AA8052D987CE8A6FABD5D7 /* ProFeature.swift in Sources */ = {isa = PBXBuildFile; fileRef = 3683818DB9958D3AE591BCEA /* ProFeature.swift */; };
		4E17B88927AF8BB4666FBBE3 /* StreamCacheStore.swift in Sources */ = {isa = PBXBuildFile; fileRef = 97D31866CCDBBD795481D35D /* StreamCacheStore.swift */; };
		531FA1BD2AF6DFE1318A0833 /* AudioFormatSelectionTests.swift in Sources */ = {isa = PBXBuildFile; fileRef = 311EDE67BD1D551B959781C9 /* AudioFormatSelectionTests.swift */; };
		55A6274484CDE8FCD124D2E7 /* PositionStoreTests.swift in Sources */ = {isa = PBXBuildFile; fileRef = BC61497C672A246E4A913E3F /* PositionStoreTests.swift */; };
		5C6CECF4CF0B88CEF7D16462 /* EQAudioProcessor.swift in Sources */ = {isa = PBXBuildFile; fileRef = 79F5976941C1FEC963784983 /* EQAudioProcessor.swift */; };
		5F0DF26D3A418D5EA6C2BEB9 /* SearchView.swift in Sources */ = {isa = PBXBuildFile; fileRef = 4008972DE2117B1781A316A6 /* SearchView.swift */; };
		5F1A208BDFF964AD3392B694 /* DatabaseValue.swift in Sources */ = {isa = PBXBuildFile; fileRef = 0AEEA84F0A20681E031EC755 /* DatabaseValue.swift */; };
		68712C04A349BE64077A817A /* MiniPlayerView.swift in Sources */ = {isa = PBXBuildFile; fileRef = 63E0138B81F7532946A478D9 /* MiniPlayerView.swift */; };
		69472E4C15429C0482CF1283 /* metadata_librivox_item.json in Resources */ = {isa = PBXBuildFile; fileRef = 16D5DD63112BA7D489FDC31C /* metadata_librivox_item.json */; };
		6B402D9D8F9CCEE8C4E7B22F /* Pro.storekit in Resources */ = {isa = PBXBuildFile; fileRef = 9D332E6309846362FD6D4EDA /* Pro.storekit */; };
		6D1F2947C9F08205C5A4C991 /* ArtworkService.swift in Sources */ = {isa = PBXBuildFile; fileRef = 1F75882B51F22C8D3A3EEAAD /* ArtworkService.swift */; };
		713811C821F808FF77A38F59 /* VoxglassTheme.swift in Sources */ = {isa = PBXBuildFile; fileRef = E6263EDA39C0F570D2A4A685 /* VoxglassTheme.swift */; };
		737B89964C17EDDFC294E82D /* PlaybackCoordinator.swift in Sources */ = {isa = PBXBuildFile; fileRef = 94E00E34BB8E21391962EFE1 /* PlaybackCoordinator.swift */; };
		7D9C2E22E6DF8072E4EA774F /* AdaptiveGlass.swift in Sources */ = {isa = PBXBuildFile; fileRef = F2C0CC7564136E84756F685C /* AdaptiveGlass.swift */; };
		7EDA8C0947120EFD4B3F116B /* TimeFormatting.swift in Sources */ = {isa = PBXBuildFile; fileRef = 1E8ACE29C6DA4A589D92AFF3 /* TimeFormatting.swift */; };
		87F429A2A56181EF2798D1B8 /* AudioFormatSelection.swift in Sources */ = {isa = PBXBuildFile; fileRef = C0F83970BE913FA182709D2E /* AudioFormatSelection.swift */; };
		8A1CD38DD828054566ABEF1C /* GlassDock.swift in Sources */ = {isa = PBXBuildFile; fileRef = 420E11400AB1535B94D3D0B5 /* GlassDock.swift */; };
		8C6B21C9D4DCE4D3AAFB642E /* AudioToolbox.framework in Frameworks */ = {isa = PBXBuildFile; fileRef = 49FA6D58EC651570824B18FE /* AudioToolbox.framework */; };
		8E0DC1B2A7EBCE981FAC5710 /* LibraryRepositoryTests.swift in Sources */ = {isa = PBXBuildFile; fileRef = 29E251AB7BD44B822DF78B97 /* LibraryRepositoryTests.swift */; };
		97900263A97F90023C1A86F2 /* ModelMapping.swift in Sources */ = {isa = PBXBuildFile; fileRef = 946AF7AFDF51892640050E23 /* ModelMapping.swift */; };
		98CDCB1A5DA9E88729B1C08B /* InternetArchiveURLParser.swift in Sources */ = {isa = PBXBuildFile; fileRef = 334D79A138E41BE3692FE059 /* InternetArchiveURLParser.swift */; };
		9A64C2D2E69FD9609615B505 /* VoxglassUITests.swift in Sources */ = {isa = PBXBuildFile; fileRef = CF19A4F59CA3110F4B87D5B4 /* VoxglassUITests.swift */; };
		9DDDD022A48D14CDE1A25369 /* IADateFormattingTests.swift in Sources */ = {isa = PBXBuildFile; fileRef = B28A58431311F120BDAF4F1E /* IADateFormattingTests.swift */; };
		A1A49A4770F9A81018DA901C /* ListenView.swift in Sources */ = {isa = PBXBuildFile; fileRef = 739CF70CFD45FD09DC69EB64 /* ListenView.swift */; };
		A332DD2B8CEEE911054A1E2F /* NetworkMonitor.swift in Sources */ = {isa = PBXBuildFile; fileRef = 4A231D6F71366A0CB091D43B /* NetworkMonitor.swift */; };
		A72053D04B89DFAA4A96914F /* LibraryStore.swift in Sources */ = {isa = PBXBuildFile; fileRef = 2F1723E9FFAA47E9FFF1B60C /* LibraryStore.swift */; };
		A720762200E37ED3E6C1B405 /* SettingsView.swift in Sources */ = {isa = PBXBuildFile; fileRef = F701EDCDE2BB625656606A03 /* SettingsView.swift */; };
		A787A01E2BC926D7A17297CA /* UniformTypeIdentifiers.framework in Frameworks */ = {isa = PBXBuildFile; fileRef = 401A6A7A2EAF21C7B1B57B98 /* UniformTypeIdentifiers.framework */; };
		AB1D74DDE13765E68B2823F3 /* InternetArchiveCatalogTests.swift in Sources */ = {isa = PBXBuildFile; fileRef = E5515C1592CC2C95E1740040 /* InternetArchiveCatalogTests.swift */; };
		AD5CC2537E5FA99BC480B497 /* DatabaseMigrations.swift in Sources */ = {isa = PBXBuildFile; fileRef = F75BEC14A135E3D926160BA1 /* DatabaseMigrations.swift */; };
		AF6890C534D3C83728E2FADA /* InternetArchiveModels.swift in Sources */ = {isa = PBXBuildFile; fileRef = 64D35CBE7E6B27C3DE496BAF /* InternetArchiveModels.swift */; };
		B1DEAD1245E45041FB77197E /* CatalogStore.swift in Sources */ = {isa = PBXBuildFile; fileRef = 50D1C32869E453FD6ED93AFC /* CatalogStore.swift */; };
		B5E791446899B8C99A4B3FF4 /* ProPaywallView.swift in Sources */ = {isa = PBXBuildFile; fileRef = 92F20DA9A56A7ADC31849724 /* ProPaywallView.swift */; };
		B6CF80A8DCF3C06588027A19 /* ByteRangeMap.swift in Sources */ = {isa = PBXBuildFile; fileRef = 3208819E8BF1703E04FD3222 /* ByteRangeMap.swift */; };
		B9A1B3887F341A38CABD5F58 /* LibriVoxBrowseCategory.swift in Sources */ = {isa = PBXBuildFile; fileRef = 26E3467C25D19F186E979A8A /* LibriVoxBrowseCategory.swift */; };
		BB92423FB45EE5D963ED7BAA /* AVFoundation.framework in Frameworks */ = {isa = PBXBuildFile; fileRef = BF296A86B135507051DFBBD2 /* AVFoundation.framework */; };
		BC51894DE798E43C8455A051 /* LibraryRepository.swift in Sources */ = {isa = PBXBuildFile; fileRef = 5BC5D2456F2BE5E45C32FB38 /* LibraryRepository.swift */; };
		BE9B082F6ED79555AA19836F /* AppDatabase.swift in Sources */ = {isa = PBXBuildFile; fileRef = AFF3B0DCD481B0A6FE412E3E /* AppDatabase.swift */; };
		C302DA4298F8F83EAF79EEB2 /* HomeRecommendationStore.swift in Sources */ = {isa = PBXBuildFile; fileRef = 25390F059CBB36A777F3A45F /* HomeRecommendationStore.swift */; };
		C838EFD49FC8DB229DE0D627 /* ModelBehaviorTests.swift in Sources */ = {isa = PBXBuildFile; fileRef = 6D2BA4E5373D5B09F5FA1922 /* ModelBehaviorTests.swift */; };
		CA5AC2F9F48CB25EA26120C9 /* metadata_multiformat_item.json in Resources */ = {isa = PBXBuildFile; fileRef = 8A8E838C6CE7E87446EA5613 /* metadata_multiformat_item.json */; };
		CA61D150C3E12F06FB56A257 /* OnboardingPreferencesView.swift in Sources */ = {isa = PBXBuildFile; fileRef = 06CDA895FD619425E8633059 /* OnboardingPreferencesView.swift */; };
		CB5EA55140CA0C452B28DE1A /* AudioEngine.swift in Sources */ = {isa = PBXBuildFile; fileRef = 7061C2926ADCC3744384448A /* AudioEngine.swift */; };
		D0F69ED260C9A1B0D138789B /* NowPlayingView.swift in Sources */ = {isa = PBXBuildFile; fileRef = AD30019A34C9E1F714333796 /* NowPlayingView.swift */; };
		D1DB078A196600B28D4BD877 /* DiscoverView.swift in Sources */ = {isa = PBXBuildFile; fileRef = CEC318EB68E5165403477C6D /* DiscoverView.swift */; };
		D8702B14A8C9B66FDD4A525A /* BookRowView.swift in Sources */ = {isa = PBXBuildFile; fileRef = 46BECBB89F17D12CFB910BC9 /* BookRowView.swift */; };
		DEA28DA035E919802F2494A2 /* CacheManager.swift in Sources */ = {isa = PBXBuildFile; fileRef = 1B65C61660EB3946B337D332 /* CacheManager.swift */; };
		DF3D0923DF3DD5A7465F7EF8 /* SplashView.swift in Sources */ = {isa = PBXBuildFile; fileRef = 6FBAB9AA5DFEAD67485D8C81 /* SplashView.swift */; };
		DF6106903BF99273FF49A92B /* BookDetailView.swift in Sources */ = {isa = PBXBuildFile; fileRef = AC7FA06FAF043F5404168367 /* BookDetailView.swift */; };
		E5A037C7BE52117C724C20A0 /* HomeViewTests.swift in Sources */ = {isa = PBXBuildFile; fileRef = 2AF241C86613512CDBF1ECA3 /* HomeViewTests.swift */; };
		E6806258CC88E6D192E5D0D6 /* PlaybackModels.swift in Sources */ = {isa = PBXBuildFile; fileRef = 781FE9474675E666D936545F /* PlaybackModels.swift */; };
		E7BA389ACEF2463AC7C2031B /* IACollection.swift in Sources */ = {isa = PBXBuildFile; fileRef = 10412605E1021E75FBF43A82 /* IACollection.swift */; };
		E9377FC490F1E5406F211C28 /* libsqlite3.tbd in Frameworks */ = {isa = PBXBuildFile; fileRef = 85B1181A1D8983DA914206C2 /* libsqlite3.tbd */; };
		EA7CE32CD945C2D288EE6EE9 /* advanced_search_librivox.json in Resources */ = {isa = PBXBuildFile; fileRef = EBFDDE9DC3DB057D7F68E899 /* advanced_search_librivox.json */; };
		EB0B67315264618BF0D58C09 /* PositionStore.swift in Sources */ = {isa = PBXBuildFile; fileRef = 2EC83371BA85A0967FDC5E2D /* PositionStore.swift */; };
		EC2B70277C487A5A07362808 /* FolderWatchService.swift in Sources */ = {isa = PBXBuildFile; fileRef = 78FDD3844C1AB75919FF879C /* FolderWatchService.swift */; };
		EE5EC4960D5EA319D4ED30C3 /* FreeTierRegistryTests.swift in Sources */ = {isa = PBXBuildFile; fileRef = D8A5F2369B3F5A5051E55BD5 /* FreeTierRegistryTests.swift */; };
		EFD58001536BFA7C97DCDABD /* VisualOnboardingTests.swift in Sources */ = {isa = PBXBuildFile; fileRef = 6D0789D8083F86F84540255D /* VisualOnboardingTests.swift */; };
		EFF52894E7D8920360E5F5F9 /* VoxglassComponents.swift in Sources */ = {isa = PBXBuildFile; fileRef = 0D05CDEA73075148B3331D3D /* VoxglassComponents.swift */; };
		F4EB3C305249C34FE7D0EE3F /* LibraryView.swift in Sources */ = {isa = PBXBuildFile; fileRef = 841534B2BAC23D46DACCD5B1 /* LibraryView.swift */; };
		F58C6B635FE4217352ADCECA /* StoreKit.framework in Frameworks */ = {isa = PBXBuildFile; fileRef = D1F526973EBB17A744B728F6 /* StoreKit.framework */; };
		F6D05FC8D3665660DD1D83B2 /* AppServices.swift in Sources */ = {isa = PBXBuildFile; fileRef = DBF0BA6B47E170D692135105 /* AppServices.swift */; };
		F8EC3F97900EE69E429C05CA /* BiquadFilter.swift in Sources */ = {isa = PBXBuildFile; fileRef = 76F2D68CDD51A3EDFFAC819C /* BiquadFilter.swift */; };
		F9AB93B673E588E96F7938A8 /* BookModels.swift in Sources */ = {isa = PBXBuildFile; fileRef = 95899A251D2052F3A0594746 /* BookModels.swift */; };
		FD0F7A38F3FF30957DFBCD12 /* CachingResourceLoader.swift in Sources */ = {isa = PBXBuildFile; fileRef = C0A4FFBD0724DFB6979CF4D7 /* CachingResourceLoader.swift */; };
/* End PBXBuildFile section */

/* Begin PBXContainerItemProxy section */
		01B09C050391F366D5A68F49 /* PBXContainerItemProxy */ = {
			isa = PBXContainerItemProxy;
			containerPortal = 8A93FEDC260681E1ACBD4811 /* Project object */;
			proxyType = 1;
			remoteGlobalIDString = 66284DBA90AC39B124263951;
			remoteInfo = Voxglass;
		};
		47B65887C0E5E15430969F94 /* PBXContainerItemProxy */ = {
			isa = PBXContainerItemProxy;
			containerPortal = 8A93FEDC260681E1ACBD4811 /* Project object */;
			proxyType = 1;
			remoteGlobalIDString = 66284DBA90AC39B124263951;
			remoteInfo = Voxglass;
		};
/* End PBXContainerItemProxy section */

/* Begin PBXFileReference section */
		06CDA895FD619425E8633059 /* OnboardingPreferencesView.swift */ = {isa = PBXFileReference; lastKnownFileType = sourcecode.swift; path = OnboardingPreferencesView.swift; sourceTree = "<group>"; };
		0AEEA84F0A20681E031EC755 /* DatabaseValue.swift */ = {isa = PBXFileReference; lastKnownFileType = sourcecode.swift; path = DatabaseValue.swift; sourceTree = "<group>"; };
		0D05CDEA73075148B3331D3D /* VoxglassComponents.swift */ = {isa = PBXFileReference; lastKnownFileType = sourcecode.swift; path = VoxglassComponents.swift; sourceTree = "<group>"; };
		10412605E1021E75FBF43A82 /* IACollection.swift */ = {isa = PBXFileReference; lastKnownFileType = sourcecode.swift; path = IACollection.swift; sourceTree = "<group>"; };
		165895C5F9B4D9CC4CB8DEBE /* StreamCacheUnifiedTests.swift */ = {isa = PBXFileReference; lastKnownFileType = sourcecode.swift; path = StreamCacheUnifiedTests.swift; sourceTree = "<group>"; };
		16D5DD63112BA7D489FDC31C /* metadata_librivox_item.json */ = {isa = PBXFileReference; lastKnownFileType = text.json; path = metadata_librivox_item.json; sourceTree = "<group>"; };
		1B65C61660EB3946B337D332 /* CacheManager.swift */ = {isa = PBXFileReference; lastKnownFileType = sourcecode.swift; path = CacheManager.swift; sourceTree = "<group>"; };
		1BBA5A2E92771EE1379D897D /* Assets.xcassets */ = {isa = PBXFileReference; lastKnownFileType = folder.assetcatalog; path = Assets.xcassets; sourceTree = "<group>"; };
		1E8ACE29C6DA4A589D92AFF3 /* TimeFormatting.swift */ = {isa = PBXFileReference; lastKnownFileType = sourcecode.swift; path = TimeFormatting.swift; sourceTree = "<group>"; };
		1F75882B51F22C8D3A3EEAAD /* ArtworkService.swift */ = {isa = PBXFileReference; lastKnownFileType = sourcecode.swift; path = ArtworkService.swift; sourceTree = "<group>"; };
		25390F059CBB36A777F3A45F /* HomeRecommendationStore.swift */ = {isa = PBXFileReference; lastKnownFileType = sourcecode.swift; path = HomeRecommendationStore.swift; sourceTree = "<group>"; };
		26E3467C25D19F186E979A8A /* LibriVoxBrowseCategory.swift */ = {isa = PBXFileReference; lastKnownFileType = sourcecode.swift; path = LibriVoxBrowseCategory.swift; sourceTree = "<group>"; };
		29E251AB7BD44B822DF78B97 /* LibraryRepositoryTests.swift */ = {isa = PBXFileReference; lastKnownFileType = sourcecode.swift; path = LibraryRepositoryTests.swift; sourceTree = "<group>"; };
		2AF241C86613512CDBF1ECA3 /* HomeViewTests.swift */ = {isa = PBXFileReference; lastKnownFileType = sourcecode.swift; path = HomeViewTests.swift; sourceTree = "<group>"; };
		2EC83371BA85A0967FDC5E2D /* PositionStore.swift */ = {isa = PBXFileReference; lastKnownFileType = sourcecode.swift; path = PositionStore.swift; sourceTree = "<group>"; };
		2F1723E9FFAA47E9FFF1B60C /* LibraryStore.swift */ = {isa = PBXFileReference; lastKnownFileType = sourcecode.swift; path = LibraryStore.swift; sourceTree = "<group>"; };
		311EDE67BD1D551B959781C9 /* AudioFormatSelectionTests.swift */ = {isa = PBXFileReference; lastKnownFileType = sourcecode.swift; path = AudioFormatSelectionTests.swift; sourceTree = "<group>"; };
		3208819E8BF1703E04FD3222 /* ByteRangeMap.swift */ = {isa = PBXFileReference; lastKnownFileType = sourcecode.swift; path = ByteRangeMap.swift; sourceTree = "<group>"; };
		334D79A138E41BE3692FE059 /* InternetArchiveURLParser.swift */ = {isa = PBXFileReference; lastKnownFileType = sourcecode.swift; path = InternetArchiveURLParser.swift; sourceTree = "<group>"; };
		3683818DB9958D3AE591BCEA /* ProFeature.swift */ = {isa = PBXFileReference; lastKnownFileType = sourcecode.swift; path = ProFeature.swift; sourceTree = "<group>"; };
		385B29245096DA5C30CACEBC /* PlaybackSession.swift */ = {isa = PBXFileReference; lastKnownFileType = sourcecode.swift; path = PlaybackSession.swift; sourceTree = "<group>"; };
		3A2CE8BA17550D0B0C83422C /* ProEntitlement.swift */ = {isa = PBXFileReference; lastKnownFileType = sourcecode.swift; path = ProEntitlement.swift; sourceTree = "<group>"; };
		4008972DE2117B1781A316A6 /* SearchView.swift */ = {isa = PBXFileReference; lastKnownFileType = sourcecode.swift; path = SearchView.swift; sourceTree = "<group>"; };
		401A6A7A2EAF21C7B1B57B98 /* UniformTypeIdentifiers.framework */ = {isa = PBXFileReference; lastKnownFileType = wrapper.framework; name = UniformTypeIdentifiers.framework; path = System/Library/Frameworks/UniformTypeIdentifiers.framework; sourceTree = SDKROOT; };
		420E11400AB1535B94D3D0B5 /* GlassDock.swift */ = {isa = PBXFileReference; lastKnownFileType = sourcecode.swift; path = GlassDock.swift; sourceTree = "<group>"; };
		437EA198DF6BD31FC98AAF8A /* InternetArchiveClient.swift */ = {isa = PBXFileReference; lastKnownFileType = sourcecode.swift; path = InternetArchiveClient.swift; sourceTree = "<group>"; };
		45C874B881FBBCD4057C0F64 /* CacheSettingsModelTests.swift */ = {isa = PBXFileReference; lastKnownFileType = sourcecode.swift; path = CacheSettingsModelTests.swift; sourceTree = "<group>"; };
		46BECBB89F17D12CFB910BC9 /* BookRowView.swift */ = {isa = PBXFileReference; lastKnownFileType = sourcecode.swift; path = BookRowView.swift; sourceTree = "<group>"; };
		47601209536B30FE1382B547 /* ResultRowDetailLineTests.swift */ = {isa = PBXFileReference; lastKnownFileType = sourcecode.swift; path = ResultRowDetailLineTests.swift; sourceTree = "<group>"; };
		49FA6D58EC651570824B18FE /* AudioToolbox.framework */ = {isa = PBXFileReference; lastKnownFileType = wrapper.framework; name = AudioToolbox.framework; path = System/Library/Frameworks/AudioToolbox.framework; sourceTree = SDKROOT; };
		4A231D6F71366A0CB091D43B /* NetworkMonitor.swift */ = {isa = PBXFileReference; lastKnownFileType = sourcecode.swift; path = NetworkMonitor.swift; sourceTree = "<group>"; };
		4DF1394BDF3593C56E35B9DC /* InternetArchiveAudioSelector.swift */ = {isa = PBXFileReference; lastKnownFileType = sourcecode.swift; path = InternetArchiveAudioSelector.swift; sourceTree = "<group>"; };
		502C6F0D6AB044871EE800C9 /* VoxglassUITests.xctest */ = {isa = PBXFileReference; includeInIndex = 0; lastKnownFileType = wrapper.cfbundle; path = VoxglassUITests.xctest; sourceTree = BUILT_PRODUCTS_DIR; };
		50D1C32869E453FD6ED93AFC /* CatalogStore.swift */ = {isa = PBXFileReference; lastKnownFileType = sourcecode.swift; path = CatalogStore.swift; sourceTree = "<group>"; };
		54A19CE35BAFC21D027EED34 /* RootView.swift */ = {isa = PBXFileReference; lastKnownFileType = sourcecode.swift; path = RootView.swift; sourceTree = "<group>"; };
		5594FA62EFB2988C230BB3A3 /* LibriVoxTaste.swift */ = {isa = PBXFileReference; lastKnownFileType = sourcecode.swift; path = LibriVoxTaste.swift; sourceTree = "<group>"; };
		5BC5D2456F2BE5E45C32FB38 /* LibraryRepository.swift */ = {isa = PBXFileReference; lastKnownFileType = sourcecode.swift; path = LibraryRepository.swift; sourceTree = "<group>"; };
		625CF2D580D87272EEBDE947 /* LastPlaybackSnapshotStore.swift */ = {isa = PBXFileReference; lastKnownFileType = sourcecode.swift; path = LastPlaybackSnapshotStore.swift; sourceTree = "<group>"; };
		63E0138B81F7532946A478D9 /* MiniPlayerView.swift */ = {isa = PBXFileReference; lastKnownFileType = sourcecode.swift; path = MiniPlayerView.swift; sourceTree = "<group>"; };
		64D35CBE7E6B27C3DE496BAF /* InternetArchiveModels.swift */ = {isa = PBXFileReference; lastKnownFileType = sourcecode.swift; path = InternetArchiveModels.swift; sourceTree = "<group>"; };
		6D0789D8083F86F84540255D /* VisualOnboardingTests.swift */ = {isa = PBXFileReference; lastKnownFileType = sourcecode.swift; path = VisualOnboardingTests.swift; sourceTree = "<group>"; };
		6D2BA4E5373D5B09F5FA1922 /* ModelBehaviorTests.swift */ = {isa = PBXFileReference; lastKnownFileType = sourcecode.swift; path = ModelBehaviorTests.swift; sourceTree = "<group>"; };
		6FBAB9AA5DFEAD67485D8C81 /* SplashView.swift */ = {isa = PBXFileReference; lastKnownFileType = sourcecode.swift; path = SplashView.swift; sourceTree = "<group>"; };
		7061C2926ADCC3744384448A /* AudioEngine.swift */ = {isa = PBXFileReference; lastKnownFileType = sourcecode.swift; path = AudioEngine.swift; sourceTree = "<group>"; };
		739CF70CFD45FD09DC69EB64 /* ListenView.swift */ = {isa = PBXFileReference; lastKnownFileType = sourcecode.swift; path = ListenView.swift; sourceTree = "<group>"; };
		76F2D68CDD51A3EDFFAC819C /* BiquadFilter.swift */ = {isa = PBXFileReference; lastKnownFileType = sourcecode.swift; path = BiquadFilter.swift; sourceTree = "<group>"; };
		781FE9474675E666D936545F /* PlaybackModels.swift */ = {isa = PBXFileReference; lastKnownFileType = sourcecode.swift; path = PlaybackModels.swift; sourceTree = "<group>"; };
		78FDD3844C1AB75919FF879C /* FolderWatchService.swift */ = {isa = PBXFileReference; lastKnownFileType = sourcecode.swift; path = FolderWatchService.swift; sourceTree = "<group>"; };
		79F5976941C1FEC963784983 /* EQAudioProcessor.swift */ = {isa = PBXFileReference; lastKnownFileType = sourcecode.swift; path = EQAudioProcessor.swift; sourceTree = "<group>"; };
		80E5861D18CA56AA2AD9FC21 /* MediaPlayer.framework */ = {isa = PBXFileReference; lastKnownFileType = wrapper.framework; name = MediaPlayer.framework; path = System/Library/Frameworks/MediaPlayer.framework; sourceTree = SDKROOT; };
		841534B2BAC23D46DACCD5B1 /* LibraryView.swift */ = {isa = PBXFileReference; lastKnownFileType = sourcecode.swift; path = LibraryView.swift; sourceTree = "<group>"; };
		85B1181A1D8983DA914206C2 /* libsqlite3.tbd */ = {isa = PBXFileReference; lastKnownFileType = "sourcecode.text-based-dylib-definition"; name = libsqlite3.tbd; path = usr/lib/libsqlite3.tbd; sourceTree = SDKROOT; };
		8A8E838C6CE7E87446EA5613 /* metadata_multiformat_item.json */ = {isa = PBXFileReference; lastKnownFileType = text.json; path = metadata_multiformat_item.json; sourceTree = "<group>"; };
		92F20DA9A56A7ADC31849724 /* ProPaywallView.swift */ = {isa = PBXFileReference; lastKnownFileType = sourcecode.swift; path = ProPaywallView.swift; sourceTree = "<group>"; };
		946AF7AFDF51892640050E23 /* ModelMapping.swift */ = {isa = PBXFileReference; lastKnownFileType = sourcecode.swift; path = ModelMapping.swift; sourceTree = "<group>"; };
		94E00E34BB8E21391962EFE1 /* PlaybackCoordinator.swift */ = {isa = PBXFileReference; lastKnownFileType = sourcecode.swift; path = PlaybackCoordinator.swift; sourceTree = "<group>"; };
		95899A251D2052F3A0594746 /* BookModels.swift */ = {isa = PBXFileReference; lastKnownFileType = sourcecode.swift; path = BookModels.swift; sourceTree = "<group>"; };
		97D31866CCDBBD795481D35D /* StreamCacheStore.swift */ = {isa = PBXFileReference; lastKnownFileType = sourcecode.swift; path = StreamCacheStore.swift; sourceTree = "<group>"; };
		9D332E6309846362FD6D4EDA /* Pro.storekit */ = {isa = PBXFileReference; path = Pro.storekit; sourceTree = "<group>"; };
		A6A38C40AB8319675AFAA1C2 /* AVPlayerAudioEngine.swift */ = {isa = PBXFileReference; lastKnownFileType = sourcecode.swift; path = AVPlayerAudioEngine.swift; sourceTree = "<group>"; };
		A6AA015D08BC5D3D56CA570C /* VoxglassApp.swift */ = {isa = PBXFileReference; lastKnownFileType = sourcecode.swift; path = VoxglassApp.swift; sourceTree = "<group>"; };
		AC7FA06FAF043F5404168367 /* BookDetailView.swift */ = {isa = PBXFileReference; lastKnownFileType = sourcecode.swift; path = BookDetailView.swift; sourceTree = "<group>"; };
		AD30019A34C9E1F714333796 /* NowPlayingView.swift */ = {isa = PBXFileReference; lastKnownFileType = sourcecode.swift; path = NowPlayingView.swift; sourceTree = "<group>"; };
		ADE04706A1E9CC281DFCD089 /* Info.plist */ = {isa = PBXFileReference; lastKnownFileType = text.plist; path = Info.plist; sourceTree = "<group>"; };
		AFF3B0DCD481B0A6FE412E3E /* AppDatabase.swift */ = {isa = PBXFileReference; lastKnownFileType = sourcecode.swift; path = AppDatabase.swift; sourceTree = "<group>"; };
		B28A58431311F120BDAF4F1E /* IADateFormattingTests.swift */ = {isa = PBXFileReference; lastKnownFileType = sourcecode.swift; path = IADateFormattingTests.swift; sourceTree = "<group>"; };
		B5D32B1ADBD5E2A825589454 /* Voxglass.app */ = {isa = PBXFileReference; includeInIndex = 0; lastKnownFileType = wrapper.application; path = Voxglass.app; sourceTree = BUILT_PRODUCTS_DIR; };
		BC61497C672A246E4A913E3F /* PositionStoreTests.swift */ = {isa = PBXFileReference; lastKnownFileType = sourcecode.swift; path = PositionStoreTests.swift; sourceTree = "<group>"; };
		BF296A86B135507051DFBBD2 /* AVFoundation.framework */ = {isa = PBXFileReference; lastKnownFileType = wrapper.framework; name = AVFoundation.framework; path = System/Library/Frameworks/AVFoundation.framework; sourceTree = SDKROOT; };
		C0A4FFBD0724DFB6979CF4D7 /* CachingResourceLoader.swift */ = {isa = PBXFileReference; lastKnownFileType = sourcecode.swift; path = CachingResourceLoader.swift; sourceTree = "<group>"; };
		C0F83970BE913FA182709D2E /* AudioFormatSelection.swift */ = {isa = PBXFileReference; lastKnownFileType = sourcecode.swift; path = AudioFormatSelection.swift; sourceTree = "<group>"; };
		CB2DBA8A509FFB154473301D /* BookArtworkView.swift */ = {isa = PBXFileReference; lastKnownFileType = sourcecode.swift; path = BookArtworkView.swift; sourceTree = "<group>"; };
		CEC318EB68E5165403477C6D /* DiscoverView.swift */ = {isa = PBXFileReference; lastKnownFileType = sourcecode.swift; path = DiscoverView.swift; sourceTree = "<group>"; };
		CF19A4F59CA3110F4B87D5B4 /* VoxglassUITests.swift */ = {isa = PBXFileReference; lastKnownFileType = sourcecode.swift; path = VoxglassUITests.swift; sourceTree = "<group>"; };
		D187D7F0D06AAA1D3E05A0EB /* StoreManager.swift */ = {isa = PBXFileReference; lastKnownFileType = sourcecode.swift; path = StoreManager.swift; sourceTree = "<group>"; };
		D1F526973EBB17A744B728F6 /* StoreKit.framework */ = {isa = PBXFileReference; lastKnownFileType = wrapper.framework; name = StoreKit.framework; path = System/Library/Frameworks/StoreKit.framework; sourceTree = SDKROOT; };
		D8A5F2369B3F5A5051E55BD5 /* FreeTierRegistryTests.swift */ = {isa = PBXFileReference; lastKnownFileType = sourcecode.swift; path = FreeTierRegistryTests.swift; sourceTree = "<group>"; };
		DAC790663E3E5CDEE2A69FCA /* ArtworkServiceUnifiedTests.swift */ = {isa = PBXFileReference; lastKnownFileType = sourcecode.swift; path = ArtworkServiceUnifiedTests.swift; sourceTree = "<group>"; };
		DBF0BA6B47E170D692135105 /* AppServices.swift */ = {isa = PBXFileReference; lastKnownFileType = sourcecode.swift; path = AppServices.swift; sourceTree = "<group>"; };
		E02A866C80A1AC953D2FF5F6 /* LocalAudioImporter.swift */ = {isa = PBXFileReference; lastKnownFileType = sourcecode.swift; path = LocalAudioImporter.swift; sourceTree = "<group>"; };
		E5515C1592CC2C95E1740040 /* InternetArchiveCatalogTests.swift */ = {isa = PBXFileReference; lastKnownFileType = sourcecode.swift; path = InternetArchiveCatalogTests.swift; sourceTree = "<group>"; };
		E6263EDA39C0F570D2A4A685 /* VoxglassTheme.swift */ = {isa = PBXFileReference; lastKnownFileType = sourcecode.swift; path = VoxglassTheme.swift; sourceTree = "<group>"; };
		EBFDDE9DC3DB057D7F68E899 /* advanced_search_librivox.json */ = {isa = PBXFileReference; lastKnownFileType = text.json; path = advanced_search_librivox.json; sourceTree = "<group>"; };
		EFA4E9B17CAB1FFA31DB10F8 /* VoxglassTests.xctest */ = {isa = PBXFileReference; includeInIndex = 0; lastKnownFileType = wrapper.cfbundle; path = VoxglassTests.xctest; sourceTree = BUILT_PRODUCTS_DIR; };
		F17A1A10380661E1380EBCF2 /* AppPreferencesStore.swift */ = {isa = PBXFileReference; lastKnownFileType = sourcecode.swift; path = AppPreferencesStore.swift; sourceTree = "<group>"; };
		F2C0CC7564136E84756F685C /* AdaptiveGlass.swift */ = {isa = PBXFileReference; lastKnownFileType = sourcecode.swift; path = AdaptiveGlass.swift; sourceTree = "<group>"; };
		F701EDCDE2BB625656606A03 /* SettingsView.swift */ = {isa = PBXFileReference; lastKnownFileType = sourcecode.swift; path = SettingsView.swift; sourceTree = "<group>"; };
		F75BEC14A135E3D926160BA1 /* DatabaseMigrations.swift */ = {isa = PBXFileReference; lastKnownFileType = sourcecode.swift; path = DatabaseMigrations.swift; sourceTree = "<group>"; };
/* End PBXFileReference section */

/* Begin PBXFrameworksBuildPhase section */
		BF91174CF3CF8623979C3588 /* Frameworks */ = {
			isa = PBXFrameworksBuildPhase;
			buildActionMask = 2147483647;
			files = (
				8C6B21C9D4DCE4D3AAFB642E /* AudioToolbox.framework in Frameworks */,
				BB92423FB45EE5D963ED7BAA /* AVFoundation.framework in Frameworks */,
				089C22BB4A3D9F9B62E7ADC7 /* MediaPlayer.framework in Frameworks */,
				F58C6B635FE4217352ADCECA /* StoreKit.framework in Frameworks */,
				A787A01E2BC926D7A17297CA /* UniformTypeIdentifiers.framework in Frameworks */,
				E9377FC490F1E5406F211C28 /* libsqlite3.tbd in Frameworks */,
			);
			runOnlyForDeploymentPostprocessing = 0;
		};
/* End PBXFrameworksBuildPhase section */

/* Begin PBXGroup section */
		0581765802E5939BF95CB68A /* Library */ = {
			isa = PBXGroup;
			children = (
				5BC5D2456F2BE5E45C32FB38 /* LibraryRepository.swift */,
				2F1723E9FFAA47E9FFF1B60C /* LibraryStore.swift */,
				E02A866C80A1AC953D2FF5F6 /* LocalAudioImporter.swift */,
			);
			path = Library;
			sourceTree = "<group>";
		};
		12BF63F6480D7A73DD5781E7 /* Playback */ = {
			isa = PBXGroup;
			children = (
				7061C2926ADCC3744384448A /* AudioEngine.swift */,
				A6A38C40AB8319675AFAA1C2 /* AVPlayerAudioEngine.swift */,
				625CF2D580D87272EEBDE947 /* LastPlaybackSnapshotStore.swift */,
				94E00E34BB8E21391962EFE1 /* PlaybackCoordinator.swift */,
				385B29245096DA5C30CACEBC /* PlaybackSession.swift */,
				2EC83371BA85A0967FDC5E2D /* PositionStore.swift */,
			);
			path = Playback;
			sourceTree = "<group>";
		};
		138D1317A3936F5E0384408C /* Models */ = {
			isa = PBXGroup;
			children = (
				95899A251D2052F3A0594746 /* BookModels.swift */,
				781FE9474675E666D936545F /* PlaybackModels.swift */,
			);
			path = Models;
			sourceTree = "<group>";
		};
		14120B8711EC104FE616E7D7 /* Frameworks */ = {
			isa = PBXGroup;
			children = (
				49FA6D58EC651570824B18FE /* AudioToolbox.framework */,
				BF296A86B135507051DFBBD2 /* AVFoundation.framework */,
				85B1181A1D8983DA914206C2 /* libsqlite3.tbd */,
				80E5861D18CA56AA2AD9FC21 /* MediaPlayer.framework */,
				D1F526973EBB17A744B728F6 /* StoreKit.framework */,
				401A6A7A2EAF21C7B1B57B98 /* UniformTypeIdentifiers.framework */,
			);
			name = Frameworks;
			sourceTree = "<group>";
		};
		1AF125482C19AB14F80FF704 /* Services */ = {
			isa = PBXGroup;
			children = (
				4A231D6F71366A0CB091D43B /* NetworkMonitor.swift */,
				24672F48C2906D362BF0CA10 /* Download */,
				9BC5BD87AECB09ED13B294F1 /* Playback */,
				1BA2916B9E676D47DCFB0A87 /* Pro */,
			);
			path = Services;
			sourceTree = "<group>";
		};
		1BA2916B9E676D47DCFB0A87 /* Pro */ = {
			isa = PBXGroup;
			children = (
				3A2CE8BA17550D0B0C83422C /* ProEntitlement.swift */,
				3683818DB9958D3AE591BCEA /* ProFeature.swift */,
				D187D7F0D06AAA1D3E05A0EB /* StoreManager.swift */,
			);
			path = Pro;
			sourceTree = "<group>";
		};
		24672F48C2906D362BF0CA10 /* Download */ = {
			isa = PBXGroup;
			children = (
				78FDD3844C1AB75919FF879C /* FolderWatchService.swift */,
			);
			path = Download;
			sourceTree = "<group>";
		};
		2FD1F66FADFA63C33D73FE19 /* Listen */ = {
			isa = PBXGroup;
			children = (
				739CF70CFD45FD09DC69EB64 /* ListenView.swift */,
			);
			path = Listen;
			sourceTree = "<group>";
		};
		337D65C25ED2154536B8E821 /* Fixtures */ = {
			isa = PBXGroup;
			children = (
				BB6D4A6751ADEDEE7F4C0D55 /* InternetArchive */,
			);
			path = Fixtures;
			sourceTree = "<group>";
		};
		4FF87AFE93B4D9DF1F64B844 /* Library */ = {
			isa = PBXGroup;
			children = (
				AC7FA06FAF043F5404168367 /* BookDetailView.swift */,
				46BECBB89F17D12CFB910BC9 /* BookRowView.swift */,
				841534B2BAC23D46DACCD5B1 /* LibraryView.swift */,
			);
			path = Library;
			sourceTree = "<group>";
		};
		558B88315E87649350BF1F1A /* Chrome */ = {
			isa = PBXGroup;
			children = (
				420E11400AB1535B94D3D0B5 /* GlassDock.swift */,
			);
			path = Chrome;
			sourceTree = "<group>";
		};
		5B7931E9F13221B79BA0FBA4 /* Player */ = {
			isa = PBXGroup;
			children = (
				63E0138B81F7532946A478D9 /* MiniPlayerView.swift */,
				AD30019A34C9E1F714333796 /* NowPlayingView.swift */,
			);
			path = Player;
			sourceTree = "<group>";
		};
		64C3F8F8FCD8175BB6BA6CB7 /* DesignSystem */ = {
			isa = PBXGroup;
			children = (
				F2C0CC7564136E84756F685C /* AdaptiveGlass.swift */,
				1F75882B51F22C8D3A3EEAAD /* ArtworkService.swift */,
				CB2DBA8A509FFB154473301D /* BookArtworkView.swift */,
				1E8ACE29C6DA4A589D92AFF3 /* TimeFormatting.swift */,
				0D05CDEA73075148B3331D3D /* VoxglassComponents.swift */,
				E6263EDA39C0F570D2A4A685 /* VoxglassTheme.swift */,
			);
			path = DesignSystem;
			sourceTree = "<group>";
		};
		70755C39B38059F60ABA20A0 /* Database */ = {
			isa = PBXGroup;
			children = (
				AFF3B0DCD481B0A6FE412E3E /* AppDatabase.swift */,
				F75BEC14A135E3D926160BA1 /* DatabaseMigrations.swift */,
				0AEEA84F0A20681E031EC755 /* DatabaseValue.swift */,
				946AF7AFDF51892640050E23 /* ModelMapping.swift */,
			);
			path = Database;
			sourceTree = "<group>";
		};
		70B91E13A8CC39B4EE6D6CBE /* Onboarding */ = {
			isa = PBXGroup;
			children = (
				06CDA895FD619425E8633059 /* OnboardingPreferencesView.swift */,
				6FBAB9AA5DFEAD67485D8C81 /* SplashView.swift */,
			);
			path = Onboarding;
			sourceTree = "<group>";
		};
		796B34DD940E8756362344DD /* Products */ = {
			isa = PBXGroup;
			children = (
				B5D32B1ADBD5E2A825589454 /* Voxglass.app */,
				EFA4E9B17CAB1FFA31DB10F8 /* VoxglassTests.xctest */,
				502C6F0D6AB044871EE800C9 /* VoxglassUITests.xctest */,
			);
			name = Products;
			sourceTree = "<group>";
		};
		841BFD607908FFF4B0F0E536 /* EQ */ = {
			isa = PBXGroup;
			children = (
				76F2D68CDD51A3EDFFAC819C /* BiquadFilter.swift */,
				79F5976941C1FEC963784983 /* EQAudioProcessor.swift */,
			);
			path = EQ;
			sourceTree = "<group>";
		};
		97D8E1CF44DA8E5536673DBB /* Discover */ = {
			isa = PBXGroup;
			children = (
				CEC318EB68E5165403477C6D /* DiscoverView.swift */,
			);
			path = Discover;
			sourceTree = "<group>";
		};
		9812E38B575540CF64D6CA95 /* Core */ = {
			isa = PBXGroup;
			children = (
				B7D676747A6179724B7E59FD /* Catalog */,
				70755C39B38059F60ABA20A0 /* Database */,
				0581765802E5939BF95CB68A /* Library */,
				138D1317A3936F5E0384408C /* Models */,
				12BF63F6480D7A73DD5781E7 /* Playback */,
				1AF125482C19AB14F80FF704 /* Services */,
			);
			path = Core;
			sourceTree = "<group>";
		};
		9BC5BD87AECB09ED13B294F1 /* Playback */ = {
			isa = PBXGroup;
			children = (
				C0F83970BE913FA182709D2E /* AudioFormatSelection.swift */,
				3208819E8BF1703E04FD3222 /* ByteRangeMap.swift */,
				1B65C61660EB3946B337D332 /* CacheManager.swift */,
				C0A4FFBD0724DFB6979CF4D7 /* CachingResourceLoader.swift */,
				97D31866CCDBBD795481D35D /* StreamCacheStore.swift */,
				841BFD607908FFF4B0F0E536 /* EQ */,
			);
			path = Playback;
			sourceTree = "<group>";
		};
		A8CDFF63283253FCE1DB2B33 = {
			isa = PBXGroup;
			children = (
				F7EF5EDAB0E5DBEA3523BBFE /* Voxglass */,
				ED4982468693FA0EDA9C26ED /* VoxglassTests */,
				F1BE95C159C6821B95663D5C /* VoxglassUITests */,
				14120B8711EC104FE616E7D7 /* Frameworks */,
				796B34DD940E8756362344DD /* Products */,
			);
			sourceTree = "<group>";
		};
		B7D676747A6179724B7E59FD /* Catalog */ = {
			isa = PBXGroup;
			children = (
				50D1C32869E453FD6ED93AFC /* CatalogStore.swift */,
				25390F059CBB36A777F3A45F /* HomeRecommendationStore.swift */,
				10412605E1021E75FBF43A82 /* IACollection.swift */,
				4DF1394BDF3593C56E35B9DC /* InternetArchiveAudioSelector.swift */,
				437EA198DF6BD31FC98AAF8A /* InternetArchiveClient.swift */,
				64D35CBE7E6B27C3DE496BAF /* InternetArchiveModels.swift */,
				334D79A138E41BE3692FE059 /* InternetArchiveURLParser.swift */,
				26E3467C25D19F186E979A8A /* LibriVoxBrowseCategory.swift */,
				5594FA62EFB2988C230BB3A3 /* LibriVoxTaste.swift */,
			);
			path = Catalog;
			sourceTree = "<group>";
		};
		BB6D4A6751ADEDEE7F4C0D55 /* InternetArchive */ = {
			isa = PBXGroup;
			children = (
				EBFDDE9DC3DB057D7F68E899 /* advanced_search_librivox.json */,
				16D5DD63112BA7D489FDC31C /* metadata_librivox_item.json */,
				8A8E838C6CE7E87446EA5613 /* metadata_multiformat_item.json */,
			);
			path = InternetArchive;
			sourceTree = "<group>";
		};
		BEF7A9B354634A76C29CF7BD /* App */ = {
			isa = PBXGroup;
			children = (
				F17A1A10380661E1380EBCF2 /* AppPreferencesStore.swift */,
				DBF0BA6B47E170D692135105 /* AppServices.swift */,
				54A19CE35BAFC21D027EED34 /* RootView.swift */,
				A6AA015D08BC5D3D56CA570C /* VoxglassApp.swift */,
			);
			path = App;
			sourceTree = "<group>";
		};
		CDF941A7C9627F312E5FBE96 /* Search */ = {
			isa = PBXGroup;
			children = (
				4008972DE2117B1781A316A6 /* SearchView.swift */,
			);
			path = Search;
			sourceTree = "<group>";
		};
		D76B64495A1ADA48FF3A1394 /* Resources */ = {
			isa = PBXGroup;
			children = (
				1BBA5A2E92771EE1379D897D /* Assets.xcassets */,
				9D332E6309846362FD6D4EDA /* Pro.storekit */,
			);
			path = Resources;
			sourceTree = "<group>";
		};
		ED4982468693FA0EDA9C26ED /* VoxglassTests */ = {
			isa = PBXGroup;
			children = (
				DAC790663E3E5CDEE2A69FCA /* ArtworkServiceUnifiedTests.swift */,
				311EDE67BD1D551B959781C9 /* AudioFormatSelectionTests.swift */,
				45C874B881FBBCD4057C0F64 /* CacheSettingsModelTests.swift */,
				D8A5F2369B3F5A5051E55BD5 /* FreeTierRegistryTests.swift */,
				2AF241C86613512CDBF1ECA3 /* HomeViewTests.swift */,
				B28A58431311F120BDAF4F1E /* IADateFormattingTests.swift */,
				ADE04706A1E9CC281DFCD089 /* Info.plist */,
				E5515C1592CC2C95E1740040 /* InternetArchiveCatalogTests.swift */,
				29E251AB7BD44B822DF78B97 /* LibraryRepositoryTests.swift */,
				6D2BA4E5373D5B09F5FA1922 /* ModelBehaviorTests.swift */,
				BC61497C672A246E4A913E3F /* PositionStoreTests.swift */,
				47601209536B30FE1382B547 /* ResultRowDetailLineTests.swift */,
				165895C5F9B4D9CC4CB8DEBE /* StreamCacheUnifiedTests.swift */,
				6D0789D8083F86F84540255D /* VisualOnboardingTests.swift */,
				337D65C25ED2154536B8E821 /* Fixtures */,
			);
			path = VoxglassTests;
			sourceTree = "<group>";
		};
		EF682B4AD94F2E2E912091D4 /* Settings */ = {
			isa = PBXGroup;
			children = (
				92F20DA9A56A7ADC31849724 /* ProPaywallView.swift */,
				F701EDCDE2BB625656606A03 /* SettingsView.swift */,
			);
			path = Settings;
			sourceTree = "<group>";
		};
		F1BE95C159C6821B95663D5C /* VoxglassUITests */ = {
			isa = PBXGroup;
			children = (
				CF19A4F59CA3110F4B87D5B4 /* VoxglassUITests.swift */,
			);
			path = VoxglassUITests;
			sourceTree = "<group>";
		};
		F7EF5EDAB0E5DBEA3523BBFE /* Voxglass */ = {
			isa = PBXGroup;
			children = (
				BEF7A9B354634A76C29CF7BD /* App */,
				9812E38B575540CF64D6CA95 /* Core */,
				64C3F8F8FCD8175BB6BA6CB7 /* DesignSystem */,
				FF3D079D61486F8A56FD39FF /* Features */,
				D76B64495A1ADA48FF3A1394 /* Resources */,
			);
			path = Voxglass;
			sourceTree = "<group>";
		};
		FF3D079D61486F8A56FD39FF /* Features */ = {
			isa = PBXGroup;
			children = (
				558B88315E87649350BF1F1A /* Chrome */,
				97D8E1CF44DA8E5536673DBB /* Discover */,
				4FF87AFE93B4D9DF1F64B844 /* Library */,
				2FD1F66FADFA63C33D73FE19 /* Listen */,
				70B91E13A8CC39B4EE6D6CBE /* Onboarding */,
				5B7931E9F13221B79BA0FBA4 /* Player */,
				CDF941A7C9627F312E5FBE96 /* Search */,
				EF682B4AD94F2E2E912091D4 /* Settings */,
			);
			path = Features;
			sourceTree = "<group>";
		};
/* End PBXGroup section */

/* Begin PBXNativeTarget section */
		08B68FEA2D31598ABDA70D1E /* VoxglassTests */ = {
			isa = PBXNativeTarget;
			buildConfigurationList = 1866874965BCC7CDDE77EDE2 /* Build configuration list for PBXNativeTarget "VoxglassTests" */;
			buildPhases = (
				DC7DDDBB5C88DCECC53FA385 /* Sources */,
				A50F12061A94E7D09F73C877 /* Resources */,
			);
			buildRules = (
			);
			dependencies = (
				5940A616230DC085B5B195D8 /* PBXTargetDependency */,
			);
			name = VoxglassTests;
			packageProductDependencies = (
			);
			productName = VoxglassTests;
			productReference = EFA4E9B17CAB1FFA31DB10F8 /* VoxglassTests.xctest */;
			productType = "com.apple.product-type.bundle.unit-test";
		};
		3B8880C71EB76B457C2934CE /* VoxglassUITests */ = {
			isa = PBXNativeTarget;
			buildConfigurationList = 07ADB34AF3B7FBF0A72A444D /* Build configuration list for PBXNativeTarget "VoxglassUITests" */;
			buildPhases = (
				ACADA05FCB1AEFA97EAF768F /* Sources */,
			);
			buildRules = (
			);
			dependencies = (
				2BDEA0011411BB37D715B79C /* PBXTargetDependency */,
			);
			name = VoxglassUITests;
			packageProductDependencies = (
			);
			productName = VoxglassUITests;
			productReference = 502C6F0D6AB044871EE800C9 /* VoxglassUITests.xctest */;
			productType = "com.apple.product-type.bundle.ui-testing";
		};
		66284DBA90AC39B124263951 /* Voxglass */ = {
			isa = PBXNativeTarget;
			buildConfigurationList = 2E32793A1CF978D956C91D25 /* Build configuration list for PBXNativeTarget "Voxglass" */;
			buildPhases = (
				AE89C599189D2D3B17C840A7 /* Sources */,
				0FCE836649D97CE047B56E0B /* Resources */,
				BF91174CF3CF8623979C3588 /* Frameworks */,
			);
			buildRules = (
			);
			dependencies = (
			);
			name = Voxglass;
			packageProductDependencies = (
			);
			productName = Voxglass;
			productReference = B5D32B1ADBD5E2A825589454 /* Voxglass.app */;
			productType = "com.apple.product-type.application";
		};
/* End PBXNativeTarget section */

/* Begin PBXProject section */
		8A93FEDC260681E1ACBD4811 /* Project object */ = {
			isa = PBXProject;
			attributes = {
				BuildIndependentTargetsInParallel = YES;
				LastUpgradeCheck = 1430;
				TargetAttributes = {
					3B8880C71EB76B457C2934CE = {
						TestTargetID = 66284DBA90AC39B124263951;
					};
				};
			};
			buildConfigurationList = 3BC5B986E96CBEC15B924BDA /* Build configuration list for PBXProject "Voxglass" */;
			developmentRegion = en;
			hasScannedForEncodings = 0;
			knownRegions = (
				Base,
				en,
			);
			mainGroup = A8CDFF63283253FCE1DB2B33;
			minimizedProjectReferenceProxies = 1;
			preferredProjectObjectVersion = 77;
			productRefGroup = 796B34DD940E8756362344DD /* Products */;
			projectDirPath = "";
			projectRoot = "";
			targets = (
				66284DBA90AC39B124263951 /* Voxglass */,
				08B68FEA2D31598ABDA70D1E /* VoxglassTests */,
				3B8880C71EB76B457C2934CE /* VoxglassUITests */,
			);
		};
/* End PBXProject section */

/* Begin PBXResourcesBuildPhase section */
		0FCE836649D97CE047B56E0B /* Resources */ = {
			isa = PBXResourcesBuildPhase;
			buildActionMask = 2147483647;
			files = (
				3D1FDC4720D46F3585E91D38 /* Assets.xcassets in Resources */,
				6B402D9D8F9CCEE8C4E7B22F /* Pro.storekit in Resources */,
			);
			runOnlyForDeploymentPostprocessing = 0;
		};
		A50F12061A94E7D09F73C877 /* Resources */ = {
			isa = PBXResourcesBuildPhase;
			buildActionMask = 2147483647;
			files = (
				EA7CE32CD945C2D288EE6EE9 /* advanced_search_librivox.json in Resources */,
				69472E4C15429C0482CF1283 /* metadata_librivox_item.json in Resources */,
				CA5AC2F9F48CB25EA26120C9 /* metadata_multiformat_item.json in Resources */,
			);
			runOnlyForDeploymentPostprocessing = 0;
		};
/* End PBXResourcesBuildPhase section */

/* Begin PBXSourcesBuildPhase section */
		ACADA05FCB1AEFA97EAF768F /* Sources */ = {
			isa = PBXSourcesBuildPhase;
			buildActionMask = 2147483647;
			files = (
				9A64C2D2E69FD9609615B505 /* VoxglassUITests.swift in Sources */,
			);
			runOnlyForDeploymentPostprocessing = 0;
		};
		AE89C599189D2D3B17C840A7 /* Sources */ = {
			isa = PBXSourcesBuildPhase;
			buildActionMask = 2147483647;
			files = (
				3382A26BA23175201F4C5F60 /* AVPlayerAudioEngine.swift in Sources */,
				7D9C2E22E6DF8072E4EA774F /* AdaptiveGlass.swift in Sources */,
				BE9B082F6ED79555AA19836F /* AppDatabase.swift in Sources */,
				0580D2DDAA107B2D8766D7AA /* AppPreferencesStore.swift in Sources */,
				F6D05FC8D3665660DD1D83B2 /* AppServices.swift in Sources */,
				6D1F2947C9F08205C5A4C991 /* ArtworkService.swift in Sources */,
				CB5EA55140CA0C452B28DE1A /* AudioEngine.swift in Sources */,
				87F429A2A56181EF2798D1B8 /* AudioFormatSelection.swift in Sources */,
				F8EC3F97900EE69E429C05CA /* BiquadFilter.swift in Sources */,
				293A63007EB15E38F0842E29 /* BookArtworkView.swift in Sources */,
				DF6106903BF99273FF49A92B /* BookDetailView.swift in Sources */,
				F9AB93B673E588E96F7938A8 /* BookModels.swift in Sources */,
				D8702B14A8C9B66FDD4A525A /* BookRowView.swift in Sources */,
				B6CF80A8DCF3C06588027A19 /* ByteRangeMap.swift in Sources */,
				DEA28DA035E919802F2494A2 /* CacheManager.swift in Sources */,
				FD0F7A38F3FF30957DFBCD12 /* CachingResourceLoader.swift in Sources */,
				B1DEAD1245E45041FB77197E /* CatalogStore.swift in Sources */,
				AD5CC2537E5FA99BC480B497 /* DatabaseMigrations.swift in Sources */,
				5F1A208BDFF964AD3392B694 /* DatabaseValue.swift in Sources */,
				D1DB078A196600B28D4BD877 /* DiscoverView.swift in Sources */,
				5C6CECF4CF0B88CEF7D16462 /* EQAudioProcessor.swift in Sources */,
				EC2B70277C487A5A07362808 /* FolderWatchService.swift in Sources */,
				8A1CD38DD828054566ABEF1C /* GlassDock.swift in Sources */,
				C302DA4298F8F83EAF79EEB2 /* HomeRecommendationStore.swift in Sources */,
				E7BA389ACEF2463AC7C2031B /* IACollection.swift in Sources */,
				3C0DE431CC692B27F1033D61 /* InternetArchiveAudioSelector.swift in Sources */,
				433A4DBD71894CA5974DB2E7 /* InternetArchiveClient.swift in Sources */,
				AF6890C534D3C83728E2FADA /* InternetArchiveModels.swift in Sources */,
				98CDCB1A5DA9E88729B1C08B /* InternetArchiveURLParser.swift in Sources */,
				19C9A2D1FAEB6534975F4850 /* LastPlaybackSnapshotStore.swift in Sources */,
				BC51894DE798E43C8455A051 /* LibraryRepository.swift in Sources */,
				A72053D04B89DFAA4A96914F /* LibraryStore.swift in Sources */,
				F4EB3C305249C34FE7D0EE3F /* LibraryView.swift in Sources */,
				B9A1B3887F341A38CABD5F58 /* LibriVoxBrowseCategory.swift in Sources */,
				137F7894CD8FFB97A42ED26E /* LibriVoxTaste.swift in Sources */,
				A1A49A4770F9A81018DA901C /* ListenView.swift in Sources */,
				1BB3402E40BE25E5AE494E58 /* LocalAudioImporter.swift in Sources */,
				68712C04A349BE64077A817A /* MiniPlayerView.swift in Sources */,
				97900263A97F90023C1A86F2 /* ModelMapping.swift in Sources */,
				A332DD2B8CEEE911054A1E2F /* NetworkMonitor.swift in Sources */,
				D0F69ED260C9A1B0D138789B /* NowPlayingView.swift in Sources */,
				CA61D150C3E12F06FB56A257 /* OnboardingPreferencesView.swift in Sources */,
				737B89964C17EDDFC294E82D /* PlaybackCoordinator.swift in Sources */,
				E6806258CC88E6D192E5D0D6 /* PlaybackModels.swift in Sources */,
				440C99473B5F61443D4B756E /* PlaybackSession.swift in Sources */,
				EB0B67315264618BF0D58C09 /* PositionStore.swift in Sources */,
				44909C568B50C6B53E64ABCE /* ProEntitlement.swift in Sources */,
				47AA8052D987CE8A6FABD5D7 /* ProFeature.swift in Sources */,
				B5E791446899B8C99A4B3FF4 /* ProPaywallView.swift in Sources */,
				10A6A4A2FD59778AC73503B0 /* RootView.swift in Sources */,
				5F0DF26D3A418D5EA6C2BEB9 /* SearchView.swift in Sources */,
				A720762200E37ED3E6C1B405 /* SettingsView.swift in Sources */,
				DF3D0923DF3DD5A7465F7EF8 /* SplashView.swift in Sources */,
				2CEA8FD9B9F6A505E01BF939 /* StoreManager.swift in Sources */,
				4E17B88927AF8BB4666FBBE3 /* StreamCacheStore.swift in Sources */,
				7EDA8C0947120EFD4B3F116B /* TimeFormatting.swift in Sources */,
				146A11873D483EDE4293F89F /* VoxglassApp.swift in Sources */,
				EFF52894E7D8920360E5F5F9 /* VoxglassComponents.swift in Sources */,
				713811C821F808FF77A38F59 /* VoxglassTheme.swift in Sources */,
			);
			runOnlyForDeploymentPostprocessing = 0;
		};
		DC7DDDBB5C88DCECC53FA385 /* Sources */ = {
			isa = PBXSourcesBuildPhase;
			buildActionMask = 2147483647;
			files = (
				47455BBFA799E35FCCEC3DE9 /* ArtworkServiceUnifiedTests.swift in Sources */,
				531FA1BD2AF6DFE1318A0833 /* AudioFormatSelectionTests.swift in Sources */,
				3F33DA2E97223B25B08EA054 /* CacheSettingsModelTests.swift in Sources */,
				EE5EC4960D5EA319D4ED30C3 /* FreeTierRegistryTests.swift in Sources */,
				E5A037C7BE52117C724C20A0 /* HomeViewTests.swift in Sources */,
				9DDDD022A48D14CDE1A25369 /* IADateFormattingTests.swift in Sources */,
				AB1D74DDE13765E68B2823F3 /* InternetArchiveCatalogTests.swift in Sources */,
				8E0DC1B2A7EBCE981FAC5710 /* LibraryRepositoryTests.swift in Sources */,
				C838EFD49FC8DB229DE0D627 /* ModelBehaviorTests.swift in Sources */,
				55A6274484CDE8FCD124D2E7 /* PositionStoreTests.swift in Sources */,
				436F8A568B8881A26C20C752 /* ResultRowDetailLineTests.swift in Sources */,
				1402A1277A603F1BBB2D7A4A /* StreamCacheUnifiedTests.swift in Sources */,
				EFD58001536BFA7C97DCDABD /* VisualOnboardingTests.swift in Sources */,
			);
			runOnlyForDeploymentPostprocessing = 0;
		};
/* End PBXSourcesBuildPhase section */

/* Begin PBXTargetDependency section */
		2BDEA0011411BB37D715B79C /* PBXTargetDependency */ = {
			isa = PBXTargetDependency;
			target = 66284DBA90AC39B124263951 /* Voxglass */;
			targetProxy = 01B09C050391F366D5A68F49 /* PBXContainerItemProxy */;
		};
		5940A616230DC085B5B195D8 /* PBXTargetDependency */ = {
			isa = PBXTargetDependency;
			target = 66284DBA90AC39B124263951 /* Voxglass */;
			targetProxy = 47B65887C0E5E15430969F94 /* PBXContainerItemProxy */;
		};
/* End PBXTargetDependency section */

/* Begin XCBuildConfiguration section */
		1731E3840B3EFBB7EA042112 /* Debug */ = {
			isa = XCBuildConfiguration;
			buildSettings = {
				ASSETCATALOG_COMPILER_APPICON_NAME = AppIcon;
				ASSETCATALOG_COMPILER_GLOBAL_ACCENT_COLOR_NAME = AccentColor;
				CODE_SIGN_IDENTITY = "iPhone Developer";
				CODE_SIGN_STYLE = Automatic;
				INFOPLIST_FILE = Voxglass/Resources/Info.plist;
				LD_RUNPATH_SEARCH_PATHS = (
					"$(inherited)",
					"@executable_path/Frameworks",
				);
				PRODUCT_BUNDLE_IDENTIFIER = guru.parso.voxglass;
				PRODUCT_NAME = Voxglass;
				SDKROOT = iphoneos;
				TARGETED_DEVICE_FAMILY = "1,2";
			};
			name = Debug;
		};
		2CB850934489B54F5F83A469 /* Release */ = {
			isa = XCBuildConfiguration;
			buildSettings = {
				BUNDLE_LOADER = "$(TEST_HOST)";
				CODE_SIGNING_ALLOWED = NO;
				INFOPLIST_FILE = VoxglassTests/Info.plist;
				LD_RUNPATH_SEARCH_PATHS = (
					"$(inherited)",
					"@executable_path/Frameworks",
					"@loader_path/Frameworks",
				);
				PRODUCT_BUNDLE_IDENTIFIER = guru.parso.voxglass.tests;
				SDKROOT = iphoneos;
				TARGETED_DEVICE_FAMILY = "1,2";
				TEST_HOST = "$(BUILT_PRODUCTS_DIR)/Voxglass.app/$(BUNDLE_EXECUTABLE_FOLDER_PATH)/Voxglass";
			};
			name = Release;
		};
		44729A84287263FDF743B9B8 /* Debug */ = {
			isa = XCBuildConfiguration;
			buildSettings = {
				ALWAYS_SEARCH_USER_PATHS = NO;
				CLANG_ANALYZER_LOCALIZABILITY_NONLOCALIZED = YES;
				CLANG_ANALYZER_NONNULL = YES;
				CLANG_ANALYZER_NUMBER_OBJECT_CONVERSION = YES_AGGRESSIVE;
				CLANG_CXX_LANGUAGE_STANDARD = "gnu++14";
				CLANG_CXX_LIBRARY = "libc++";
				CLANG_ENABLE_MODULES = YES;
				CLANG_ENABLE_OBJC_ARC = YES;
				CLANG_ENABLE_OBJC_WEAK = YES;
				CLANG_WARN_BLOCK_CAPTURE_AUTORELEASING = YES;
				CLANG_WARN_BOOL_CONVERSION = YES;
				CLANG_WARN_COMMA = YES;
				CLANG_WARN_CONSTANT_CONVERSION = YES;
				CLANG_WARN_DEPRECATED_OBJC_IMPLEMENTATIONS = YES;
				CLANG_WARN_DIRECT_OBJC_ISA_USAGE = YES_ERROR;
				CLANG_WARN_DOCUMENTATION_COMMENTS = YES;
				CLANG_WARN_EMPTY_BODY = YES;
				CLANG_WARN_ENUM_CONVERSION = YES;
				CLANG_WARN_INFINITE_RECURSION = YES;
				CLANG_WARN_INT_CONVERSION = YES;
				CLANG_WARN_NON_LITERAL_NULL_CONVERSION = YES;
				CLANG_WARN_OBJC_IMPLICIT_RETAIN_SELF = YES;
				CLANG_WARN_OBJC_LITERAL_CONVERSION = YES;
				CLANG_WARN_OBJC_ROOT_CLASS = YES_ERROR;
				CLANG_WARN_QUOTED_INCLUDE_IN_FRAMEWORK_HEADER = YES;
				CLANG_WARN_RANGE_LOOP_ANALYSIS = YES;
				CLANG_WARN_STRICT_PROTOTYPES = YES;
				CLANG_WARN_SUSPICIOUS_MOVE = YES;
				CLANG_WARN_UNGUARDED_AVAILABILITY = YES_AGGRESSIVE;
				CLANG_WARN_UNREACHABLE_CODE = YES;
				CLANG_WARN__DUPLICATE_METHOD_MATCH = YES;
				COPY_PHASE_STRIP = NO;
				CURRENT_PROJECT_VERSION = 31;
				DEBUG_INFORMATION_FORMAT = dwarf;
				ENABLE_STRICT_OBJC_MSGSEND = YES;
				ENABLE_TESTABILITY = YES;
				ENABLE_USER_SCRIPT_SANDBOXING = YES;
				GCC_C_LANGUAGE_STANDARD = gnu11;
				GCC_DYNAMIC_NO_PIC = NO;
				GCC_NO_COMMON_BLOCKS = YES;
				GCC_OPTIMIZATION_LEVEL = 0;
				GCC_PREPROCESSOR_DEFINITIONS = (
					"$(inherited)",
					"DEBUG=1",
				);
				GCC_WARN_64_TO_32_BIT_CONVERSION = YES;
				GCC_WARN_ABOUT_RETURN_TYPE = YES_ERROR;
				GCC_WARN_UNDECLARED_SELECTOR = YES;
				GCC_WARN_UNINITIALIZED_AUTOS = YES_AGGRESSIVE;
				GCC_WARN_UNUSED_FUNCTION = YES;
				GCC_WARN_UNUSED_VARIABLE = YES;
				IPHONEOS_DEPLOYMENT_TARGET = 17.0;
				MARKETING_VERSION = 1.1;
				MTL_ENABLE_DEBUG_INFO = INCLUDE_SOURCE;
				MTL_FAST_MATH = YES;
				ONLY_ACTIVE_ARCH = YES;
				PRODUCT_NAME = "$(TARGET_NAME)";
				SDKROOT = iphoneos;
				SWIFT_ACTIVE_COMPILATION_CONDITIONS = DEBUG;
				SWIFT_OPTIMIZATION_LEVEL = "-Onone";
				SWIFT_VERSION = 5.0;
			};
			name = Debug;
		};
		7C67789B8FE29E30DBBF5FCC /* Release */ = {
			isa = XCBuildConfiguration;
			buildSettings = {
				BUNDLE_LOADER = "$(TEST_HOST)";
				CODE_SIGNING_ALLOWED = NO;
				LD_RUNPATH_SEARCH_PATHS = (
					"$(inherited)",
					"@executable_path/Frameworks",
					"@loader_path/Frameworks",
				);
				PRODUCT_BUNDLE_IDENTIFIER = guru.parso.voxglass.uitests;
				SDKROOT = iphoneos;
				TARGETED_DEVICE_FAMILY = "1,2";
				TEST_TARGET_NAME = Voxglass;
			};
			name = Release;
		};
		CDAF9B2B198BB85ACE26E23F /* Release */ = {
			isa = XCBuildConfiguration;
			buildSettings = {
				ASSETCATALOG_COMPILER_APPICON_NAME = AppIcon;
				ASSETCATALOG_COMPILER_GLOBAL_ACCENT_COLOR_NAME = AccentColor;
				CODE_SIGN_IDENTITY = "Apple Distribution";
				CODE_SIGN_STYLE = Manual;
				INFOPLIST_FILE = Voxglass/Resources/Info.plist;
				LD_RUNPATH_SEARCH_PATHS = (
					"$(inherited)",
					"@executable_path/Frameworks",
				);
				PRODUCT_BUNDLE_IDENTIFIER = guru.parso.voxglass;
				PRODUCT_NAME = Voxglass;
				PROVISIONING_PROFILE_SPECIFIER = "Parso Voxglass App Store";
				SDKROOT = iphoneos;
				TARGETED_DEVICE_FAMILY = "1,2";
			};
			name = Release;
		};
		CEB3956123D4401C78A0FC7C /* Debug */ = {
			isa = XCBuildConfiguration;
			buildSettings = {
				BUNDLE_LOADER = "$(TEST_HOST)";
				CODE_SIGNING_ALLOWED = NO;
				INFOPLIST_FILE = VoxglassTests/Info.plist;
				LD_RUNPATH_SEARCH_PATHS = (
					"$(inherited)",
					"@executable_path/Frameworks",
					"@loader_path/Frameworks",
				);
				PRODUCT_BUNDLE_IDENTIFIER = guru.parso.voxglass.tests;
				SDKROOT = iphoneos;
				TARGETED_DEVICE_FAMILY = "1,2";
				TEST_HOST = "$(BUILT_PRODUCTS_DIR)/Voxglass.app/$(BUNDLE_EXECUTABLE_FOLDER_PATH)/Voxglass";
			};
			name = Debug;
		};
		DD9F8B5614D40897FE0A47B5 /* Debug */ = {
			isa = XCBuildConfiguration;
			buildSettings = {
				BUNDLE_LOADER = "$(TEST_HOST)";
				CODE_SIGNING_ALLOWED = NO;
				LD_RUNPATH_SEARCH_PATHS = (
					"$(inherited)",
					"@executable_path/Frameworks",
					"@loader_path/Frameworks",
				);
				PRODUCT_BUNDLE_IDENTIFIER = guru.parso.voxglass.uitests;
				SDKROOT = iphoneos;
				TARGETED_DEVICE_FAMILY = "1,2";
				TEST_TARGET_NAME = Voxglass;
			};
			name = Debug;
		};
		F9D8EA1413BA3903977FBB9F /* Release */ = {
			isa = XCBuildConfiguration;
			buildSettings = {
				ALWAYS_SEARCH_USER_PATHS = NO;
				CLANG_ANALYZER_LOCALIZABILITY_NONLOCALIZED = YES;
				CLANG_ANALYZER_NONNULL = YES;
				CLANG_ANALYZER_NUMBER_OBJECT_CONVERSION = YES_AGGRESSIVE;
				CLANG_CXX_LANGUAGE_STANDARD = "gnu++14";
				CLANG_CXX_LIBRARY = "libc++";
				CLANG_ENABLE_MODULES = YES;
				CLANG_ENABLE_OBJC_ARC = YES;
				CLANG_ENABLE_OBJC_WEAK = YES;
				CLANG_WARN_BLOCK_CAPTURE_AUTORELEASING = YES;
				CLANG_WARN_BOOL_CONVERSION = YES;
				CLANG_WARN_COMMA = YES;
				CLANG_WARN_CONSTANT_CONVERSION = YES;
				CLANG_WARN_DEPRECATED_OBJC_IMPLEMENTATIONS = YES;
				CLANG_WARN_DIRECT_OBJC_ISA_USAGE = YES_ERROR;
				CLANG_WARN_DOCUMENTATION_COMMENTS = YES;
				CLANG_WARN_EMPTY_BODY = YES;
				CLANG_WARN_ENUM_CONVERSION = YES;
				CLANG_WARN_INFINITE_RECURSION = YES;
				CLANG_WARN_INT_CONVERSION = YES;
				CLANG_WARN_NON_LITERAL_NULL_CONVERSION = YES;
				CLANG_WARN_OBJC_IMPLICIT_RETAIN_SELF = YES;
				CLANG_WARN_OBJC_LITERAL_CONVERSION = YES;
				CLANG_WARN_OBJC_ROOT_CLASS = YES_ERROR;
				CLANG_WARN_QUOTED_INCLUDE_IN_FRAMEWORK_HEADER = YES;
				CLANG_WARN_RANGE_LOOP_ANALYSIS = YES;
				CLANG_WARN_STRICT_PROTOTYPES = YES;
				CLANG_WARN_SUSPICIOUS_MOVE = YES;
				CLANG_WARN_UNGUARDED_AVAILABILITY = YES_AGGRESSIVE;
				CLANG_WARN_UNREACHABLE_CODE = YES;
				CLANG_WARN__DUPLICATE_METHOD_MATCH = YES;
				COPY_PHASE_STRIP = NO;
				CURRENT_PROJECT_VERSION = 31;
				DEBUG_INFORMATION_FORMAT = "dwarf-with-dsym";
				ENABLE_NS_ASSERTIONS = NO;
				ENABLE_STRICT_OBJC_MSGSEND = YES;
				ENABLE_USER_SCRIPT_SANDBOXING = YES;
				GCC_C_LANGUAGE_STANDARD = gnu11;
				GCC_NO_COMMON_BLOCKS = YES;
				GCC_WARN_64_TO_32_BIT_CONVERSION = YES;
				GCC_WARN_ABOUT_RETURN_TYPE = YES_ERROR;
				GCC_WARN_UNDECLARED_SELECTOR = YES;
				GCC_WARN_UNINITIALIZED_AUTOS = YES_AGGRESSIVE;
				GCC_WARN_UNUSED_FUNCTION = YES;
				GCC_WARN_UNUSED_VARIABLE = YES;
				IPHONEOS_DEPLOYMENT_TARGET = 17.0;
				MARKETING_VERSION = 1.1;
				MTL_ENABLE_DEBUG_INFO = NO;
				MTL_FAST_MATH = YES;
				PRODUCT_NAME = "$(TARGET_NAME)";
				SDKROOT = iphoneos;
				SWIFT_COMPILATION_MODE = wholemodule;
				SWIFT_OPTIMIZATION_LEVEL = "-O";
				SWIFT_VERSION = 5.0;
			};
			name = Release;
		};
/* End XCBuildConfiguration section */

/* Begin XCConfigurationList section */
		07ADB34AF3B7FBF0A72A444D /* Build configuration list for PBXNativeTarget "VoxglassUITests" */ = {
			isa = XCConfigurationList;
			buildConfigurations = (
				DD9F8B5614D40897FE0A47B5 /* Debug */,
				7C67789B8FE29E30DBBF5FCC /* Release */,
			);
			defaultConfigurationIsVisible = 0;
			defaultConfigurationName = Debug;
		};
		1866874965BCC7CDDE77EDE2 /* Build configuration list for PBXNativeTarget "VoxglassTests" */ = {
			isa = XCConfigurationList;
			buildConfigurations = (
				CEB3956123D4401C78A0FC7C /* Debug */,
				2CB850934489B54F5F83A469 /* Release */,
			);
			defaultConfigurationIsVisible = 0;
			defaultConfigurationName = Debug;
		};
		2E32793A1CF978D956C91D25 /* Build configuration list for PBXNativeTarget "Voxglass" */ = {
			isa = XCConfigurationList;
			buildConfigurations = (
				1731E3840B3EFBB7EA042112 /* Debug */,
				CDAF9B2B198BB85ACE26E23F /* Release */,
			);
			defaultConfigurationIsVisible = 0;
			defaultConfigurationName = Debug;
		};
		3BC5B986E96CBEC15B924BDA /* Build configuration list for PBXProject "Voxglass" */ = {
			isa = XCConfigurationList;
			buildConfigurations = (
				44729A84287263FDF743B9B8 /* Debug */,
				F9D8EA1413BA3903977FBB9F /* Release */,
			);
			defaultConfigurationIsVisible = 0;
			defaultConfigurationName = Debug;
		};
/* End XCConfigurationList section */
	};
	rootObject = 8A93FEDC260681E1ACBD4811 /* Project object */;
}
