// !$*UTF8*$!
{
	archiveVersion = 1;
	classes = {
	};
	objectVersion = 77;
	objects = {

/* Begin PBXBuildFile section */
		00FFA880CAA14A1624EC1369 /* 1891_collection_bt_librivox.jpg in Resources */ = {isa = PBXBuildFile; fileRef = 088AA4A9A7602E0A0C49E97C /* 1891_collection_bt_librivox.jpg */; };
		0193ADEF7F113C634D383390 /* adventures_pinocchio_librivox.jpg in Resources */ = {isa = PBXBuildFile; fileRef = C4982A67A97291048FEDCB58 /* adventures_pinocchio_librivox.jpg */; };
		089C22BB4A3D9F9B62E7ADC7 /* MediaPlayer.framework in Frameworks */ = {isa = PBXBuildFile; fileRef = 80E5861D18CA56AA2AD9FC21 /* MediaPlayer.framework */; };
		0D0D08BDA2C5959024DEF090 /* CarPlay.framework in Frameworks */ = {isa = PBXBuildFile; fileRef = BDA53866164FE87F59B27A2D /* CarPlay.framework */; };
		0D3F295710800448EA89B3C6 /* jane_eyre_librivox.jpg in Resources */ = {isa = PBXBuildFile; fileRef = 33E22B53A145A61875D154EB /* jane_eyre_librivox.jpg */; };
		10A6A4A2FD59778AC73503B0 /* RootView.swift in Sources */ = {isa = PBXBuildFile; fileRef = 54A19CE35BAFC21D027EED34 /* RootView.swift */; };
		122D306D12B4C977190D2C17 /* CarPlayActionDispatcher.swift in Sources */ = {isa = PBXBuildFile; fileRef = 989BB4966DCB31F74FB5E7B3 /* CarPlayActionDispatcher.swift */; };
		134B624097E3351CD2CBA06A /* SkipSymbol.swift in Sources */ = {isa = PBXBuildFile; fileRef = 93ECD54380A215C3A3831A60 /* SkipSymbol.swift */; };
		13F549B7F9C14C1BE46E77AD /* uncle_toms_cabin_librivox.jpg in Resources */ = {isa = PBXBuildFile; fileRef = ED05E4824CBB1D2D7D9CA849 /* uncle_toms_cabin_librivox.jpg */; };
		146A11873D483EDE4293F89F /* VoxglassApp.swift in Sources */ = {isa = PBXBuildFile; fileRef = A6AA015D08BC5D3D56CA570C /* VoxglassApp.swift */; };
		18E7B50A58D8BFD5CE5D1678 /* bequest_jg_librivox.jpg in Resources */ = {isa = PBXBuildFile; fileRef = 7AEB9CCDB3E70DB0915C1CAA /* bequest_jg_librivox.jpg */; };
		18EA1BDFC93497E116D5894B /* aesop_fables_volume_one_librivox.jpg in Resources */ = {isa = PBXBuildFile; fileRef = 196740ED53FE2AEBC7990EDA /* aesop_fables_volume_one_librivox.jpg */; };
		1B52422CCE8FEB8DD8971758 /* VoxglassCarPlaySmokeTests.swift in Sources */ = {isa = PBXBuildFile; fileRef = 06228DB87BFF9FF85FD09465 /* VoxglassCarPlaySmokeTests.swift */; };
		1BD9B7B8488C805FBD59A0B2 /* VoxglassCore in Frameworks */ = {isa = PBXBuildFile; productRef = 2CAA5CA27C7FB6ED43B55A2A /* VoxglassCore */; };
		1C9BB8A3AAEB51D15FE43271 /* pride_and_prejudice_librivox.jpg in Resources */ = {isa = PBXBuildFile; fileRef = 75844DA19EB93CF266B991E9 /* pride_and_prejudice_librivox.jpg */; };
		1E9E22FDF4FA05CAF8C5F093 /* huckleberry_mfs_librivox.jpg in Resources */ = {isa = PBXBuildFile; fileRef = CDCDF8AD0F6C456FE5DB27B1 /* huckleberry_mfs_librivox.jpg */; };
		1F2214CAAE5156BF5F35B2EB /* alexander_great_ld_librivox.jpg in Resources */ = {isa = PBXBuildFile; fileRef = 60F7BC9A74D4150042BA1CF8 /* alexander_great_ld_librivox.jpg */; };
		256E7C55F8DC198BDA19F19A /* railway_children_librivox.jpg in Resources */ = {isa = PBXBuildFile; fileRef = 9C9E2D966DCE8E13DEC2C112 /* railway_children_librivox.jpg */; };
		268DF6E92D1B683B9DADBACB /* anne_of_green_gables_librivox.jpg in Resources */ = {isa = PBXBuildFile; fileRef = A78625CC8B97CB25ACD9C251 /* anne_of_green_gables_librivox.jpg */; };
		27807277577DFEC0FE17EAB4 /* odyssey_butler_librivox.jpg in Resources */ = {isa = PBXBuildFile; fileRef = DC328A20FBE79B2C9ABFF3A1 /* odyssey_butler_librivox.jpg */; };
		284A622C4B69B7ADE7400D31 /* count_monte_cristo_0711_librivox.jpg in Resources */ = {isa = PBXBuildFile; fileRef = FFE080C02F84A3F3C3C682AC /* count_monte_cristo_0711_librivox.jpg */; };
		293A63007EB15E38F0842E29 /* BookArtworkView.swift in Sources */ = {isa = PBXBuildFile; fileRef = CB2DBA8A509FFB154473301D /* BookArtworkView.swift */; };
		2BF42FAECA7D703D09AD3BE2 /* penguin_island_ms_librivox.jpg in Resources */ = {isa = PBXBuildFile; fileRef = 6E0713144FB8D6284CDDBE78 /* penguin_island_ms_librivox.jpg */; };
		2ECFF65697F24826FB305EC7 /* 12_creepytales_1206_librivox.jpg in Resources */ = {isa = PBXBuildFile; fileRef = 95933760B74CDDA0DF861AD9 /* 12_creepytales_1206_librivox.jpg */; };
		307531D63A9AD0EB05D94E43 /* PlaylistsView.swift in Sources */ = {isa = PBXBuildFile; fileRef = 78FC81862BCB58FA50870112 /* PlaylistsView.swift */; };
		323FC310455784916E1AF8A3 /* girl_boat_1109_librivox.jpg in Resources */ = {isa = PBXBuildFile; fileRef = 051C701DDE62968711413274 /* girl_boat_1109_librivox.jpg */; };
		32CAAABEAB686600BB671219 /* AnimatedSplashView.swift in Sources */ = {isa = PBXBuildFile; fileRef = 614EDDFDEE2D6D46377341C6 /* AnimatedSplashView.swift */; };
		33A6B19C8EBABB66672DC421 /* frankenstein_shelley.jpg in Resources */ = {isa = PBXBuildFile; fileRef = 04FCC00384E0A94423E5BF7C /* frankenstein_shelley.jpg */; };
		3AFC314231FBC67DF480EFA5 /* solo_pride_librivox.jpg in Resources */ = {isa = PBXBuildFile; fileRef = 3616511B3047863DE929EEC4 /* solo_pride_librivox.jpg */; };
		3D1FDC4720D46F3585E91D38 /* Assets.xcassets in Resources */ = {isa = PBXBuildFile; fileRef = 1BBA5A2E92771EE1379D897D /* Assets.xcassets */; };
		3D51A4C34568B7ACF13475CB /* count_montecristo_1308_librivox.jpg in Resources */ = {isa = PBXBuildFile; fileRef = 15A4E3200D9B6B41414C5FC2 /* count_montecristo_1308_librivox.jpg */; };
		3D6AA56B17B1960C63A6EED3 /* amateur_cracksman_librivox.jpg in Resources */ = {isa = PBXBuildFile; fileRef = 018C274D1C0769FF60E74A17 /* amateur_cracksman_librivox.jpg */; };
		3FEEE5663792C3026722EDE7 /* king_solomon_librivox.jpg in Resources */ = {isa = PBXBuildFile; fileRef = 2C89F09B2802010B27CD6943 /* king_solomon_librivox.jpg */; };
		4066ABDD4010CF0B8FCAAD2B /* pride_prejudice_krs_librivox.jpg in Resources */ = {isa = PBXBuildFile; fileRef = E967226D4468771DC77D2A02 /* pride_prejudice_krs_librivox.jpg */; };
		40C82A08A418FC46B5922DD6 /* BookmarksView.swift in Sources */ = {isa = PBXBuildFile; fileRef = 28210879609150716CCE1C62 /* BookmarksView.swift */; };
		41BBB220E6190D73AFE7348C /* moby_dick_librivox.jpg in Resources */ = {isa = PBXBuildFile; fileRef = 446298FA2910316179E29ECB /* moby_dick_librivox.jpg */; };
		4316D94382F1DD709A02C4F0 /* terror_mystery_0707_librivox.jpg in Resources */ = {isa = PBXBuildFile; fileRef = 9434A47A806A4EA4509EC595 /* terror_mystery_0707_librivox.jpg */; };
		4487DE27D4F87CDA5EA2ADE6 /* adventures_holmes.jpg in Resources */ = {isa = PBXBuildFile; fileRef = B0F652B44CEB7E5C6E362184 /* adventures_holmes.jpg */; };
		47FC57EF16AEBEFBB18870CB /* science_gettingrich_1005_librivox.jpg in Resources */ = {isa = PBXBuildFile; fileRef = 39C00D54A32B0CDBB2B78CB5 /* science_gettingrich_1005_librivox.jpg */; };
		4E85D43B3AC0834F16B06791 /* ListeningStatsView.swift in Sources */ = {isa = PBXBuildFile; fileRef = 9C7281A4BB54139B5008C6D6 /* ListeningStatsView.swift */; };
		4EAD6C535B3D4960C95229C4 /* love_freindship_cs_librivox.jpg in Resources */ = {isa = PBXBuildFile; fileRef = 179C62958C3F5174F0B0AF7D /* love_freindship_cs_librivox.jpg */; };
		4F9734E15B290167D559E92C /* dracula_librivox.jpg in Resources */ = {isa = PBXBuildFile; fileRef = BEFDD43E914E4DAA95D729E2 /* dracula_librivox.jpg */; };
		4FBFE6080E5B038FB49A075F /* american_indian_tales_librivox.jpg in Resources */ = {isa = PBXBuildFile; fileRef = 4F695ED501176D7E86BED918 /* american_indian_tales_librivox.jpg */; };
		5133DE23448FC0452273DBB3 /* CarPlayInterfaceController.swift in Sources */ = {isa = PBXBuildFile; fileRef = CC17411DDC89002281222ACC /* CarPlayInterfaceController.swift */; };
		5D629DB586AFD196EA102F07 /* franklin_autobio_gg_librivox.jpg in Resources */ = {isa = PBXBuildFile; fileRef = C916EE82BAA77FF01E218A4E /* franklin_autobio_gg_librivox.jpg */; };
		5E3A2634A58DF800FBC119D0 /* AVPlayerAudioEngine.swift in Sources */ = {isa = PBXBuildFile; fileRef = 407C1274451E832DF8086039 /* AVPlayerAudioEngine.swift */; };
		5F0DF26D3A418D5EA6C2BEB9 /* SearchView.swift in Sources */ = {isa = PBXBuildFile; fileRef = 4008972DE2117B1781A316A6 /* SearchView.swift */; };
		60C8E2CAACAC8AD0AB92EE61 /* fabulas_esopo_02_librivox.jpg in Resources */ = {isa = PBXBuildFile; fileRef = 6B0227E7DDA4A542B1026CE7 /* fabulas_esopo_02_librivox.jpg */; };
		6539622E0D5E728F474586F8 /* sense_sensibility_ver3_ek.jpg in Resources */ = {isa = PBXBuildFile; fileRef = F894F3072B9A0DE71D1E18D8 /* sense_sensibility_ver3_ek.jpg */; };
		65921983DD70A9C16EA07F0D /* call_of_the_wild.jpg in Resources */ = {isa = PBXBuildFile; fileRef = 819DD67B740EA26E6C96F048 /* call_of_the_wild.jpg */; };
		68712C04A349BE64077A817A /* MiniPlayerView.swift in Sources */ = {isa = PBXBuildFile; fileRef = 63E0138B81F7532946A478D9 /* MiniPlayerView.swift */; };
		696C1A68A6B01A3EAF5C5DF2 /* english_fairy_tales_joy_librivox.jpg in Resources */ = {isa = PBXBuildFile; fileRef = 48AD36A085B88B984ACA97FE /* english_fairy_tales_joy_librivox.jpg */; };
		6CDE07AD83D42675CA6333C4 /* EQView.swift in Sources */ = {isa = PBXBuildFile; fileRef = 40F8ACEE07BAD813F34C6DBE /* EQView.swift */; };
		6D1F2947C9F08205C5A4C991 /* ArtworkService.swift in Sources */ = {isa = PBXBuildFile; fileRef = 1F75882B51F22C8D3A3EEAAD /* ArtworkService.swift */; };
		6E1AF6876C0B03D2CD4E4D3F /* Artwork in Resources */ = {isa = PBXBuildFile; fileRef = 1AAEC7E4D58E0CABD44AE90F /* Artwork */; };
		713811C821F808FF77A38F59 /* VoxglassTheme.swift in Sources */ = {isa = PBXBuildFile; fileRef = E6263EDA39C0F570D2A4A685 /* VoxglassTheme.swift */; };
		716150C3153D5655183A373A /* emma_solo_librivox.jpg in Resources */ = {isa = PBXBuildFile; fileRef = 2503F5269E8A159A62B785C6 /* emma_solo_librivox.jpg */; };
		754A7A41F77C785EFA367369 /* FolderWatchView.swift in Sources */ = {isa = PBXBuildFile; fileRef = 5FE9C1DD357179B18F33DD7C /* FolderWatchView.swift */; };
		75810BB899444BBC01A8DE44 /* bleak_house_cl_librivox.jpg in Resources */ = {isa = PBXBuildFile; fileRef = 6D8E90829CAAF88F8C4F577B /* bleak_house_cl_librivox.jpg */; };
		75B0E1176DA5EF700CDAABAA /* robinson_crusoe_librivox.jpg in Resources */ = {isa = PBXBuildFile; fileRef = B08031FB6970F7E4B5A64C0B /* robinson_crusoe_librivox.jpg */; };
		78139811FE554CA0D246DFF2 /* fabulas_esopo_01_librivox.jpg in Resources */ = {isa = PBXBuildFile; fileRef = 7FFF648C1C68BCEA7325C2C9 /* fabulas_esopo_01_librivox.jpg */; };
		783C0D14EC5B067148C6A7CB /* gulliver_ld_librivox.jpg in Resources */ = {isa = PBXBuildFile; fileRef = 8929BD61B2DF375F3BBF9376 /* gulliver_ld_librivox.jpg */; };
		79935A2261A23D4B387A6083 /* CarPlaySceneDelegate.swift in Sources */ = {isa = PBXBuildFile; fileRef = 336F165C2E66C5C32ABDD2CA /* CarPlaySceneDelegate.swift */; };
		7B13FCB97794AC8C13DD0BCF /* war_worlds_solo_librivox.jpg in Resources */ = {isa = PBXBuildFile; fileRef = 0EA653ABDAA7D0F2AE6ACE7E /* war_worlds_solo_librivox.jpg */; };
		7C236517C4D8F6F2324A4CBF /* BundledArtworkProvider.swift in Sources */ = {isa = PBXBuildFile; fileRef = D99745AB51C27E3F7194CA27 /* BundledArtworkProvider.swift */; };
		7D9C2E22E6DF8072E4EA774F /* AdaptiveGlass.swift in Sources */ = {isa = PBXBuildFile; fileRef = F2C0CC7564136E84756F685C /* AdaptiveGlass.swift */; };
		7EDA8C0947120EFD4B3F116B /* TimeFormatting.swift in Sources */ = {isa = PBXBuildFile; fileRef = 1E8ACE29C6DA4A589D92AFF3 /* TimeFormatting.swift */; };
		8645A692BC33932A36BAB264 /* your_invisible_power_2104_librivox.jpg in Resources */ = {isa = PBXBuildFile; fileRef = 6F0D99DCD6D4A6A80BC79732 /* your_invisible_power_2104_librivox.jpg */; };
		87C6F8B5E53454E96DBE3BCA /* les_mis_vol01_0810_librivox.jpg in Resources */ = {isa = PBXBuildFile; fileRef = 8FA121B410B6E8D51EF2A2A6 /* les_mis_vol01_0810_librivox.jpg */; };
		8A1CD38DD828054566ABEF1C /* GlassDock.swift in Sources */ = {isa = PBXBuildFile; fileRef = 420E11400AB1535B94D3D0B5 /* GlassDock.swift */; };
		8A8B968AE4222A958541D20F /* reluctant_dragon_librivox.jpg in Resources */ = {isa = PBXBuildFile; fileRef = AF64D2E09DF828C94AC30C1F /* reluctant_dragon_librivox.jpg */; };
		8B8EE3584FA8FB99E93666D0 /* mysterious_island_ms_librivox.jpg in Resources */ = {isa = PBXBuildFile; fileRef = 82ACAE08A854D9C0B7A70CA9 /* mysterious_island_ms_librivox.jpg */; };
		8C6B21C9D4DCE4D3AAFB642E /* AudioToolbox.framework in Frameworks */ = {isa = PBXBuildFile; fileRef = 49FA6D58EC651570824B18FE /* AudioToolbox.framework */; };
		8D2D7F580BB053F16527B3DC /* swiss_family_robinson_librivox.jpg in Resources */ = {isa = PBXBuildFile; fileRef = 4DE029504EEF4954467251CA /* swiss_family_robinson_librivox.jpg */; };
		8F385E9F8DA031A3C2E31D6C /* secret_garden_librivox.jpg in Resources */ = {isa = PBXBuildFile; fileRef = F0CAA54FADE549D2158FAB93 /* secret_garden_librivox.jpg */; };
		9153C0963F9A39A8E0BCB7D8 /* 1601_0903_librivox.jpg in Resources */ = {isa = PBXBuildFile; fileRef = 6651677A03062028BC949542 /* 1601_0903_librivox.jpg */; };
		917FC5B3C23CF26B23C9B79F /* CatalogDiscoveryView.swift in Sources */ = {isa = PBXBuildFile; fileRef = CE26F9079A1C12E2BAD8E865 /* CatalogDiscoveryView.swift */; };
		92DA452F703F3B8154D93E0A /* peter_pan_0707_librivox.jpg in Resources */ = {isa = PBXBuildFile; fileRef = BD276A6BF5801E2B15EBA44B /* peter_pan_0707_librivox.jpg */; };
		95593DEA589E20BFC4BD27CC /* city_worlds_end_1203_librivox.jpg in Resources */ = {isa = PBXBuildFile; fileRef = BD0F6CE7B0C3D96D9976A73F /* city_worlds_end_1203_librivox.jpg */; };
		98806F3F21F08D77BCBF6FB9 /* tale_two_cities_librivox.jpg in Resources */ = {isa = PBXBuildFile; fileRef = 34808794F915DD9ECCB1F970 /* tale_two_cities_librivox.jpg */; };
		992D6E0AD8E875B135D7C2B2 /* 0_sense_and_sensibility_librivox.jpg in Resources */ = {isa = PBXBuildFile; fileRef = 2761AA70F89396E53EE93D01 /* 0_sense_and_sensibility_librivox.jpg */; };
		9A64C2D2E69FD9609615B505 /* VoxglassUITests.swift in Sources */ = {isa = PBXBuildFile; fileRef = CF19A4F59CA3110F4B87D5B4 /* VoxglassUITests.swift */; };
		9E60B177F487CA22A0E624CD /* alices_adventures_1003.jpg in Resources */ = {isa = PBXBuildFile; fileRef = FA14453863EDE79F9ECE585B /* alices_adventures_1003.jpg */; };
		A1A49A4770F9A81018DA901C /* ListenView.swift in Sources */ = {isa = PBXBuildFile; fileRef = 739CF70CFD45FD09DC69EB64 /* ListenView.swift */; };
		A2EA425AAC92703C91129FF2 /* SystemPlaybackBridge.swift in Sources */ = {isa = PBXBuildFile; fileRef = 347795F23ED3EA940FB4D8BE /* SystemPlaybackBridge.swift */; };
		A720762200E37ED3E6C1B405 /* SettingsView.swift in Sources */ = {isa = PBXBuildFile; fileRef = F701EDCDE2BB625656606A03 /* SettingsView.swift */; };
		A787A01E2BC926D7A17297CA /* UniformTypeIdentifiers.framework in Frameworks */ = {isa = PBXBuildFile; fileRef = 401A6A7A2EAF21C7B1B57B98 /* UniformTypeIdentifiers.framework */; };
		A8039C05A7EE2675DB47287A /* manifest.json in Resources */ = {isa = PBXBuildFile; fileRef = F9E93D1A57F80DF8FFB3D8A7 /* manifest.json */; };
		A8326B77796D17017BEAB22F /* invisible_man_librivox.jpg in Resources */ = {isa = PBXBuildFile; fileRef = 6E236DD8C74AFC36B59293A6 /* invisible_man_librivox.jpg */; };
		AC1124DB69A7968A686B5B2B /* adventures_sherlockholmes_1007_librivox.jpg in Resources */ = {isa = PBXBuildFile; fileRef = 08BCFD8ACA913E9EFA9AD767 /* adventures_sherlockholmes_1007_librivox.jpg */; };
		AE5B001CD7F7BA60DD0906B6 /* art_of_war_librivox.jpg in Resources */ = {isa = PBXBuildFile; fileRef = CDC407D3BB2E95FD9AC3A899 /* art_of_war_librivox.jpg */; };
		AE794233D23294F8810AEE06 /* jane_eyre_ver03_0809_librivox.jpg in Resources */ = {isa = PBXBuildFile; fileRef = 53A474946D40785F6D80F576 /* jane_eyre_ver03_0809_librivox.jpg */; };
		B329B42E0CA9E0B40B1BEAD1 /* return_holmes_0708_librivox.jpg in Resources */ = {isa = PBXBuildFile; fileRef = A42A7E5AF0C1B49C5E7A01FB /* return_holmes_0708_librivox.jpg */; };
		B5044C8C821474568F3CEC5A /* don_quijote_vol1_0706_librivox.jpg in Resources */ = {isa = PBXBuildFile; fileRef = 61E5A9F59EE4AF7813584148 /* don_quijote_vol1_0706_librivox.jpg */; };
		B5C1B726B44A7670CE399BD3 /* 2br02b_0801_librivox.jpg in Resources */ = {isa = PBXBuildFile; fileRef = 2D878648CFAE6A1DA9323D89 /* 2br02b_0801_librivox.jpg */; };
		B8BBDD56E99C8F49BF022ED2 /* andersensfairy_1307_librivox.jpg in Resources */ = {isa = PBXBuildFile; fileRef = 6BE0C0AD38F30780B11D2A91 /* andersensfairy_1307_librivox.jpg */; };
		BB92423FB45EE5D963ED7BAA /* AVFoundation.framework in Frameworks */ = {isa = PBXBuildFile; fileRef = BF296A86B135507051DFBBD2 /* AVFoundation.framework */; };
		BF255B1A764B81A930682ACE /* ghost_stories_001_librivox.jpg in Resources */ = {isa = PBXBuildFile; fileRef = 2DB5A35CB6F0BC962363DE38 /* ghost_stories_001_librivox.jpg */; };
		C08F1BF6F2BCCA269841F188 /* prince_librivox.jpg in Resources */ = {isa = PBXBuildFile; fileRef = 4AAEDDB3F34068321C643AD3 /* prince_librivox.jpg */; };
		C24768CA7E4D6F07840FB9FF /* timemachine_sjm_librivox.jpg in Resources */ = {isa = PBXBuildFile; fileRef = 2A5D4A562FBA3FDB85832876 /* timemachine_sjm_librivox.jpg */; };
		C2E58CF0D325808D06BA604B /* wizard_of_oz.jpg in Resources */ = {isa = PBXBuildFile; fileRef = B7B41CFE2DB33DDCA5488BAB /* wizard_of_oz.jpg */; };
		C377A5DA921F3AB7A15B0623 /* andersens_fairytales_librivox.jpg in Resources */ = {isa = PBXBuildFile; fileRef = 2CD52D45D1EC2B1B4C8D2A32 /* andersens_fairytales_librivox.jpg */; };
		C45EF208CB11E140103D4FDC /* great_expectations_mfs_0812_librivox.jpg in Resources */ = {isa = PBXBuildFile; fileRef = 348FE56BD340B5F368EB305A /* great_expectations_mfs_0812_librivox.jpg */; };
		C8DB058328B566CB1C27B916 /* dracula_1006_librivox.jpg in Resources */ = {isa = PBXBuildFile; fileRef = 30D528330E6ECF511FDDDD5B /* dracula_1006_librivox.jpg */; };
		CA2AF75687570E66B1AD5EB6 /* little_princess_krs.jpg in Resources */ = {isa = PBXBuildFile; fileRef = 7D05BD54482E13A57D007AE1 /* little_princess_krs.jpg */; };
		CA61D150C3E12F06FB56A257 /* OnboardingPreferencesView.swift in Sources */ = {isa = PBXBuildFile; fileRef = 06CDA895FD619425E8633059 /* OnboardingPreferencesView.swift */; };
		CD5F9F386CBBD79CE6BB523B /* alice_wonderland_0711_librivox.jpg in Resources */ = {isa = PBXBuildFile; fileRef = CC9FC90F429E3A6FF0763EF3 /* alice_wonderland_0711_librivox.jpg */; };
		CF5B708D0222E8900BB02D3D /* memoirs_holmes_0709_librivox.jpg in Resources */ = {isa = PBXBuildFile; fileRef = A863A5C2B74DE190C0ED26CB /* memoirs_holmes_0709_librivox.jpg */; };
		CFFA9AD88269992EB457F35D /* gods_of_mars_librivox.jpg in Resources */ = {isa = PBXBuildFile; fileRef = 7CB5032639CF00041C20C04D /* gods_of_mars_librivox.jpg */; };
		D0F69ED260C9A1B0D138789B /* NowPlayingView.swift in Sources */ = {isa = PBXBuildFile; fileRef = AD30019A34C9E1F714333796 /* NowPlayingView.swift */; };
		D1DB078A196600B28D4BD877 /* DiscoverView.swift in Sources */ = {isa = PBXBuildFile; fileRef = CEC318EB68E5165403477C6D /* DiscoverView.swift */; };
		D4505117C8D75D481294269A /* romeo_and_juliet_librivox.jpg in Resources */ = {isa = PBXBuildFile; fileRef = 2220F5BD5DBA4CE50C8E4459 /* romeo_and_juliet_librivox.jpg */; };
		D4B0153F00DDC12926F54F68 /* anthem_librivox.jpg in Resources */ = {isa = PBXBuildFile; fileRef = 532142CAFAA3305FE98E66A2 /* anthem_librivox.jpg */; };
		D6EBA1E5E52AAFBE5FA87BD7 /* treasure_island_ap_librivox.jpg in Resources */ = {isa = PBXBuildFile; fileRef = 07B47F8B73E93AF8A2A3E0ED /* treasure_island_ap_librivox.jpg */; };
		D7CFA5E82C5553B238AC6C14 /* letters_brides_0709_librivox.jpg in Resources */ = {isa = PBXBuildFile; fileRef = 305628B60168BDF452A13A74 /* letters_brides_0709_librivox.jpg */; };
		D8702B14A8C9B66FDD4A525A /* BookRowView.swift in Sources */ = {isa = PBXBuildFile; fileRef = 46BECBB89F17D12CFB910BC9 /* BookRowView.swift */; };
		D9C5A27596CF22D787186AA3 /* grimm_fairy_tales_1202_librivox.jpg in Resources */ = {isa = PBXBuildFile; fileRef = EB9DEA4B373912453B25F866 /* grimm_fairy_tales_1202_librivox.jpg */; };
		DC6B72ED93D4BFF69B8FAE39 /* adventuressherlockholmes_v4_1501_librivox.jpg in Resources */ = {isa = PBXBuildFile; fileRef = 41ABB6A40594A5A76F1D0400 /* adventuressherlockholmes_v4_1501_librivox.jpg */; };
		DCFB366F5A6ECB6E93EF1975 /* as_a_man_thinketh_mc_librivox.jpg in Resources */ = {isa = PBXBuildFile; fileRef = 651043E3C279BA705B4D4256 /* as_a_man_thinketh_mc_librivox.jpg */; };
		DF3D0923DF3DD5A7465F7EF8 /* SplashView.swift in Sources */ = {isa = PBXBuildFile; fileRef = 6FBAB9AA5DFEAD67485D8C81 /* SplashView.swift */; };
		DF6106903BF99273FF49A92B /* BookDetailView.swift in Sources */ = {isa = PBXBuildFile; fileRef = AC7FA06FAF043F5404168367 /* BookDetailView.swift */; };
		DFA86D6BC6433C4BB2C6F36D /* wuthering_heights_rg_librivox.jpg in Resources */ = {isa = PBXBuildFile; fileRef = BECFFF6B99D77D6DC68E1D9E /* wuthering_heights_rg_librivox.jpg */; };
		E100E5781AEDC9CCCAAF6591 /* anne_greengables_librivox.jpg in Resources */ = {isa = PBXBuildFile; fileRef = CE9B0381803F242B696298F4 /* anne_greengables_librivox.jpg */; };
		E15B7A5B7A46F145F9CA8085 /* beyond_good_and_evil_librivox.jpg in Resources */ = {isa = PBXBuildFile; fileRef = 5CF9F9C666BC7F602B75DB50 /* beyond_good_and_evil_librivox.jpg */; };
		E1B096990A496FE129064B13 /* beowulf.jpg in Resources */ = {isa = PBXBuildFile; fileRef = 45A607753DCA596271DC8EC7 /* beowulf.jpg */; };
		E2C8D782C3327D8BF72024C1 /* aliceinwonderland_1102_librivox.jpg in Resources */ = {isa = PBXBuildFile; fileRef = 76F77E862DBA8E6F6449833B /* aliceinwonderland_1102_librivox.jpg */; };
		E3992AD6F8D76143C3113AC4 /* 8thanniversary_1308_librivox.jpg in Resources */ = {isa = PBXBuildFile; fileRef = 6FF3F7E592030AE8DB6A3300 /* 8thanniversary_1308_librivox.jpg */; };
		E6D16B14A78484C5D7A0CC3D /* heart_of_darkness.jpg in Resources */ = {isa = PBXBuildFile; fileRef = 3B393E27114CA65865E52B0E /* heart_of_darkness.jpg */; };
		E80388EE0E7634877EFFDDA4 /* walden_librivox.jpg in Resources */ = {isa = PBXBuildFile; fileRef = 5ACD76A1FBF9F2436A430A97 /* walden_librivox.jpg */; };
		E901958E0908742189778915 /* adventures_sherlock_holmes_rg_librivox.jpg in Resources */ = {isa = PBXBuildFile; fileRef = 80C8886548A2D672DC6DD80A /* adventures_sherlock_holmes_rg_librivox.jpg */; };
		E92CA2053F02F500942EC9EA /* fanny_hill_librivox.jpg in Resources */ = {isa = PBXBuildFile; fileRef = C47467C62F52089A9F12E038 /* fanny_hill_librivox.jpg */; };
		E9377FC490F1E5406F211C28 /* libsqlite3.tbd in Frameworks */ = {isa = PBXBuildFile; fileRef = 85B1181A1D8983DA914206C2 /* libsqlite3.tbd */; };
		EA87C7DD9E014742C21AAC4E /* divine_comedy_librivox.jpg in Resources */ = {isa = PBXBuildFile; fileRef = 92C22C97A028F7EC7BE266A7 /* divine_comedy_librivox.jpg */; };
		EA90CB84AE0EA716EDC2A2AE /* prideandprejudice_1005_librivox.jpg in Resources */ = {isa = PBXBuildFile; fileRef = B3FBDB34C807AC848ED38203 /* prideandprejudice_1005_librivox.jpg */; };
		EB56E7CCC961186FDBB57669 /* ScaledFontModifier.swift in Sources */ = {isa = PBXBuildFile; fileRef = 2C32F38CFF851AFE807E124B /* ScaledFontModifier.swift */; };
		EBBA38A8BD1FF03BC3B6075F /* game_of_life_0911_librivox.jpg in Resources */ = {isa = PBXBuildFile; fileRef = C9C9C82CDA7FAE7C991C661D /* game_of_life_0911_librivox.jpg */; };
		EC84E2D501613E566FB213A4 /* grimms_english_librivox.jpg in Resources */ = {isa = PBXBuildFile; fileRef = BEA60995B652FE2300E42D14 /* grimms_english_librivox.jpg */; };
		EDB300C4A7377465825DD0FD /* being_earnest_librivox.jpg in Resources */ = {isa = PBXBuildFile; fileRef = 9ABC6B23620831DB847312B2 /* being_earnest_librivox.jpg */; };
		EE6FA7528D506E13F9CB5EDF /* beowulf_te_librivox.jpg in Resources */ = {isa = PBXBuildFile; fileRef = 84A1AC3F062A5AC1804A3500 /* beowulf_te_librivox.jpg */; };
		EE755BF7DB2368D8071BD6EA /* tom_sawyer_librivox.jpg in Resources */ = {isa = PBXBuildFile; fileRef = D95EEA019E1770E27663315D /* tom_sawyer_librivox.jpg */; };
		EF62083B62F11B17FD2FC568 /* romeoandjuliet_ss_0901_librivox.jpg in Resources */ = {isa = PBXBuildFile; fileRef = B68D355409D2D26B2CDCCF3E /* romeoandjuliet_ss_0901_librivox.jpg */; };
		EFF52894E7D8920360E5F5F9 /* VoxglassComponents.swift in Sources */ = {isa = PBXBuildFile; fileRef = 0D05CDEA73075148B3331D3D /* VoxglassComponents.swift */; };
		F0744E21205AC379C0C239BC /* secret_garden_version2_librivox.jpg in Resources */ = {isa = PBXBuildFile; fileRef = 3614549857B18C6870AD8A76 /* secret_garden_version2_librivox.jpg */; };
		F14C7CF0EA99F6CF748CF52A /* CarPlayTemplateRenderer.swift in Sources */ = {isa = PBXBuildFile; fileRef = A9FF2C66B604A483005DF1CF /* CarPlayTemplateRenderer.swift */; };
		F16486C499C074C1BD162E69 /* art_war_ps_librivox.jpg in Resources */ = {isa = PBXBuildFile; fileRef = 034B5DB162C110775DD52953 /* art_war_ps_librivox.jpg */; };
		F4EB3C305249C34FE7D0EE3F /* LibraryView.swift in Sources */ = {isa = PBXBuildFile; fileRef = 841534B2BAC23D46DACCD5B1 /* LibraryView.swift */; };
		F599D1C5F53B2038A34866A0 /* huck_finn_librivox.jpg in Resources */ = {isa = PBXBuildFile; fileRef = B954A59F4997A15A1DF6DB40 /* huck_finn_librivox.jpg */; };
		F6D05FC8D3665660DD1D83B2 /* AppServices.swift in Sources */ = {isa = PBXBuildFile; fileRef = DBF0BA6B47E170D692135105 /* AppServices.swift */; };
		FAEED9612801C3FEF3D2B012 /* alice_in_wonderland_librivox.jpg in Resources */ = {isa = PBXBuildFile; fileRef = 4D4C14EF3CC1FDD728821195 /* alice_in_wonderland_librivox.jpg */; };
		FEF3BF29C0D7D988199CA1E8 /* CarPlayNowPlayingConfigurator.swift in Sources */ = {isa = PBXBuildFile; fileRef = F8133D9EE165903ECF80F723 /* CarPlayNowPlayingConfigurator.swift */; };
/* End PBXBuildFile section */

/* Begin PBXContainerItemProxy section */
		01B09C050391F366D5A68F49 /* PBXContainerItemProxy */ = {
			isa = PBXContainerItemProxy;
			containerPortal = 8A93FEDC260681E1ACBD4811 /* Project object */;
			proxyType = 1;
			remoteGlobalIDString = 66284DBA90AC39B124263951;
			remoteInfo = Voxglass;
		};
		5D44F3BB7C258632BECB468F /* PBXContainerItemProxy */ = {
			isa = PBXContainerItemProxy;
			containerPortal = 8A93FEDC260681E1ACBD4811 /* Project object */;
			proxyType = 1;
			remoteGlobalIDString = 66284DBA90AC39B124263951;
			remoteInfo = Voxglass;
		};
/* End PBXContainerItemProxy section */

/* Begin PBXFileReference section */
		018C274D1C0769FF60E74A17 /* amateur_cracksman_librivox.jpg */ = {isa = PBXFileReference; lastKnownFileType = image.jpeg; path = amateur_cracksman_librivox.jpg; sourceTree = "<group>"; };
		034B5DB162C110775DD52953 /* art_war_ps_librivox.jpg */ = {isa = PBXFileReference; lastKnownFileType = image.jpeg; path = art_war_ps_librivox.jpg; sourceTree = "<group>"; };
		04FCC00384E0A94423E5BF7C /* frankenstein_shelley.jpg */ = {isa = PBXFileReference; lastKnownFileType = image.jpeg; path = frankenstein_shelley.jpg; sourceTree = "<group>"; };
		051C701DDE62968711413274 /* girl_boat_1109_librivox.jpg */ = {isa = PBXFileReference; lastKnownFileType = image.jpeg; path = girl_boat_1109_librivox.jpg; sourceTree = "<group>"; };
		06228DB87BFF9FF85FD09465 /* VoxglassCarPlaySmokeTests.swift */ = {isa = PBXFileReference; lastKnownFileType = sourcecode.swift; path = VoxglassCarPlaySmokeTests.swift; sourceTree = "<group>"; };
		06CDA895FD619425E8633059 /* OnboardingPreferencesView.swift */ = {isa = PBXFileReference; lastKnownFileType = sourcecode.swift; path = OnboardingPreferencesView.swift; sourceTree = "<group>"; };
		07B47F8B73E93AF8A2A3E0ED /* treasure_island_ap_librivox.jpg */ = {isa = PBXFileReference; lastKnownFileType = image.jpeg; path = treasure_island_ap_librivox.jpg; sourceTree = "<group>"; };
		088AA4A9A7602E0A0C49E97C /* 1891_collection_bt_librivox.jpg */ = {isa = PBXFileReference; lastKnownFileType = image.jpeg; path = 1891_collection_bt_librivox.jpg; sourceTree = "<group>"; };
		08BCFD8ACA913E9EFA9AD767 /* adventures_sherlockholmes_1007_librivox.jpg */ = {isa = PBXFileReference; lastKnownFileType = image.jpeg; path = adventures_sherlockholmes_1007_librivox.jpg; sourceTree = "<group>"; };
		0D05CDEA73075148B3331D3D /* VoxglassComponents.swift */ = {isa = PBXFileReference; lastKnownFileType = sourcecode.swift; path = VoxglassComponents.swift; sourceTree = "<group>"; };
		0EA653ABDAA7D0F2AE6ACE7E /* war_worlds_solo_librivox.jpg */ = {isa = PBXFileReference; lastKnownFileType = image.jpeg; path = war_worlds_solo_librivox.jpg; sourceTree = "<group>"; };
		15A4E3200D9B6B41414C5FC2 /* count_montecristo_1308_librivox.jpg */ = {isa = PBXFileReference; lastKnownFileType = image.jpeg; path = count_montecristo_1308_librivox.jpg; sourceTree = "<group>"; };
		179C62958C3F5174F0B0AF7D /* love_freindship_cs_librivox.jpg */ = {isa = PBXFileReference; lastKnownFileType = image.jpeg; path = love_freindship_cs_librivox.jpg; sourceTree = "<group>"; };
		196740ED53FE2AEBC7990EDA /* aesop_fables_volume_one_librivox.jpg */ = {isa = PBXFileReference; lastKnownFileType = image.jpeg; path = aesop_fables_volume_one_librivox.jpg; sourceTree = "<group>"; };
		1AAEC7E4D58E0CABD44AE90F /* Artwork */ = {isa = PBXFileReference; lastKnownFileType = folder; name = Artwork; path = Voxglass/Resources/Artwork; sourceTree = SOURCE_ROOT; };
		1BBA5A2E92771EE1379D897D /* Assets.xcassets */ = {isa = PBXFileReference; lastKnownFileType = folder.assetcatalog; path = Assets.xcassets; sourceTree = "<group>"; };
		1E8ACE29C6DA4A589D92AFF3 /* TimeFormatting.swift */ = {isa = PBXFileReference; lastKnownFileType = sourcecode.swift; path = TimeFormatting.swift; sourceTree = "<group>"; };
		1F75882B51F22C8D3A3EEAAD /* ArtworkService.swift */ = {isa = PBXFileReference; lastKnownFileType = sourcecode.swift; path = ArtworkService.swift; sourceTree = "<group>"; };
		2220F5BD5DBA4CE50C8E4459 /* romeo_and_juliet_librivox.jpg */ = {isa = PBXFileReference; lastKnownFileType = image.jpeg; path = romeo_and_juliet_librivox.jpg; sourceTree = "<group>"; };
		2503F5269E8A159A62B785C6 /* emma_solo_librivox.jpg */ = {isa = PBXFileReference; lastKnownFileType = image.jpeg; path = emma_solo_librivox.jpg; sourceTree = "<group>"; };
		2761AA70F89396E53EE93D01 /* 0_sense_and_sensibility_librivox.jpg */ = {isa = PBXFileReference; lastKnownFileType = image.jpeg; path = 0_sense_and_sensibility_librivox.jpg; sourceTree = "<group>"; };
		28210879609150716CCE1C62 /* BookmarksView.swift */ = {isa = PBXFileReference; lastKnownFileType = sourcecode.swift; path = BookmarksView.swift; sourceTree = "<group>"; };
		2A5D4A562FBA3FDB85832876 /* timemachine_sjm_librivox.jpg */ = {isa = PBXFileReference; lastKnownFileType = image.jpeg; path = timemachine_sjm_librivox.jpg; sourceTree = "<group>"; };
		2C32F38CFF851AFE807E124B /* ScaledFontModifier.swift */ = {isa = PBXFileReference; lastKnownFileType = sourcecode.swift; path = ScaledFontModifier.swift; sourceTree = "<group>"; };
		2C89F09B2802010B27CD6943 /* king_solomon_librivox.jpg */ = {isa = PBXFileReference; lastKnownFileType = image.jpeg; path = king_solomon_librivox.jpg; sourceTree = "<group>"; };
		2CD52D45D1EC2B1B4C8D2A32 /* andersens_fairytales_librivox.jpg */ = {isa = PBXFileReference; lastKnownFileType = image.jpeg; path = andersens_fairytales_librivox.jpg; sourceTree = "<group>"; };
		2D878648CFAE6A1DA9323D89 /* 2br02b_0801_librivox.jpg */ = {isa = PBXFileReference; lastKnownFileType = image.jpeg; path = 2br02b_0801_librivox.jpg; sourceTree = "<group>"; };
		2DB5A35CB6F0BC962363DE38 /* ghost_stories_001_librivox.jpg */ = {isa = PBXFileReference; lastKnownFileType = image.jpeg; path = ghost_stories_001_librivox.jpg; sourceTree = "<group>"; };
		305628B60168BDF452A13A74 /* letters_brides_0709_librivox.jpg */ = {isa = PBXFileReference; lastKnownFileType = image.jpeg; path = letters_brides_0709_librivox.jpg; sourceTree = "<group>"; };
		30D528330E6ECF511FDDDD5B /* dracula_1006_librivox.jpg */ = {isa = PBXFileReference; lastKnownFileType = image.jpeg; path = dracula_1006_librivox.jpg; sourceTree = "<group>"; };
		336F165C2E66C5C32ABDD2CA /* CarPlaySceneDelegate.swift */ = {isa = PBXFileReference; lastKnownFileType = sourcecode.swift; path = CarPlaySceneDelegate.swift; sourceTree = "<group>"; };
		33E22B53A145A61875D154EB /* jane_eyre_librivox.jpg */ = {isa = PBXFileReference; lastKnownFileType = image.jpeg; path = jane_eyre_librivox.jpg; sourceTree = "<group>"; };
		347795F23ED3EA940FB4D8BE /* SystemPlaybackBridge.swift */ = {isa = PBXFileReference; lastKnownFileType = sourcecode.swift; path = SystemPlaybackBridge.swift; sourceTree = "<group>"; };
		34808794F915DD9ECCB1F970 /* tale_two_cities_librivox.jpg */ = {isa = PBXFileReference; lastKnownFileType = image.jpeg; path = tale_two_cities_librivox.jpg; sourceTree = "<group>"; };
		348FE56BD340B5F368EB305A /* great_expectations_mfs_0812_librivox.jpg */ = {isa = PBXFileReference; lastKnownFileType = image.jpeg; path = great_expectations_mfs_0812_librivox.jpg; sourceTree = "<group>"; };
		3614549857B18C6870AD8A76 /* secret_garden_version2_librivox.jpg */ = {isa = PBXFileReference; lastKnownFileType = image.jpeg; path = secret_garden_version2_librivox.jpg; sourceTree = "<group>"; };
		3616511B3047863DE929EEC4 /* solo_pride_librivox.jpg */ = {isa = PBXFileReference; lastKnownFileType = image.jpeg; path = solo_pride_librivox.jpg; sourceTree = "<group>"; };
		39C00D54A32B0CDBB2B78CB5 /* science_gettingrich_1005_librivox.jpg */ = {isa = PBXFileReference; lastKnownFileType = image.jpeg; path = science_gettingrich_1005_librivox.jpg; sourceTree = "<group>"; };
		3B393E27114CA65865E52B0E /* heart_of_darkness.jpg */ = {isa = PBXFileReference; lastKnownFileType = image.jpeg; path = heart_of_darkness.jpg; sourceTree = "<group>"; };
		4008972DE2117B1781A316A6 /* SearchView.swift */ = {isa = PBXFileReference; lastKnownFileType = sourcecode.swift; path = SearchView.swift; sourceTree = "<group>"; };
		401A6A7A2EAF21C7B1B57B98 /* UniformTypeIdentifiers.framework */ = {isa = PBXFileReference; lastKnownFileType = wrapper.framework; name = UniformTypeIdentifiers.framework; path = System/Library/Frameworks/UniformTypeIdentifiers.framework; sourceTree = SDKROOT; };
		407C1274451E832DF8086039 /* AVPlayerAudioEngine.swift */ = {isa = PBXFileReference; lastKnownFileType = sourcecode.swift; path = AVPlayerAudioEngine.swift; sourceTree = "<group>"; };
		40F8ACEE07BAD813F34C6DBE /* EQView.swift */ = {isa = PBXFileReference; lastKnownFileType = sourcecode.swift; path = EQView.swift; sourceTree = "<group>"; };
		41ABB6A40594A5A76F1D0400 /* adventuressherlockholmes_v4_1501_librivox.jpg */ = {isa = PBXFileReference; lastKnownFileType = image.jpeg; path = adventuressherlockholmes_v4_1501_librivox.jpg; sourceTree = "<group>"; };
		420E11400AB1535B94D3D0B5 /* GlassDock.swift */ = {isa = PBXFileReference; lastKnownFileType = sourcecode.swift; path = GlassDock.swift; sourceTree = "<group>"; };
		446298FA2910316179E29ECB /* moby_dick_librivox.jpg */ = {isa = PBXFileReference; lastKnownFileType = image.jpeg; path = moby_dick_librivox.jpg; sourceTree = "<group>"; };
		45A607753DCA596271DC8EC7 /* beowulf.jpg */ = {isa = PBXFileReference; lastKnownFileType = image.jpeg; path = beowulf.jpg; sourceTree = "<group>"; };
		46BECBB89F17D12CFB910BC9 /* BookRowView.swift */ = {isa = PBXFileReference; lastKnownFileType = sourcecode.swift; path = BookRowView.swift; sourceTree = "<group>"; };
		48AD36A085B88B984ACA97FE /* english_fairy_tales_joy_librivox.jpg */ = {isa = PBXFileReference; lastKnownFileType = image.jpeg; path = english_fairy_tales_joy_librivox.jpg; sourceTree = "<group>"; };
		49FA6D58EC651570824B18FE /* AudioToolbox.framework */ = {isa = PBXFileReference; lastKnownFileType = wrapper.framework; name = AudioToolbox.framework; path = System/Library/Frameworks/AudioToolbox.framework; sourceTree = SDKROOT; };
		4AAEDDB3F34068321C643AD3 /* prince_librivox.jpg */ = {isa = PBXFileReference; lastKnownFileType = image.jpeg; path = prince_librivox.jpg; sourceTree = "<group>"; };
		4D4C14EF3CC1FDD728821195 /* alice_in_wonderland_librivox.jpg */ = {isa = PBXFileReference; lastKnownFileType = image.jpeg; path = alice_in_wonderland_librivox.jpg; sourceTree = "<group>"; };
		4DE029504EEF4954467251CA /* swiss_family_robinson_librivox.jpg */ = {isa = PBXFileReference; lastKnownFileType = image.jpeg; path = swiss_family_robinson_librivox.jpg; sourceTree = "<group>"; };
		4F695ED501176D7E86BED918 /* american_indian_tales_librivox.jpg */ = {isa = PBXFileReference; lastKnownFileType = image.jpeg; path = american_indian_tales_librivox.jpg; sourceTree = "<group>"; };
		502C6F0D6AB044871EE800C9 /* VoxglassUITests.xctest */ = {isa = PBXFileReference; includeInIndex = 0; lastKnownFileType = wrapper.cfbundle; path = VoxglassUITests.xctest; sourceTree = BUILT_PRODUCTS_DIR; };
		532142CAFAA3305FE98E66A2 /* anthem_librivox.jpg */ = {isa = PBXFileReference; lastKnownFileType = image.jpeg; path = anthem_librivox.jpg; sourceTree = "<group>"; };
		53A474946D40785F6D80F576 /* jane_eyre_ver03_0809_librivox.jpg */ = {isa = PBXFileReference; lastKnownFileType = image.jpeg; path = jane_eyre_ver03_0809_librivox.jpg; sourceTree = "<group>"; };
		54A19CE35BAFC21D027EED34 /* RootView.swift */ = {isa = PBXFileReference; lastKnownFileType = sourcecode.swift; path = RootView.swift; sourceTree = "<group>"; };
		5ACD76A1FBF9F2436A430A97 /* walden_librivox.jpg */ = {isa = PBXFileReference; lastKnownFileType = image.jpeg; path = walden_librivox.jpg; sourceTree = "<group>"; };
		5CF9F9C666BC7F602B75DB50 /* beyond_good_and_evil_librivox.jpg */ = {isa = PBXFileReference; lastKnownFileType = image.jpeg; path = beyond_good_and_evil_librivox.jpg; sourceTree = "<group>"; };
		5FE9C1DD357179B18F33DD7C /* FolderWatchView.swift */ = {isa = PBXFileReference; lastKnownFileType = sourcecode.swift; path = FolderWatchView.swift; sourceTree = "<group>"; };
		60F7BC9A74D4150042BA1CF8 /* alexander_great_ld_librivox.jpg */ = {isa = PBXFileReference; lastKnownFileType = image.jpeg; path = alexander_great_ld_librivox.jpg; sourceTree = "<group>"; };
		614EDDFDEE2D6D46377341C6 /* AnimatedSplashView.swift */ = {isa = PBXFileReference; lastKnownFileType = sourcecode.swift; path = AnimatedSplashView.swift; sourceTree = "<group>"; };
		61E5A9F59EE4AF7813584148 /* don_quijote_vol1_0706_librivox.jpg */ = {isa = PBXFileReference; lastKnownFileType = image.jpeg; path = don_quijote_vol1_0706_librivox.jpg; sourceTree = "<group>"; };
		63E0138B81F7532946A478D9 /* MiniPlayerView.swift */ = {isa = PBXFileReference; lastKnownFileType = sourcecode.swift; path = MiniPlayerView.swift; sourceTree = "<group>"; };
		651043E3C279BA705B4D4256 /* as_a_man_thinketh_mc_librivox.jpg */ = {isa = PBXFileReference; lastKnownFileType = image.jpeg; path = as_a_man_thinketh_mc_librivox.jpg; sourceTree = "<group>"; };
		6651677A03062028BC949542 /* 1601_0903_librivox.jpg */ = {isa = PBXFileReference; lastKnownFileType = image.jpeg; path = 1601_0903_librivox.jpg; sourceTree = "<group>"; };
		6B0227E7DDA4A542B1026CE7 /* fabulas_esopo_02_librivox.jpg */ = {isa = PBXFileReference; lastKnownFileType = image.jpeg; path = fabulas_esopo_02_librivox.jpg; sourceTree = "<group>"; };
		6BE0C0AD38F30780B11D2A91 /* andersensfairy_1307_librivox.jpg */ = {isa = PBXFileReference; lastKnownFileType = image.jpeg; path = andersensfairy_1307_librivox.jpg; sourceTree = "<group>"; };
		6D8E90829CAAF88F8C4F577B /* bleak_house_cl_librivox.jpg */ = {isa = PBXFileReference; lastKnownFileType = image.jpeg; path = bleak_house_cl_librivox.jpg; sourceTree = "<group>"; };
		6E0713144FB8D6284CDDBE78 /* penguin_island_ms_librivox.jpg */ = {isa = PBXFileReference; lastKnownFileType = image.jpeg; path = penguin_island_ms_librivox.jpg; sourceTree = "<group>"; };
		6E236DD8C74AFC36B59293A6 /* invisible_man_librivox.jpg */ = {isa = PBXFileReference; lastKnownFileType = image.jpeg; path = invisible_man_librivox.jpg; sourceTree = "<group>"; };
		6F0D99DCD6D4A6A80BC79732 /* your_invisible_power_2104_librivox.jpg */ = {isa = PBXFileReference; lastKnownFileType = image.jpeg; path = your_invisible_power_2104_librivox.jpg; sourceTree = "<group>"; };
		6FBAB9AA5DFEAD67485D8C81 /* SplashView.swift */ = {isa = PBXFileReference; lastKnownFileType = sourcecode.swift; path = SplashView.swift; sourceTree = "<group>"; };
		6FF3F7E592030AE8DB6A3300 /* 8thanniversary_1308_librivox.jpg */ = {isa = PBXFileReference; lastKnownFileType = image.jpeg; path = 8thanniversary_1308_librivox.jpg; sourceTree = "<group>"; };
		739CF70CFD45FD09DC69EB64 /* ListenView.swift */ = {isa = PBXFileReference; lastKnownFileType = sourcecode.swift; path = ListenView.swift; sourceTree = "<group>"; };
		75844DA19EB93CF266B991E9 /* pride_and_prejudice_librivox.jpg */ = {isa = PBXFileReference; lastKnownFileType = image.jpeg; path = pride_and_prejudice_librivox.jpg; sourceTree = "<group>"; };
		76F77E862DBA8E6F6449833B /* aliceinwonderland_1102_librivox.jpg */ = {isa = PBXFileReference; lastKnownFileType = image.jpeg; path = aliceinwonderland_1102_librivox.jpg; sourceTree = "<group>"; };
		78FC81862BCB58FA50870112 /* PlaylistsView.swift */ = {isa = PBXFileReference; lastKnownFileType = sourcecode.swift; path = PlaylistsView.swift; sourceTree = "<group>"; };
		7AEB9CCDB3E70DB0915C1CAA /* bequest_jg_librivox.jpg */ = {isa = PBXFileReference; lastKnownFileType = image.jpeg; path = bequest_jg_librivox.jpg; sourceTree = "<group>"; };
		7CB5032639CF00041C20C04D /* gods_of_mars_librivox.jpg */ = {isa = PBXFileReference; lastKnownFileType = image.jpeg; path = gods_of_mars_librivox.jpg; sourceTree = "<group>"; };
		7D05BD54482E13A57D007AE1 /* little_princess_krs.jpg */ = {isa = PBXFileReference; lastKnownFileType = image.jpeg; path = little_princess_krs.jpg; sourceTree = "<group>"; };
		7FFF648C1C68BCEA7325C2C9 /* fabulas_esopo_01_librivox.jpg */ = {isa = PBXFileReference; lastKnownFileType = image.jpeg; path = fabulas_esopo_01_librivox.jpg; sourceTree = "<group>"; };
		80C8886548A2D672DC6DD80A /* adventures_sherlock_holmes_rg_librivox.jpg */ = {isa = PBXFileReference; lastKnownFileType = image.jpeg; path = adventures_sherlock_holmes_rg_librivox.jpg; sourceTree = "<group>"; };
		80E5861D18CA56AA2AD9FC21 /* MediaPlayer.framework */ = {isa = PBXFileReference; lastKnownFileType = wrapper.framework; name = MediaPlayer.framework; path = System/Library/Frameworks/MediaPlayer.framework; sourceTree = SDKROOT; };
		819DD67B740EA26E6C96F048 /* call_of_the_wild.jpg */ = {isa = PBXFileReference; lastKnownFileType = image.jpeg; path = call_of_the_wild.jpg; sourceTree = "<group>"; };
		82ACAE08A854D9C0B7A70CA9 /* mysterious_island_ms_librivox.jpg */ = {isa = PBXFileReference; lastKnownFileType = image.jpeg; path = mysterious_island_ms_librivox.jpg; sourceTree = "<group>"; };
		841534B2BAC23D46DACCD5B1 /* LibraryView.swift */ = {isa = PBXFileReference; lastKnownFileType = sourcecode.swift; path = LibraryView.swift; sourceTree = "<group>"; };
		84A1AC3F062A5AC1804A3500 /* beowulf_te_librivox.jpg */ = {isa = PBXFileReference; lastKnownFileType = image.jpeg; path = beowulf_te_librivox.jpg; sourceTree = "<group>"; };
		85B1181A1D8983DA914206C2 /* libsqlite3.tbd */ = {isa = PBXFileReference; lastKnownFileType = "sourcecode.text-based-dylib-definition"; name = libsqlite3.tbd; path = usr/lib/libsqlite3.tbd; sourceTree = SDKROOT; };
		8929BD61B2DF375F3BBF9376 /* gulliver_ld_librivox.jpg */ = {isa = PBXFileReference; lastKnownFileType = image.jpeg; path = gulliver_ld_librivox.jpg; sourceTree = "<group>"; };
		8FA121B410B6E8D51EF2A2A6 /* les_mis_vol01_0810_librivox.jpg */ = {isa = PBXFileReference; lastKnownFileType = image.jpeg; path = les_mis_vol01_0810_librivox.jpg; sourceTree = "<group>"; };
		92C22C97A028F7EC7BE266A7 /* divine_comedy_librivox.jpg */ = {isa = PBXFileReference; lastKnownFileType = image.jpeg; path = divine_comedy_librivox.jpg; sourceTree = "<group>"; };
		93ECD54380A215C3A3831A60 /* SkipSymbol.swift */ = {isa = PBXFileReference; lastKnownFileType = sourcecode.swift; path = SkipSymbol.swift; sourceTree = "<group>"; };
		9434A47A806A4EA4509EC595 /* terror_mystery_0707_librivox.jpg */ = {isa = PBXFileReference; lastKnownFileType = image.jpeg; path = terror_mystery_0707_librivox.jpg; sourceTree = "<group>"; };
		95933760B74CDDA0DF861AD9 /* 12_creepytales_1206_librivox.jpg */ = {isa = PBXFileReference; lastKnownFileType = image.jpeg; path = 12_creepytales_1206_librivox.jpg; sourceTree = "<group>"; };
		989BB4966DCB31F74FB5E7B3 /* CarPlayActionDispatcher.swift */ = {isa = PBXFileReference; lastKnownFileType = sourcecode.swift; path = CarPlayActionDispatcher.swift; sourceTree = "<group>"; };
		9ABC6B23620831DB847312B2 /* being_earnest_librivox.jpg */ = {isa = PBXFileReference; lastKnownFileType = image.jpeg; path = being_earnest_librivox.jpg; sourceTree = "<group>"; };
		9C7281A4BB54139B5008C6D6 /* ListeningStatsView.swift */ = {isa = PBXFileReference; lastKnownFileType = sourcecode.swift; path = ListeningStatsView.swift; sourceTree = "<group>"; };
		9C9E2D966DCE8E13DEC2C112 /* railway_children_librivox.jpg */ = {isa = PBXFileReference; lastKnownFileType = image.jpeg; path = railway_children_librivox.jpg; sourceTree = "<group>"; };
		A42A7E5AF0C1B49C5E7A01FB /* return_holmes_0708_librivox.jpg */ = {isa = PBXFileReference; lastKnownFileType = image.jpeg; path = return_holmes_0708_librivox.jpg; sourceTree = "<group>"; };
		A6AA015D08BC5D3D56CA570C /* VoxglassApp.swift */ = {isa = PBXFileReference; lastKnownFileType = sourcecode.swift; path = VoxglassApp.swift; sourceTree = "<group>"; };
		A78625CC8B97CB25ACD9C251 /* anne_of_green_gables_librivox.jpg */ = {isa = PBXFileReference; lastKnownFileType = image.jpeg; path = anne_of_green_gables_librivox.jpg; sourceTree = "<group>"; };
		A863A5C2B74DE190C0ED26CB /* memoirs_holmes_0709_librivox.jpg */ = {isa = PBXFileReference; lastKnownFileType = image.jpeg; path = memoirs_holmes_0709_librivox.jpg; sourceTree = "<group>"; };
		A9FF2C66B604A483005DF1CF /* CarPlayTemplateRenderer.swift */ = {isa = PBXFileReference; lastKnownFileType = sourcecode.swift; path = CarPlayTemplateRenderer.swift; sourceTree = "<group>"; };
		AC7FA06FAF043F5404168367 /* BookDetailView.swift */ = {isa = PBXFileReference; lastKnownFileType = sourcecode.swift; path = BookDetailView.swift; sourceTree = "<group>"; };
		AD30019A34C9E1F714333796 /* NowPlayingView.swift */ = {isa = PBXFileReference; lastKnownFileType = sourcecode.swift; path = NowPlayingView.swift; sourceTree = "<group>"; };
		AF64D2E09DF828C94AC30C1F /* reluctant_dragon_librivox.jpg */ = {isa = PBXFileReference; lastKnownFileType = image.jpeg; path = reluctant_dragon_librivox.jpg; sourceTree = "<group>"; };
		B08031FB6970F7E4B5A64C0B /* robinson_crusoe_librivox.jpg */ = {isa = PBXFileReference; lastKnownFileType = image.jpeg; path = robinson_crusoe_librivox.jpg; sourceTree = "<group>"; };
		B0F652B44CEB7E5C6E362184 /* adventures_holmes.jpg */ = {isa = PBXFileReference; lastKnownFileType = image.jpeg; path = adventures_holmes.jpg; sourceTree = "<group>"; };
		B3FBDB34C807AC848ED38203 /* prideandprejudice_1005_librivox.jpg */ = {isa = PBXFileReference; lastKnownFileType = image.jpeg; path = prideandprejudice_1005_librivox.jpg; sourceTree = "<group>"; };
		B5D32B1ADBD5E2A825589454 /* Voxglass.app */ = {isa = PBXFileReference; includeInIndex = 0; lastKnownFileType = wrapper.application; path = Voxglass.app; sourceTree = BUILT_PRODUCTS_DIR; };
		B68D355409D2D26B2CDCCF3E /* romeoandjuliet_ss_0901_librivox.jpg */ = {isa = PBXFileReference; lastKnownFileType = image.jpeg; path = romeoandjuliet_ss_0901_librivox.jpg; sourceTree = "<group>"; };
		B7B41CFE2DB33DDCA5488BAB /* wizard_of_oz.jpg */ = {isa = PBXFileReference; lastKnownFileType = image.jpeg; path = wizard_of_oz.jpg; sourceTree = "<group>"; };
		B954A59F4997A15A1DF6DB40 /* huck_finn_librivox.jpg */ = {isa = PBXFileReference; lastKnownFileType = image.jpeg; path = huck_finn_librivox.jpg; sourceTree = "<group>"; };
		BD0F6CE7B0C3D96D9976A73F /* city_worlds_end_1203_librivox.jpg */ = {isa = PBXFileReference; lastKnownFileType = image.jpeg; path = city_worlds_end_1203_librivox.jpg; sourceTree = "<group>"; };
		BD276A6BF5801E2B15EBA44B /* peter_pan_0707_librivox.jpg */ = {isa = PBXFileReference; lastKnownFileType = image.jpeg; path = peter_pan_0707_librivox.jpg; sourceTree = "<group>"; };
		BDA53866164FE87F59B27A2D /* CarPlay.framework */ = {isa = PBXFileReference; lastKnownFileType = wrapper.framework; name = CarPlay.framework; path = System/Library/Frameworks/CarPlay.framework; sourceTree = SDKROOT; };
		BEA60995B652FE2300E42D14 /* grimms_english_librivox.jpg */ = {isa = PBXFileReference; lastKnownFileType = image.jpeg; path = grimms_english_librivox.jpg; sourceTree = "<group>"; };
		BECFFF6B99D77D6DC68E1D9E /* wuthering_heights_rg_librivox.jpg */ = {isa = PBXFileReference; lastKnownFileType = image.jpeg; path = wuthering_heights_rg_librivox.jpg; sourceTree = "<group>"; };
		BEFDD43E914E4DAA95D729E2 /* dracula_librivox.jpg */ = {isa = PBXFileReference; lastKnownFileType = image.jpeg; path = dracula_librivox.jpg; sourceTree = "<group>"; };
		BF296A86B135507051DFBBD2 /* AVFoundation.framework */ = {isa = PBXFileReference; lastKnownFileType = wrapper.framework; name = AVFoundation.framework; path = System/Library/Frameworks/AVFoundation.framework; sourceTree = SDKROOT; };
		C47467C62F52089A9F12E038 /* fanny_hill_librivox.jpg */ = {isa = PBXFileReference; lastKnownFileType = image.jpeg; path = fanny_hill_librivox.jpg; sourceTree = "<group>"; };
		C4982A67A97291048FEDCB58 /* adventures_pinocchio_librivox.jpg */ = {isa = PBXFileReference; lastKnownFileType = image.jpeg; path = adventures_pinocchio_librivox.jpg; sourceTree = "<group>"; };
		C916EE82BAA77FF01E218A4E /* franklin_autobio_gg_librivox.jpg */ = {isa = PBXFileReference; lastKnownFileType = image.jpeg; path = franklin_autobio_gg_librivox.jpg; sourceTree = "<group>"; };
		C9C9C82CDA7FAE7C991C661D /* game_of_life_0911_librivox.jpg */ = {isa = PBXFileReference; lastKnownFileType = image.jpeg; path = game_of_life_0911_librivox.jpg; sourceTree = "<group>"; };
		CB2DBA8A509FFB154473301D /* BookArtworkView.swift */ = {isa = PBXFileReference; lastKnownFileType = sourcecode.swift; path = BookArtworkView.swift; sourceTree = "<group>"; };
		CC17411DDC89002281222ACC /* CarPlayInterfaceController.swift */ = {isa = PBXFileReference; lastKnownFileType = sourcecode.swift; path = CarPlayInterfaceController.swift; sourceTree = "<group>"; };
		CC9FC90F429E3A6FF0763EF3 /* alice_wonderland_0711_librivox.jpg */ = {isa = PBXFileReference; lastKnownFileType = image.jpeg; path = alice_wonderland_0711_librivox.jpg; sourceTree = "<group>"; };
		CDC407D3BB2E95FD9AC3A899 /* art_of_war_librivox.jpg */ = {isa = PBXFileReference; lastKnownFileType = image.jpeg; path = art_of_war_librivox.jpg; sourceTree = "<group>"; };
		CDCDF8AD0F6C456FE5DB27B1 /* huckleberry_mfs_librivox.jpg */ = {isa = PBXFileReference; lastKnownFileType = image.jpeg; path = huckleberry_mfs_librivox.jpg; sourceTree = "<group>"; };
		CE26F9079A1C12E2BAD8E865 /* CatalogDiscoveryView.swift */ = {isa = PBXFileReference; lastKnownFileType = sourcecode.swift; path = CatalogDiscoveryView.swift; sourceTree = "<group>"; };
		CE9B0381803F242B696298F4 /* anne_greengables_librivox.jpg */ = {isa = PBXFileReference; lastKnownFileType = image.jpeg; path = anne_greengables_librivox.jpg; sourceTree = "<group>"; };
		CEC318EB68E5165403477C6D /* DiscoverView.swift */ = {isa = PBXFileReference; lastKnownFileType = sourcecode.swift; path = DiscoverView.swift; sourceTree = "<group>"; };
		CF19A4F59CA3110F4B87D5B4 /* VoxglassUITests.swift */ = {isa = PBXFileReference; lastKnownFileType = sourcecode.swift; path = VoxglassUITests.swift; sourceTree = "<group>"; };
		D78C6344FCDC530F80FCD2DE /* parso-voxglass */ = {isa = PBXFileReference; lastKnownFileType = folder; name = "parso-voxglass"; path = .; sourceTree = SOURCE_ROOT; };
		D95EEA019E1770E27663315D /* tom_sawyer_librivox.jpg */ = {isa = PBXFileReference; lastKnownFileType = image.jpeg; path = tom_sawyer_librivox.jpg; sourceTree = "<group>"; };
		D99745AB51C27E3F7194CA27 /* BundledArtworkProvider.swift */ = {isa = PBXFileReference; lastKnownFileType = sourcecode.swift; path = BundledArtworkProvider.swift; sourceTree = "<group>"; };
		DBF0BA6B47E170D692135105 /* AppServices.swift */ = {isa = PBXFileReference; lastKnownFileType = sourcecode.swift; path = AppServices.swift; sourceTree = "<group>"; };
		DC328A20FBE79B2C9ABFF3A1 /* odyssey_butler_librivox.jpg */ = {isa = PBXFileReference; lastKnownFileType = image.jpeg; path = odyssey_butler_librivox.jpg; sourceTree = "<group>"; };
		E6263EDA39C0F570D2A4A685 /* VoxglassTheme.swift */ = {isa = PBXFileReference; lastKnownFileType = sourcecode.swift; path = VoxglassTheme.swift; sourceTree = "<group>"; };
		E967226D4468771DC77D2A02 /* pride_prejudice_krs_librivox.jpg */ = {isa = PBXFileReference; lastKnownFileType = image.jpeg; path = pride_prejudice_krs_librivox.jpg; sourceTree = "<group>"; };
		EB9DEA4B373912453B25F866 /* grimm_fairy_tales_1202_librivox.jpg */ = {isa = PBXFileReference; lastKnownFileType = image.jpeg; path = grimm_fairy_tales_1202_librivox.jpg; sourceTree = "<group>"; };
		ED05E4824CBB1D2D7D9CA849 /* uncle_toms_cabin_librivox.jpg */ = {isa = PBXFileReference; lastKnownFileType = image.jpeg; path = uncle_toms_cabin_librivox.jpg; sourceTree = "<group>"; };
		F0CAA54FADE549D2158FAB93 /* secret_garden_librivox.jpg */ = {isa = PBXFileReference; lastKnownFileType = image.jpeg; path = secret_garden_librivox.jpg; sourceTree = "<group>"; };
		F2C0CC7564136E84756F685C /* AdaptiveGlass.swift */ = {isa = PBXFileReference; lastKnownFileType = sourcecode.swift; path = AdaptiveGlass.swift; sourceTree = "<group>"; };
		F701EDCDE2BB625656606A03 /* SettingsView.swift */ = {isa = PBXFileReference; lastKnownFileType = sourcecode.swift; path = SettingsView.swift; sourceTree = "<group>"; };
		F8133D9EE165903ECF80F723 /* CarPlayNowPlayingConfigurator.swift */ = {isa = PBXFileReference; lastKnownFileType = sourcecode.swift; path = CarPlayNowPlayingConfigurator.swift; sourceTree = "<group>"; };
		F894F3072B9A0DE71D1E18D8 /* sense_sensibility_ver3_ek.jpg */ = {isa = PBXFileReference; lastKnownFileType = image.jpeg; path = sense_sensibility_ver3_ek.jpg; sourceTree = "<group>"; };
		F9C1AC88D4122B2F6085A567 /* VoxglassCarPlaySmokeTests.xctest */ = {isa = PBXFileReference; includeInIndex = 0; lastKnownFileType = wrapper.cfbundle; path = VoxglassCarPlaySmokeTests.xctest; sourceTree = BUILT_PRODUCTS_DIR; };
		F9E93D1A57F80DF8FFB3D8A7 /* manifest.json */ = {isa = PBXFileReference; lastKnownFileType = text.json; path = manifest.json; sourceTree = "<group>"; };
		FA14453863EDE79F9ECE585B /* alices_adventures_1003.jpg */ = {isa = PBXFileReference; lastKnownFileType = image.jpeg; path = alices_adventures_1003.jpg; sourceTree = "<group>"; };
		FFE080C02F84A3F3C3C682AC /* count_monte_cristo_0711_librivox.jpg */ = {isa = PBXFileReference; lastKnownFileType = image.jpeg; path = count_monte_cristo_0711_librivox.jpg; sourceTree = "<group>"; };
/* End PBXFileReference section */

/* Begin PBXFrameworksBuildPhase section */
		BF91174CF3CF8623979C3588 /* Frameworks */ = {
			isa = PBXFrameworksBuildPhase;
			buildActionMask = 2147483647;
			files = (
				1BD9B7B8488C805FBD59A0B2 /* VoxglassCore in Frameworks */,
				8C6B21C9D4DCE4D3AAFB642E /* AudioToolbox.framework in Frameworks */,
				BB92423FB45EE5D963ED7BAA /* AVFoundation.framework in Frameworks */,
				0D0D08BDA2C5959024DEF090 /* CarPlay.framework in Frameworks */,
				089C22BB4A3D9F9B62E7ADC7 /* MediaPlayer.framework in Frameworks */,
				A787A01E2BC926D7A17297CA /* UniformTypeIdentifiers.framework in Frameworks */,
				E9377FC490F1E5406F211C28 /* libsqlite3.tbd in Frameworks */,
			);
			runOnlyForDeploymentPostprocessing = 0;
		};
/* End PBXFrameworksBuildPhase section */

/* Begin PBXGroup section */
		14120B8711EC104FE616E7D7 /* Frameworks */ = {
			isa = PBXGroup;
			children = (
				49FA6D58EC651570824B18FE /* AudioToolbox.framework */,
				BF296A86B135507051DFBBD2 /* AVFoundation.framework */,
				BDA53866164FE87F59B27A2D /* CarPlay.framework */,
				85B1181A1D8983DA914206C2 /* libsqlite3.tbd */,
				80E5861D18CA56AA2AD9FC21 /* MediaPlayer.framework */,
				401A6A7A2EAF21C7B1B57B98 /* UniformTypeIdentifiers.framework */,
			);
			name = Frameworks;
			sourceTree = "<group>";
		};
		2FD1F66FADFA63C33D73FE19 /* Listen */ = {
			isa = PBXGroup;
			children = (
				739CF70CFD45FD09DC69EB64 /* ListenView.swift */,
			);
			path = Listen;
			sourceTree = "<group>";
		};
		3AD425C661E52D1980A9C9A1 /* Artwork */ = {
			isa = PBXGroup;
			children = (
				2761AA70F89396E53EE93D01 /* 0_sense_and_sensibility_librivox.jpg */,
				2D878648CFAE6A1DA9323D89 /* 2br02b_0801_librivox.jpg */,
				6FF3F7E592030AE8DB6A3300 /* 8thanniversary_1308_librivox.jpg */,
				95933760B74CDDA0DF861AD9 /* 12_creepytales_1206_librivox.jpg */,
				6651677A03062028BC949542 /* 1601_0903_librivox.jpg */,
				088AA4A9A7602E0A0C49E97C /* 1891_collection_bt_librivox.jpg */,
				B0F652B44CEB7E5C6E362184 /* adventures_holmes.jpg */,
				C4982A67A97291048FEDCB58 /* adventures_pinocchio_librivox.jpg */,
				80C8886548A2D672DC6DD80A /* adventures_sherlock_holmes_rg_librivox.jpg */,
				08BCFD8ACA913E9EFA9AD767 /* adventures_sherlockholmes_1007_librivox.jpg */,
				41ABB6A40594A5A76F1D0400 /* adventuressherlockholmes_v4_1501_librivox.jpg */,
				196740ED53FE2AEBC7990EDA /* aesop_fables_volume_one_librivox.jpg */,
				60F7BC9A74D4150042BA1CF8 /* alexander_great_ld_librivox.jpg */,
				4D4C14EF3CC1FDD728821195 /* alice_in_wonderland_librivox.jpg */,
				CC9FC90F429E3A6FF0763EF3 /* alice_wonderland_0711_librivox.jpg */,
				76F77E862DBA8E6F6449833B /* aliceinwonderland_1102_librivox.jpg */,
				FA14453863EDE79F9ECE585B /* alices_adventures_1003.jpg */,
				018C274D1C0769FF60E74A17 /* amateur_cracksman_librivox.jpg */,
				4F695ED501176D7E86BED918 /* american_indian_tales_librivox.jpg */,
				2CD52D45D1EC2B1B4C8D2A32 /* andersens_fairytales_librivox.jpg */,
				6BE0C0AD38F30780B11D2A91 /* andersensfairy_1307_librivox.jpg */,
				CE9B0381803F242B696298F4 /* anne_greengables_librivox.jpg */,
				A78625CC8B97CB25ACD9C251 /* anne_of_green_gables_librivox.jpg */,
				532142CAFAA3305FE98E66A2 /* anthem_librivox.jpg */,
				CDC407D3BB2E95FD9AC3A899 /* art_of_war_librivox.jpg */,
				034B5DB162C110775DD52953 /* art_war_ps_librivox.jpg */,
				651043E3C279BA705B4D4256 /* as_a_man_thinketh_mc_librivox.jpg */,
				9ABC6B23620831DB847312B2 /* being_earnest_librivox.jpg */,
				84A1AC3F062A5AC1804A3500 /* beowulf_te_librivox.jpg */,
				45A607753DCA596271DC8EC7 /* beowulf.jpg */,
				7AEB9CCDB3E70DB0915C1CAA /* bequest_jg_librivox.jpg */,
				5CF9F9C666BC7F602B75DB50 /* beyond_good_and_evil_librivox.jpg */,
				6D8E90829CAAF88F8C4F577B /* bleak_house_cl_librivox.jpg */,
				819DD67B740EA26E6C96F048 /* call_of_the_wild.jpg */,
				BD0F6CE7B0C3D96D9976A73F /* city_worlds_end_1203_librivox.jpg */,
				FFE080C02F84A3F3C3C682AC /* count_monte_cristo_0711_librivox.jpg */,
				15A4E3200D9B6B41414C5FC2 /* count_montecristo_1308_librivox.jpg */,
				92C22C97A028F7EC7BE266A7 /* divine_comedy_librivox.jpg */,
				61E5A9F59EE4AF7813584148 /* don_quijote_vol1_0706_librivox.jpg */,
				30D528330E6ECF511FDDDD5B /* dracula_1006_librivox.jpg */,
				BEFDD43E914E4DAA95D729E2 /* dracula_librivox.jpg */,
				2503F5269E8A159A62B785C6 /* emma_solo_librivox.jpg */,
				48AD36A085B88B984ACA97FE /* english_fairy_tales_joy_librivox.jpg */,
				7FFF648C1C68BCEA7325C2C9 /* fabulas_esopo_01_librivox.jpg */,
				6B0227E7DDA4A542B1026CE7 /* fabulas_esopo_02_librivox.jpg */,
				C47467C62F52089A9F12E038 /* fanny_hill_librivox.jpg */,
				04FCC00384E0A94423E5BF7C /* frankenstein_shelley.jpg */,
				C916EE82BAA77FF01E218A4E /* franklin_autobio_gg_librivox.jpg */,
				C9C9C82CDA7FAE7C991C661D /* game_of_life_0911_librivox.jpg */,
				2DB5A35CB6F0BC962363DE38 /* ghost_stories_001_librivox.jpg */,
				051C701DDE62968711413274 /* girl_boat_1109_librivox.jpg */,
				7CB5032639CF00041C20C04D /* gods_of_mars_librivox.jpg */,
				348FE56BD340B5F368EB305A /* great_expectations_mfs_0812_librivox.jpg */,
				EB9DEA4B373912453B25F866 /* grimm_fairy_tales_1202_librivox.jpg */,
				BEA60995B652FE2300E42D14 /* grimms_english_librivox.jpg */,
				8929BD61B2DF375F3BBF9376 /* gulliver_ld_librivox.jpg */,
				3B393E27114CA65865E52B0E /* heart_of_darkness.jpg */,
				B954A59F4997A15A1DF6DB40 /* huck_finn_librivox.jpg */,
				CDCDF8AD0F6C456FE5DB27B1 /* huckleberry_mfs_librivox.jpg */,
				6E236DD8C74AFC36B59293A6 /* invisible_man_librivox.jpg */,
				33E22B53A145A61875D154EB /* jane_eyre_librivox.jpg */,
				53A474946D40785F6D80F576 /* jane_eyre_ver03_0809_librivox.jpg */,
				2C89F09B2802010B27CD6943 /* king_solomon_librivox.jpg */,
				8FA121B410B6E8D51EF2A2A6 /* les_mis_vol01_0810_librivox.jpg */,
				305628B60168BDF452A13A74 /* letters_brides_0709_librivox.jpg */,
				7D05BD54482E13A57D007AE1 /* little_princess_krs.jpg */,
				179C62958C3F5174F0B0AF7D /* love_freindship_cs_librivox.jpg */,
				F9E93D1A57F80DF8FFB3D8A7 /* manifest.json */,
				A863A5C2B74DE190C0ED26CB /* memoirs_holmes_0709_librivox.jpg */,
				446298FA2910316179E29ECB /* moby_dick_librivox.jpg */,
				82ACAE08A854D9C0B7A70CA9 /* mysterious_island_ms_librivox.jpg */,
				DC328A20FBE79B2C9ABFF3A1 /* odyssey_butler_librivox.jpg */,
				6E0713144FB8D6284CDDBE78 /* penguin_island_ms_librivox.jpg */,
				BD276A6BF5801E2B15EBA44B /* peter_pan_0707_librivox.jpg */,
				75844DA19EB93CF266B991E9 /* pride_and_prejudice_librivox.jpg */,
				E967226D4468771DC77D2A02 /* pride_prejudice_krs_librivox.jpg */,
				B3FBDB34C807AC848ED38203 /* prideandprejudice_1005_librivox.jpg */,
				4AAEDDB3F34068321C643AD3 /* prince_librivox.jpg */,
				9C9E2D966DCE8E13DEC2C112 /* railway_children_librivox.jpg */,
				AF64D2E09DF828C94AC30C1F /* reluctant_dragon_librivox.jpg */,
				A42A7E5AF0C1B49C5E7A01FB /* return_holmes_0708_librivox.jpg */,
				B08031FB6970F7E4B5A64C0B /* robinson_crusoe_librivox.jpg */,
				2220F5BD5DBA4CE50C8E4459 /* romeo_and_juliet_librivox.jpg */,
				B68D355409D2D26B2CDCCF3E /* romeoandjuliet_ss_0901_librivox.jpg */,
				39C00D54A32B0CDBB2B78CB5 /* science_gettingrich_1005_librivox.jpg */,
				F0CAA54FADE549D2158FAB93 /* secret_garden_librivox.jpg */,
				3614549857B18C6870AD8A76 /* secret_garden_version2_librivox.jpg */,
				F894F3072B9A0DE71D1E18D8 /* sense_sensibility_ver3_ek.jpg */,
				3616511B3047863DE929EEC4 /* solo_pride_librivox.jpg */,
				4DE029504EEF4954467251CA /* swiss_family_robinson_librivox.jpg */,
				34808794F915DD9ECCB1F970 /* tale_two_cities_librivox.jpg */,
				9434A47A806A4EA4509EC595 /* terror_mystery_0707_librivox.jpg */,
				2A5D4A562FBA3FDB85832876 /* timemachine_sjm_librivox.jpg */,
				D95EEA019E1770E27663315D /* tom_sawyer_librivox.jpg */,
				07B47F8B73E93AF8A2A3E0ED /* treasure_island_ap_librivox.jpg */,
				ED05E4824CBB1D2D7D9CA849 /* uncle_toms_cabin_librivox.jpg */,
				5ACD76A1FBF9F2436A430A97 /* walden_librivox.jpg */,
				0EA653ABDAA7D0F2AE6ACE7E /* war_worlds_solo_librivox.jpg */,
				B7B41CFE2DB33DDCA5488BAB /* wizard_of_oz.jpg */,
				BECFFF6B99D77D6DC68E1D9E /* wuthering_heights_rg_librivox.jpg */,
				6F0D99DCD6D4A6A80BC79732 /* your_invisible_power_2104_librivox.jpg */,
			);
			path = Artwork;
			sourceTree = "<group>";
		};
		4FF87AFE93B4D9DF1F64B844 /* Library */ = {
			isa = PBXGroup;
			children = (
				AC7FA06FAF043F5404168367 /* BookDetailView.swift */,
				46BECBB89F17D12CFB910BC9 /* BookRowView.swift */,
				841534B2BAC23D46DACCD5B1 /* LibraryView.swift */,
				78FC81862BCB58FA50870112 /* PlaylistsView.swift */,
			);
			path = Library;
			sourceTree = "<group>";
		};
		558B88315E87649350BF1F1A /* Chrome */ = {
			isa = PBXGroup;
			children = (
				420E11400AB1535B94D3D0B5 /* GlassDock.swift */,
			);
			path = Chrome;
			sourceTree = "<group>";
		};
		5B7931E9F13221B79BA0FBA4 /* Player */ = {
			isa = PBXGroup;
			children = (
				28210879609150716CCE1C62 /* BookmarksView.swift */,
				CE26F9079A1C12E2BAD8E865 /* CatalogDiscoveryView.swift */,
				40F8ACEE07BAD813F34C6DBE /* EQView.swift */,
				63E0138B81F7532946A478D9 /* MiniPlayerView.swift */,
				AD30019A34C9E1F714333796 /* NowPlayingView.swift */,
			);
			path = Player;
			sourceTree = "<group>";
		};
		64929FA504B1795D8AA944D4 /* CarPlay */ = {
			isa = PBXGroup;
			children = (
				989BB4966DCB31F74FB5E7B3 /* CarPlayActionDispatcher.swift */,
				CC17411DDC89002281222ACC /* CarPlayInterfaceController.swift */,
				F8133D9EE165903ECF80F723 /* CarPlayNowPlayingConfigurator.swift */,
				336F165C2E66C5C32ABDD2CA /* CarPlaySceneDelegate.swift */,
				A9FF2C66B604A483005DF1CF /* CarPlayTemplateRenderer.swift */,
			);
			path = CarPlay;
			sourceTree = "<group>";
		};
		64C3F8F8FCD8175BB6BA6CB7 /* DesignSystem */ = {
			isa = PBXGroup;
			children = (
				F2C0CC7564136E84756F685C /* AdaptiveGlass.swift */,
				1F75882B51F22C8D3A3EEAAD /* ArtworkService.swift */,
				CB2DBA8A509FFB154473301D /* BookArtworkView.swift */,
				D99745AB51C27E3F7194CA27 /* BundledArtworkProvider.swift */,
				2C32F38CFF851AFE807E124B /* ScaledFontModifier.swift */,
				1E8ACE29C6DA4A589D92AFF3 /* TimeFormatting.swift */,
				0D05CDEA73075148B3331D3D /* VoxglassComponents.swift */,
				E6263EDA39C0F570D2A4A685 /* VoxglassTheme.swift */,
			);
			path = DesignSystem;
			sourceTree = "<group>";
		};
		70B91E13A8CC39B4EE6D6CBE /* Onboarding */ = {
			isa = PBXGroup;
			children = (
				614EDDFDEE2D6D46377341C6 /* AnimatedSplashView.swift */,
				06CDA895FD619425E8633059 /* OnboardingPreferencesView.swift */,
				6FBAB9AA5DFEAD67485D8C81 /* SplashView.swift */,
			);
			path = Onboarding;
			sourceTree = "<group>";
		};
		74DA67EFC0C916E05E5F0633 /* Stats */ = {
			isa = PBXGroup;
			children = (
				9C7281A4BB54139B5008C6D6 /* ListeningStatsView.swift */,
			);
			path = Stats;
			sourceTree = "<group>";
		};
		796B34DD940E8756362344DD /* Products */ = {
			isa = PBXGroup;
			children = (
				B5D32B1ADBD5E2A825589454 /* Voxglass.app */,
				F9C1AC88D4122B2F6085A567 /* VoxglassCarPlaySmokeTests.xctest */,
				502C6F0D6AB044871EE800C9 /* VoxglassUITests.xctest */,
			);
			name = Products;
			sourceTree = "<group>";
		};
		97D8E1CF44DA8E5536673DBB /* Discover */ = {
			isa = PBXGroup;
			children = (
				CEC318EB68E5165403477C6D /* DiscoverView.swift */,
			);
			path = Discover;
			sourceTree = "<group>";
		};
		A8CDFF63283253FCE1DB2B33 = {
			isa = PBXGroup;
			children = (
				EBC1B200DDF902108E6154DD /* Packages */,
				F7EF5EDAB0E5DBEA3523BBFE /* Voxglass */,
				B98F8FCFE82D1AD01DA42197 /* VoxglassCarPlaySmokeTests */,
				F1BE95C159C6821B95663D5C /* VoxglassUITests */,
				14120B8711EC104FE616E7D7 /* Frameworks */,
				796B34DD940E8756362344DD /* Products */,
			);
			sourceTree = "<group>";
		};
		B98F8FCFE82D1AD01DA42197 /* VoxglassCarPlaySmokeTests */ = {
			isa = PBXGroup;
			children = (
				06228DB87BFF9FF85FD09465 /* VoxglassCarPlaySmokeTests.swift */,
			);
			path = VoxglassCarPlaySmokeTests;
			sourceTree = "<group>";
		};
		BEF7A9B354634A76C29CF7BD /* App */ = {
			isa = PBXGroup;
			children = (
				DBF0BA6B47E170D692135105 /* AppServices.swift */,
				407C1274451E832DF8086039 /* AVPlayerAudioEngine.swift */,
				54A19CE35BAFC21D027EED34 /* RootView.swift */,
				93ECD54380A215C3A3831A60 /* SkipSymbol.swift */,
				347795F23ED3EA940FB4D8BE /* SystemPlaybackBridge.swift */,
				A6AA015D08BC5D3D56CA570C /* VoxglassApp.swift */,
				64929FA504B1795D8AA944D4 /* CarPlay */,
			);
			path = App;
			sourceTree = "<group>";
		};
		CDF941A7C9627F312E5FBE96 /* Search */ = {
			isa = PBXGroup;
			children = (
				4008972DE2117B1781A316A6 /* SearchView.swift */,
			);
			path = Search;
			sourceTree = "<group>";
		};
		D76B64495A1ADA48FF3A1394 /* Resources */ = {
			isa = PBXGroup;
			children = (
				1AAEC7E4D58E0CABD44AE90F /* Artwork */,
				1BBA5A2E92771EE1379D897D /* Assets.xcassets */,
				3AD425C661E52D1980A9C9A1 /* Artwork */,
			);
			path = Resources;
			sourceTree = "<group>";
		};
		EBC1B200DDF902108E6154DD /* Packages */ = {
			isa = PBXGroup;
			children = (
				D78C6344FCDC530F80FCD2DE /* parso-voxglass */,
			);
			name = Packages;
			sourceTree = "<group>";
		};
		EF682B4AD94F2E2E912091D4 /* Settings */ = {
			isa = PBXGroup;
			children = (
				5FE9C1DD357179B18F33DD7C /* FolderWatchView.swift */,
				F701EDCDE2BB625656606A03 /* SettingsView.swift */,
			);
			path = Settings;
			sourceTree = "<group>";
		};
		F1BE95C159C6821B95663D5C /* VoxglassUITests */ = {
			isa = PBXGroup;
			children = (
				CF19A4F59CA3110F4B87D5B4 /* VoxglassUITests.swift */,
			);
			path = VoxglassUITests;
			sourceTree = "<group>";
		};
		F7EF5EDAB0E5DBEA3523BBFE /* Voxglass */ = {
			isa = PBXGroup;
			children = (
				BEF7A9B354634A76C29CF7BD /* App */,
				64C3F8F8FCD8175BB6BA6CB7 /* DesignSystem */,
				FF3D079D61486F8A56FD39FF /* Features */,
				D76B64495A1ADA48FF3A1394 /* Resources */,
			);
			path = Voxglass;
			sourceTree = "<group>";
		};
		FF3D079D61486F8A56FD39FF /* Features */ = {
			isa = PBXGroup;
			children = (
				558B88315E87649350BF1F1A /* Chrome */,
				97D8E1CF44DA8E5536673DBB /* Discover */,
				4FF87AFE93B4D9DF1F64B844 /* Library */,
				2FD1F66FADFA63C33D73FE19 /* Listen */,
				70B91E13A8CC39B4EE6D6CBE /* Onboarding */,
				5B7931E9F13221B79BA0FBA4 /* Player */,
				CDF941A7C9627F312E5FBE96 /* Search */,
				EF682B4AD94F2E2E912091D4 /* Settings */,
				74DA67EFC0C916E05E5F0633 /* Stats */,
			);
			path = Features;
			sourceTree = "<group>";
		};
/* End PBXGroup section */

/* Begin PBXNativeTarget section */
		3B8880C71EB76B457C2934CE /* VoxglassUITests */ = {
			isa = PBXNativeTarget;
			buildConfigurationList = 07ADB34AF3B7FBF0A72A444D /* Build configuration list for PBXNativeTarget "VoxglassUITests" */;
			buildPhases = (
				ACADA05FCB1AEFA97EAF768F /* Sources */,
			);
			buildRules = (
			);
			dependencies = (
				2BDEA0011411BB37D715B79C /* PBXTargetDependency */,
			);
			name = VoxglassUITests;
			packageProductDependencies = (
			);
			productName = VoxglassUITests;
			productReference = 502C6F0D6AB044871EE800C9 /* VoxglassUITests.xctest */;
			productType = "com.apple.product-type.bundle.ui-testing";
		};
		66284DBA90AC39B124263951 /* Voxglass */ = {
			isa = PBXNativeTarget;
			buildConfigurationList = 2E32793A1CF978D956C91D25 /* Build configuration list for PBXNativeTarget "Voxglass" */;
			buildPhases = (
				AE89C599189D2D3B17C840A7 /* Sources */,
				0FCE836649D97CE047B56E0B /* Resources */,
				BF91174CF3CF8623979C3588 /* Frameworks */,
			);
			buildRules = (
			);
			dependencies = (
			);
			name = Voxglass;
			packageProductDependencies = (
				2CAA5CA27C7FB6ED43B55A2A /* VoxglassCore */,
			);
			productName = Voxglass;
			productReference = B5D32B1ADBD5E2A825589454 /* Voxglass.app */;
			productType = "com.apple.product-type.application";
		};
		CA2AB979DA67E0AF8133D1BE /* VoxglassCarPlaySmokeTests */ = {
			isa = PBXNativeTarget;
			buildConfigurationList = 3AC26F685B9AD260CF53ADA4 /* Build configuration list for PBXNativeTarget "VoxglassCarPlaySmokeTests" */;
			buildPhases = (
				09EEEBCD93B24C0212F920D7 /* Sources */,
			);
			buildRules = (
			);
			dependencies = (
				54AEEB2798C5A97E482AAA09 /* PBXTargetDependency */,
			);
			name = VoxglassCarPlaySmokeTests;
			packageProductDependencies = (
			);
			productName = VoxglassCarPlaySmokeTests;
			productReference = F9C1AC88D4122B2F6085A567 /* VoxglassCarPlaySmokeTests.xctest */;
			productType = "com.apple.product-type.bundle.unit-test";
		};
/* End PBXNativeTarget section */

/* Begin PBXProject section */
		8A93FEDC260681E1ACBD4811 /* Project object */ = {
			isa = PBXProject;
			attributes = {
				BuildIndependentTargetsInParallel = YES;
				LastUpgradeCheck = 1430;
				TargetAttributes = {
					3B8880C71EB76B457C2934CE = {
						TestTargetID = 66284DBA90AC39B124263951;
					};
				};
			};
			buildConfigurationList = 3BC5B986E96CBEC15B924BDA /* Build configuration list for PBXProject "Voxglass" */;
			developmentRegion = en;
			hasScannedForEncodings = 0;
			knownRegions = (
				Base,
				en,
			);
			mainGroup = A8CDFF63283253FCE1DB2B33;
			minimizedProjectReferenceProxies = 1;
			packageReferences = (
				620520AC8F752923B71E97DA /* XCLocalSwiftPackageReference "." */,
			);
			preferredProjectObjectVersion = 77;
			productRefGroup = 796B34DD940E8756362344DD /* Products */;
			projectDirPath = "";
			projectRoot = "";
			targets = (
				66284DBA90AC39B124263951 /* Voxglass */,
				CA2AB979DA67E0AF8133D1BE /* VoxglassCarPlaySmokeTests */,
				3B8880C71EB76B457C2934CE /* VoxglassUITests */,
			);
		};
/* End PBXProject section */

/* Begin PBXResourcesBuildPhase section */
		0FCE836649D97CE047B56E0B /* Resources */ = {
			isa = PBXResourcesBuildPhase;
			buildActionMask = 2147483647;
			files = (
				992D6E0AD8E875B135D7C2B2 /* 0_sense_and_sensibility_librivox.jpg in Resources */,
				2ECFF65697F24826FB305EC7 /* 12_creepytales_1206_librivox.jpg in Resources */,
				9153C0963F9A39A8E0BCB7D8 /* 1601_0903_librivox.jpg in Resources */,
				00FFA880CAA14A1624EC1369 /* 1891_collection_bt_librivox.jpg in Resources */,
				B5C1B726B44A7670CE399BD3 /* 2br02b_0801_librivox.jpg in Resources */,
				E3992AD6F8D76143C3113AC4 /* 8thanniversary_1308_librivox.jpg in Resources */,
				6E1AF6876C0B03D2CD4E4D3F /* Artwork in Resources */,
				3D1FDC4720D46F3585E91D38 /* Assets.xcassets in Resources */,
				4487DE27D4F87CDA5EA2ADE6 /* adventures_holmes.jpg in Resources */,
				0193ADEF7F113C634D383390 /* adventures_pinocchio_librivox.jpg in Resources */,
				E901958E0908742189778915 /* adventures_sherlock_holmes_rg_librivox.jpg in Resources */,
				AC1124DB69A7968A686B5B2B /* adventures_sherlockholmes_1007_librivox.jpg in Resources */,
				DC6B72ED93D4BFF69B8FAE39 /* adventuressherlockholmes_v4_1501_librivox.jpg in Resources */,
				18EA1BDFC93497E116D5894B /* aesop_fables_volume_one_librivox.jpg in Resources */,
				1F2214CAAE5156BF5F35B2EB /* alexander_great_ld_librivox.jpg in Resources */,
				FAEED9612801C3FEF3D2B012 /* alice_in_wonderland_librivox.jpg in Resources */,
				CD5F9F386CBBD79CE6BB523B /* alice_wonderland_0711_librivox.jpg in Resources */,
				E2C8D782C3327D8BF72024C1 /* aliceinwonderland_1102_librivox.jpg in Resources */,
				9E60B177F487CA22A0E624CD /* alices_adventures_1003.jpg in Resources */,
				3D6AA56B17B1960C63A6EED3 /* amateur_cracksman_librivox.jpg in Resources */,
				4FBFE6080E5B038FB49A075F /* american_indian_tales_librivox.jpg in Resources */,
				C377A5DA921F3AB7A15B0623 /* andersens_fairytales_librivox.jpg in Resources */,
				B8BBDD56E99C8F49BF022ED2 /* andersensfairy_1307_librivox.jpg in Resources */,
				E100E5781AEDC9CCCAAF6591 /* anne_greengables_librivox.jpg in Resources */,
				268DF6E92D1B683B9DADBACB /* anne_of_green_gables_librivox.jpg in Resources */,
				D4B0153F00DDC12926F54F68 /* anthem_librivox.jpg in Resources */,
				AE5B001CD7F7BA60DD0906B6 /* art_of_war_librivox.jpg in Resources */,
				F16486C499C074C1BD162E69 /* art_war_ps_librivox.jpg in Resources */,
				DCFB366F5A6ECB6E93EF1975 /* as_a_man_thinketh_mc_librivox.jpg in Resources */,
				EDB300C4A7377465825DD0FD /* being_earnest_librivox.jpg in Resources */,
				E1B096990A496FE129064B13 /* beowulf.jpg in Resources */,
				EE6FA7528D506E13F9CB5EDF /* beowulf_te_librivox.jpg in Resources */,
				18E7B50A58D8BFD5CE5D1678 /* bequest_jg_librivox.jpg in Resources */,
				E15B7A5B7A46F145F9CA8085 /* beyond_good_and_evil_librivox.jpg in Resources */,
				75810BB899444BBC01A8DE44 /* bleak_house_cl_librivox.jpg in Resources */,
				65921983DD70A9C16EA07F0D /* call_of_the_wild.jpg in Resources */,
				95593DEA589E20BFC4BD27CC /* city_worlds_end_1203_librivox.jpg in Resources */,
				284A622C4B69B7ADE7400D31 /* count_monte_cristo_0711_librivox.jpg in Resources */,
				3D51A4C34568B7ACF13475CB /* count_montecristo_1308_librivox.jpg in Resources */,
				EA87C7DD9E014742C21AAC4E /* divine_comedy_librivox.jpg in Resources */,
				B5044C8C821474568F3CEC5A /* don_quijote_vol1_0706_librivox.jpg in Resources */,
				C8DB058328B566CB1C27B916 /* dracula_1006_librivox.jpg in Resources */,
				4F9734E15B290167D559E92C /* dracula_librivox.jpg in Resources */,
				716150C3153D5655183A373A /* emma_solo_librivox.jpg in Resources */,
				696C1A68A6B01A3EAF5C5DF2 /* english_fairy_tales_joy_librivox.jpg in Resources */,
				78139811FE554CA0D246DFF2 /* fabulas_esopo_01_librivox.jpg in Resources */,
				60C8E2CAACAC8AD0AB92EE61 /* fabulas_esopo_02_librivox.jpg in Resources */,
				E92CA2053F02F500942EC9EA /* fanny_hill_librivox.jpg in Resources */,
				33A6B19C8EBABB66672DC421 /* frankenstein_shelley.jpg in Resources */,
				5D629DB586AFD196EA102F07 /* franklin_autobio_gg_librivox.jpg in Resources */,
				EBBA38A8BD1FF03BC3B6075F /* game_of_life_0911_librivox.jpg in Resources */,
				BF255B1A764B81A930682ACE /* ghost_stories_001_librivox.jpg in Resources */,
				323FC310455784916E1AF8A3 /* girl_boat_1109_librivox.jpg in Resources */,
				CFFA9AD88269992EB457F35D /* gods_of_mars_librivox.jpg in Resources */,
				C45EF208CB11E140103D4FDC /* great_expectations_mfs_0812_librivox.jpg in Resources */,
				D9C5A27596CF22D787186AA3 /* grimm_fairy_tales_1202_librivox.jpg in Resources */,
				EC84E2D501613E566FB213A4 /* grimms_english_librivox.jpg in Resources */,
				783C0D14EC5B067148C6A7CB /* gulliver_ld_librivox.jpg in Resources */,
				E6D16B14A78484C5D7A0CC3D /* heart_of_darkness.jpg in Resources */,
				F599D1C5F53B2038A34866A0 /* huck_finn_librivox.jpg in Resources */,
				1E9E22FDF4FA05CAF8C5F093 /* huckleberry_mfs_librivox.jpg in Resources */,
				A8326B77796D17017BEAB22F /* invisible_man_librivox.jpg in Resources */,
				0D3F295710800448EA89B3C6 /* jane_eyre_librivox.jpg in Resources */,
				AE794233D23294F8810AEE06 /* jane_eyre_ver03_0809_librivox.jpg in Resources */,
				3FEEE5663792C3026722EDE7 /* king_solomon_librivox.jpg in Resources */,
				87C6F8B5E53454E96DBE3BCA /* les_mis_vol01_0810_librivox.jpg in Resources */,
				D7CFA5E82C5553B238AC6C14 /* letters_brides_0709_librivox.jpg in Resources */,
				CA2AF75687570E66B1AD5EB6 /* little_princess_krs.jpg in Resources */,
				4EAD6C535B3D4960C95229C4 /* love_freindship_cs_librivox.jpg in Resources */,
				A8039C05A7EE2675DB47287A /* manifest.json in Resources */,
				CF5B708D0222E8900BB02D3D /* memoirs_holmes_0709_librivox.jpg in Resources */,
				41BBB220E6190D73AFE7348C /* moby_dick_librivox.jpg in Resources */,
				8B8EE3584FA8FB99E93666D0 /* mysterious_island_ms_librivox.jpg in Resources */,
				27807277577DFEC0FE17EAB4 /* odyssey_butler_librivox.jpg in Resources */,
				2BF42FAECA7D703D09AD3BE2 /* penguin_island_ms_librivox.jpg in Resources */,
				92DA452F703F3B8154D93E0A /* peter_pan_0707_librivox.jpg in Resources */,
				1C9BB8A3AAEB51D15FE43271 /* pride_and_prejudice_librivox.jpg in Resources */,
				4066ABDD4010CF0B8FCAAD2B /* pride_prejudice_krs_librivox.jpg in Resources */,
				EA90CB84AE0EA716EDC2A2AE /* prideandprejudice_1005_librivox.jpg in Resources */,
				C08F1BF6F2BCCA269841F188 /* prince_librivox.jpg in Resources */,
				256E7C55F8DC198BDA19F19A /* railway_children_librivox.jpg in Resources */,
				8A8B968AE4222A958541D20F /* reluctant_dragon_librivox.jpg in Resources */,
				B329B42E0CA9E0B40B1BEAD1 /* return_holmes_0708_librivox.jpg in Resources */,
				75B0E1176DA5EF700CDAABAA /* robinson_crusoe_librivox.jpg in Resources */,
				D4505117C8D75D481294269A /* romeo_and_juliet_librivox.jpg in Resources */,
				EF62083B62F11B17FD2FC568 /* romeoandjuliet_ss_0901_librivox.jpg in Resources */,
				47FC57EF16AEBEFBB18870CB /* science_gettingrich_1005_librivox.jpg in Resources */,
				8F385E9F8DA031A3C2E31D6C /* secret_garden_librivox.jpg in Resources */,
				F0744E21205AC379C0C239BC /* secret_garden_version2_librivox.jpg in Resources */,
				6539622E0D5E728F474586F8 /* sense_sensibility_ver3_ek.jpg in Resources */,
				3AFC314231FBC67DF480EFA5 /* solo_pride_librivox.jpg in Resources */,
				8D2D7F580BB053F16527B3DC /* swiss_family_robinson_librivox.jpg in Resources */,
				98806F3F21F08D77BCBF6FB9 /* tale_two_cities_librivox.jpg in Resources */,
				4316D94382F1DD709A02C4F0 /* terror_mystery_0707_librivox.jpg in Resources */,
				C24768CA7E4D6F07840FB9FF /* timemachine_sjm_librivox.jpg in Resources */,
				EE755BF7DB2368D8071BD6EA /* tom_sawyer_librivox.jpg in Resources */,
				D6EBA1E5E52AAFBE5FA87BD7 /* treasure_island_ap_librivox.jpg in Resources */,
				13F549B7F9C14C1BE46E77AD /* uncle_toms_cabin_librivox.jpg in Resources */,
				E80388EE0E7634877EFFDDA4 /* walden_librivox.jpg in Resources */,
				7B13FCB97794AC8C13DD0BCF /* war_worlds_solo_librivox.jpg in Resources */,
				C2E58CF0D325808D06BA604B /* wizard_of_oz.jpg in Resources */,
				DFA86D6BC6433C4BB2C6F36D /* wuthering_heights_rg_librivox.jpg in Resources */,
				8645A692BC33932A36BAB264 /* your_invisible_power_2104_librivox.jpg in Resources */,
			);
			runOnlyForDeploymentPostprocessing = 0;
		};
/* End PBXResourcesBuildPhase section */

/* Begin PBXSourcesBuildPhase section */
		09EEEBCD93B24C0212F920D7 /* Sources */ = {
			isa = PBXSourcesBuildPhase;
			buildActionMask = 2147483647;
			files = (
				1B52422CCE8FEB8DD8971758 /* VoxglassCarPlaySmokeTests.swift in Sources */,
			);
			runOnlyForDeploymentPostprocessing = 0;
		};
		ACADA05FCB1AEFA97EAF768F /* Sources */ = {
			isa = PBXSourcesBuildPhase;
			buildActionMask = 2147483647;
			files = (
				9A64C2D2E69FD9609615B505 /* VoxglassUITests.swift in Sources */,
			);
			runOnlyForDeploymentPostprocessing = 0;
		};
		AE89C599189D2D3B17C840A7 /* Sources */ = {
			isa = PBXSourcesBuildPhase;
			buildActionMask = 2147483647;
			files = (
				5E3A2634A58DF800FBC119D0 /* AVPlayerAudioEngine.swift in Sources */,
				7D9C2E22E6DF8072E4EA774F /* AdaptiveGlass.swift in Sources */,
				32CAAABEAB686600BB671219 /* AnimatedSplashView.swift in Sources */,
				F6D05FC8D3665660DD1D83B2 /* AppServices.swift in Sources */,
				6D1F2947C9F08205C5A4C991 /* ArtworkService.swift in Sources */,
				293A63007EB15E38F0842E29 /* BookArtworkView.swift in Sources */,
				DF6106903BF99273FF49A92B /* BookDetailView.swift in Sources */,
				D8702B14A8C9B66FDD4A525A /* BookRowView.swift in Sources */,
				40C82A08A418FC46B5922DD6 /* BookmarksView.swift in Sources */,
				7C236517C4D8F6F2324A4CBF /* BundledArtworkProvider.swift in Sources */,
				122D306D12B4C977190D2C17 /* CarPlayActionDispatcher.swift in Sources */,
				5133DE23448FC0452273DBB3 /* CarPlayInterfaceController.swift in Sources */,
				FEF3BF29C0D7D988199CA1E8 /* CarPlayNowPlayingConfigurator.swift in Sources */,
				79935A2261A23D4B387A6083 /* CarPlaySceneDelegate.swift in Sources */,
				F14C7CF0EA99F6CF748CF52A /* CarPlayTemplateRenderer.swift in Sources */,
				917FC5B3C23CF26B23C9B79F /* CatalogDiscoveryView.swift in Sources */,
				D1DB078A196600B28D4BD877 /* DiscoverView.swift in Sources */,
				6CDE07AD83D42675CA6333C4 /* EQView.swift in Sources */,
				754A7A41F77C785EFA367369 /* FolderWatchView.swift in Sources */,
				8A1CD38DD828054566ABEF1C /* GlassDock.swift in Sources */,
				F4EB3C305249C34FE7D0EE3F /* LibraryView.swift in Sources */,
				A1A49A4770F9A81018DA901C /* ListenView.swift in Sources */,
				4E85D43B3AC0834F16B06791 /* ListeningStatsView.swift in Sources */,
				68712C04A349BE64077A817A /* MiniPlayerView.swift in Sources */,
				D0F69ED260C9A1B0D138789B /* NowPlayingView.swift in Sources */,
				CA61D150C3E12F06FB56A257 /* OnboardingPreferencesView.swift in Sources */,
				307531D63A9AD0EB05D94E43 /* PlaylistsView.swift in Sources */,
				10A6A4A2FD59778AC73503B0 /* RootView.swift in Sources */,
				EB56E7CCC961186FDBB57669 /* ScaledFontModifier.swift in Sources */,
				5F0DF26D3A418D5EA6C2BEB9 /* SearchView.swift in Sources */,
				A720762200E37ED3E6C1B405 /* SettingsView.swift in Sources */,
				134B624097E3351CD2CBA06A /* SkipSymbol.swift in Sources */,
				DF3D0923DF3DD5A7465F7EF8 /* SplashView.swift in Sources */,
				A2EA425AAC92703C91129FF2 /* SystemPlaybackBridge.swift in Sources */,
				7EDA8C0947120EFD4B3F116B /* TimeFormatting.swift in Sources */,
				146A11873D483EDE4293F89F /* VoxglassApp.swift in Sources */,
				EFF52894E7D8920360E5F5F9 /* VoxglassComponents.swift in Sources */,
				713811C821F808FF77A38F59 /* VoxglassTheme.swift in Sources */,
			);
			runOnlyForDeploymentPostprocessing = 0;
		};
/* End PBXSourcesBuildPhase section */

/* Begin PBXTargetDependency section */
		2BDEA0011411BB37D715B79C /* PBXTargetDependency */ = {
			isa = PBXTargetDependency;
			target = 66284DBA90AC39B124263951 /* Voxglass */;
			targetProxy = 01B09C050391F366D5A68F49 /* PBXContainerItemProxy */;
		};
		54AEEB2798C5A97E482AAA09 /* PBXTargetDependency */ = {
			isa = PBXTargetDependency;
			target = 66284DBA90AC39B124263951 /* Voxglass */;
			targetProxy = 5D44F3BB7C258632BECB468F /* PBXContainerItemProxy */;
		};
/* End PBXTargetDependency section */

/* Begin XCBuildConfiguration section */
		1731E3840B3EFBB7EA042112 /* Debug */ = {
			isa = XCBuildConfiguration;
			buildSettings = {
				ASSETCATALOG_COMPILER_APPICON_NAME = AppIcon;
				ASSETCATALOG_COMPILER_GLOBAL_ACCENT_COLOR_NAME = AccentColor;
				CODE_SIGN_ENTITLEMENTS = Voxglass/Resources/Voxglass.entitlements;
				CODE_SIGN_IDENTITY = "iPhone Developer";
				CODE_SIGN_STYLE = Automatic;
				INFOPLIST_FILE = Voxglass/Resources/Info.plist;
				LD_RUNPATH_SEARCH_PATHS = (
					"$(inherited)",
					"@executable_path/Frameworks",
				);
				PRODUCT_BUNDLE_IDENTIFIER = guru.parso.voxglass;
				PRODUCT_NAME = Voxglass;
				SDKROOT = iphoneos;
				TARGETED_DEVICE_FAMILY = "1,2";
			};
			name = Debug;
		};
		1FDB77CA7A6BE058F6E48AB2 /* Debug */ = {
			isa = XCBuildConfiguration;
			buildSettings = {
				BUNDLE_LOADER = "$(TEST_HOST)";
				CODE_SIGNING_ALLOWED = NO;
				LD_RUNPATH_SEARCH_PATHS = (
					"$(inherited)",
					"@executable_path/Frameworks",
					"@loader_path/Frameworks",
				);
				PRODUCT_BUNDLE_IDENTIFIER = guru.parso.voxglass.carplaysmoke;
				SDKROOT = iphoneos;
				TARGETED_DEVICE_FAMILY = "1,2";
				TEST_HOST = "$(BUILT_PRODUCTS_DIR)/Voxglass.app/Voxglass";
			};
			name = Debug;
		};
		44729A84287263FDF743B9B8 /* Debug */ = {
			isa = XCBuildConfiguration;
			buildSettings = {
				ALWAYS_SEARCH_USER_PATHS = NO;
				CLANG_ANALYZER_LOCALIZABILITY_NONLOCALIZED = YES;
				CLANG_ANALYZER_NONNULL = YES;
				CLANG_ANALYZER_NUMBER_OBJECT_CONVERSION = YES_AGGRESSIVE;
				CLANG_CXX_LANGUAGE_STANDARD = "gnu++14";
				CLANG_CXX_LIBRARY = "libc++";
				CLANG_ENABLE_MODULES = YES;
				CLANG_ENABLE_OBJC_ARC = YES;
				CLANG_ENABLE_OBJC_WEAK = YES;
				CLANG_WARN_BLOCK_CAPTURE_AUTORELEASING = YES;
				CLANG_WARN_BOOL_CONVERSION = YES;
				CLANG_WARN_COMMA = YES;
				CLANG_WARN_CONSTANT_CONVERSION = YES;
				CLANG_WARN_DEPRECATED_OBJC_IMPLEMENTATIONS = YES;
				CLANG_WARN_DIRECT_OBJC_ISA_USAGE = YES_ERROR;
				CLANG_WARN_DOCUMENTATION_COMMENTS = YES;
				CLANG_WARN_EMPTY_BODY = YES;
				CLANG_WARN_ENUM_CONVERSION = YES;
				CLANG_WARN_INFINITE_RECURSION = YES;
				CLANG_WARN_INT_CONVERSION = YES;
				CLANG_WARN_NON_LITERAL_NULL_CONVERSION = YES;
				CLANG_WARN_OBJC_IMPLICIT_RETAIN_SELF = YES;
				CLANG_WARN_OBJC_LITERAL_CONVERSION = YES;
				CLANG_WARN_OBJC_ROOT_CLASS = YES_ERROR;
				CLANG_WARN_QUOTED_INCLUDE_IN_FRAMEWORK_HEADER = YES;
				CLANG_WARN_RANGE_LOOP_ANALYSIS = YES;
				CLANG_WARN_STRICT_PROTOTYPES = YES;
				CLANG_WARN_SUSPICIOUS_MOVE = YES;
				CLANG_WARN_UNGUARDED_AVAILABILITY = YES_AGGRESSIVE;
				CLANG_WARN_UNREACHABLE_CODE = YES;
				CLANG_WARN__DUPLICATE_METHOD_MATCH = YES;
				COPY_PHASE_STRIP = NO;
				CURRENT_PROJECT_VERSION = 52;
				DEBUG_INFORMATION_FORMAT = dwarf;
				ENABLE_STRICT_OBJC_MSGSEND = YES;
				ENABLE_TESTABILITY = YES;
				ENABLE_USER_SCRIPT_SANDBOXING = YES;
				GCC_C_LANGUAGE_STANDARD = gnu11;
				GCC_DYNAMIC_NO_PIC = NO;
				GCC_NO_COMMON_BLOCKS = YES;
				GCC_OPTIMIZATION_LEVEL = 0;
				GCC_PREPROCESSOR_DEFINITIONS = (
					"$(inherited)",
					"DEBUG=1",
				);
				GCC_WARN_64_TO_32_BIT_CONVERSION = YES;
				GCC_WARN_ABOUT_RETURN_TYPE = YES_ERROR;
				GCC_WARN_UNDECLARED_SELECTOR = YES;
				GCC_WARN_UNINITIALIZED_AUTOS = YES_AGGRESSIVE;
				GCC_WARN_UNUSED_FUNCTION = YES;
				GCC_WARN_UNUSED_VARIABLE = YES;
				IPHONEOS_DEPLOYMENT_TARGET = 17.0;
				MARKETING_VERSION = 1.1;
				MTL_ENABLE_DEBUG_INFO = INCLUDE_SOURCE;
				MTL_FAST_MATH = YES;
				ONLY_ACTIVE_ARCH = YES;
				PRODUCT_NAME = "$(TARGET_NAME)";
				SDKROOT = iphoneos;
				SWIFT_ACTIVE_COMPILATION_CONDITIONS = DEBUG;
				SWIFT_OPTIMIZATION_LEVEL = "-Onone";
				SWIFT_VERSION = 5.0;
			};
			name = Debug;
		};
		7C67789B8FE29E30DBBF5FCC /* Release */ = {
			isa = XCBuildConfiguration;
			buildSettings = {
				BUNDLE_LOADER = "$(TEST_HOST)";
				CODE_SIGNING_ALLOWED = NO;
				LD_RUNPATH_SEARCH_PATHS = (
					"$(inherited)",
					"@executable_path/Frameworks",
					"@loader_path/Frameworks",
				);
				PRODUCT_BUNDLE_IDENTIFIER = guru.parso.voxglass.uitests;
				SDKROOT = iphoneos;
				TARGETED_DEVICE_FAMILY = "1,2";
				TEST_TARGET_NAME = Voxglass;
			};
			name = Release;
		};
		CDAF9B2B198BB85ACE26E23F /* Release */ = {
			isa = XCBuildConfiguration;
			buildSettings = {
				ASSETCATALOG_COMPILER_APPICON_NAME = AppIcon;
				ASSETCATALOG_COMPILER_GLOBAL_ACCENT_COLOR_NAME = AccentColor;
				CODE_SIGN_ENTITLEMENTS = Voxglass/Resources/Voxglass.entitlements;
				CODE_SIGN_IDENTITY = "Apple Distribution";
				CODE_SIGN_STYLE = Manual;
				INFOPLIST_FILE = Voxglass/Resources/Info.plist;
				LD_RUNPATH_SEARCH_PATHS = (
					"$(inherited)",
					"@executable_path/Frameworks",
				);
				PRODUCT_BUNDLE_IDENTIFIER = guru.parso.voxglass;
				PRODUCT_NAME = Voxglass;
				PROVISIONING_PROFILE_SPECIFIER = "Parso Voxglass App Store";
				SDKROOT = iphoneos;
				TARGETED_DEVICE_FAMILY = "1,2";
			};
			name = Release;
		};
		DD9F8B5614D40897FE0A47B5 /* Debug */ = {
			isa = XCBuildConfiguration;
			buildSettings = {
				BUNDLE_LOADER = "$(TEST_HOST)";
				CODE_SIGNING_ALLOWED = NO;
				LD_RUNPATH_SEARCH_PATHS = (
					"$(inherited)",
					"@executable_path/Frameworks",
					"@loader_path/Frameworks",
				);
				PRODUCT_BUNDLE_IDENTIFIER = guru.parso.voxglass.uitests;
				SDKROOT = iphoneos;
				TARGETED_DEVICE_FAMILY = "1,2";
				TEST_TARGET_NAME = Voxglass;
			};
			name = Debug;
		};
		F49664EA32372643CE3CB4F8 /* Release */ = {
			isa = XCBuildConfiguration;
			buildSettings = {
				BUNDLE_LOADER = "$(TEST_HOST)";
				CODE_SIGNING_ALLOWED = NO;
				LD_RUNPATH_SEARCH_PATHS = (
					"$(inherited)",
					"@executable_path/Frameworks",
					"@loader_path/Frameworks",
				);
				PRODUCT_BUNDLE_IDENTIFIER = guru.parso.voxglass.carplaysmoke;
				SDKROOT = iphoneos;
				TARGETED_DEVICE_FAMILY = "1,2";
				TEST_HOST = "$(BUILT_PRODUCTS_DIR)/Voxglass.app/Voxglass";
			};
			name = Release;
		};
		F9D8EA1413BA3903977FBB9F /* Release */ = {
			isa = XCBuildConfiguration;
			buildSettings = {
				ALWAYS_SEARCH_USER_PATHS = NO;
				CLANG_ANALYZER_LOCALIZABILITY_NONLOCALIZED = YES;
				CLANG_ANALYZER_NONNULL = YES;
				CLANG_ANALYZER_NUMBER_OBJECT_CONVERSION = YES_AGGRESSIVE;
				CLANG_CXX_LANGUAGE_STANDARD = "gnu++14";
				CLANG_CXX_LIBRARY = "libc++";
				CLANG_ENABLE_MODULES = YES;
				CLANG_ENABLE_OBJC_ARC = YES;
				CLANG_ENABLE_OBJC_WEAK = YES;
				CLANG_WARN_BLOCK_CAPTURE_AUTORELEASING = YES;
				CLANG_WARN_BOOL_CONVERSION = YES;
				CLANG_WARN_COMMA = YES;
				CLANG_WARN_CONSTANT_CONVERSION = YES;
				CLANG_WARN_DEPRECATED_OBJC_IMPLEMENTATIONS = YES;
				CLANG_WARN_DIRECT_OBJC_ISA_USAGE = YES_ERROR;
				CLANG_WARN_DOCUMENTATION_COMMENTS = YES;
				CLANG_WARN_EMPTY_BODY = YES;
				CLANG_WARN_ENUM_CONVERSION = YES;
				CLANG_WARN_INFINITE_RECURSION = YES;
				CLANG_WARN_INT_CONVERSION = YES;
				CLANG_WARN_NON_LITERAL_NULL_CONVERSION = YES;
				CLANG_WARN_OBJC_IMPLICIT_RETAIN_SELF = YES;
				CLANG_WARN_OBJC_LITERAL_CONVERSION = YES;
				CLANG_WARN_OBJC_ROOT_CLASS = YES_ERROR;
				CLANG_WARN_QUOTED_INCLUDE_IN_FRAMEWORK_HEADER = YES;
				CLANG_WARN_RANGE_LOOP_ANALYSIS = YES;
				CLANG_WARN_STRICT_PROTOTYPES = YES;
				CLANG_WARN_SUSPICIOUS_MOVE = YES;
				CLANG_WARN_UNGUARDED_AVAILABILITY = YES_AGGRESSIVE;
				CLANG_WARN_UNREACHABLE_CODE = YES;
				CLANG_WARN__DUPLICATE_METHOD_MATCH = YES;
				COPY_PHASE_STRIP = NO;
				CURRENT_PROJECT_VERSION = 52;
				DEBUG_INFORMATION_FORMAT = "dwarf-with-dsym";
				ENABLE_NS_ASSERTIONS = NO;
				ENABLE_STRICT_OBJC_MSGSEND = YES;
				ENABLE_USER_SCRIPT_SANDBOXING = YES;
				GCC_C_LANGUAGE_STANDARD = gnu11;
				GCC_NO_COMMON_BLOCKS = YES;
				GCC_WARN_64_TO_32_BIT_CONVERSION = YES;
				GCC_WARN_ABOUT_RETURN_TYPE = YES_ERROR;
				GCC_WARN_UNDECLARED_SELECTOR = YES;
				GCC_WARN_UNINITIALIZED_AUTOS = YES_AGGRESSIVE;
				GCC_WARN_UNUSED_FUNCTION = YES;
				GCC_WARN_UNUSED_VARIABLE = YES;
				IPHONEOS_DEPLOYMENT_TARGET = 17.0;
				MARKETING_VERSION = 1.1;
				MTL_ENABLE_DEBUG_INFO = NO;
				MTL_FAST_MATH = YES;
				PRODUCT_NAME = "$(TARGET_NAME)";
				SDKROOT = iphoneos;
				SWIFT_COMPILATION_MODE = wholemodule;
				SWIFT_OPTIMIZATION_LEVEL = "-O";
				SWIFT_VERSION = 5.0;
			};
			name = Release;
		};
/* End XCBuildConfiguration section */

/* Begin XCConfigurationList section */
		07ADB34AF3B7FBF0A72A444D /* Build configuration list for PBXNativeTarget "VoxglassUITests" */ = {
			isa = XCConfigurationList;
			buildConfigurations = (
				DD9F8B5614D40897FE0A47B5 /* Debug */,
				7C67789B8FE29E30DBBF5FCC /* Release */,
			);
			defaultConfigurationIsVisible = 0;
			defaultConfigurationName = Debug;
		};
		2E32793A1CF978D956C91D25 /* Build configuration list for PBXNativeTarget "Voxglass" */ = {
			isa = XCConfigurationList;
			buildConfigurations = (
				1731E3840B3EFBB7EA042112 /* Debug */,
				CDAF9B2B198BB85ACE26E23F /* Release */,
			);
			defaultConfigurationIsVisible = 0;
			defaultConfigurationName = Debug;
		};
		3AC26F685B9AD260CF53ADA4 /* Build configuration list for PBXNativeTarget "VoxglassCarPlaySmokeTests" */ = {
			isa = XCConfigurationList;
			buildConfigurations = (
				1FDB77CA7A6BE058F6E48AB2 /* Debug */,
				F49664EA32372643CE3CB4F8 /* Release */,
			);
			defaultConfigurationIsVisible = 0;
			defaultConfigurationName = Debug;
		};
		3BC5B986E96CBEC15B924BDA /* Build configuration list for PBXProject "Voxglass" */ = {
			isa = XCConfigurationList;
			buildConfigurations = (
				44729A84287263FDF743B9B8 /* Debug */,
				F9D8EA1413BA3903977FBB9F /* Release */,
			);
			defaultConfigurationIsVisible = 0;
			defaultConfigurationName = Debug;
		};
/* End XCConfigurationList section */

/* Begin XCLocalSwiftPackageReference section */
		620520AC8F752923B71E97DA /* XCLocalSwiftPackageReference "." */ = {
			isa = XCLocalSwiftPackageReference;
			relativePath = .;
		};
/* End XCLocalSwiftPackageReference section */

/* Begin XCSwiftPackageProductDependency section */
		2CAA5CA27C7FB6ED43B55A2A /* VoxglassCore */ = {
			isa = XCSwiftPackageProductDependency;
			productName = VoxglassCore;
		};
/* End XCSwiftPackageProductDependency section */
	};
	rootObject = 8A93FEDC260681E1ACBD4811 /* Project object */;
}
