{
  "originHash" : "c579093434f71f645ac103bd3355ed01b6c2185199e39a4e460a954f45aa9e71",
  "pins" : [
    {
      "identity" : "parso-audio-engine",
      "kind" : "remoteSourceControl",
      "location" : "https://github.com/johnarleyburns/parso-audio-engine.git",
      "state" : {
        "revision" : "05508f82627f503233647a21c206ad5a7498c5ce",
        "version" : "1.2.2"
      }
    }
  ],
  "version" : 3
}
